// !$*UTF8*$!
{
	archiveVersion = 1;
	classes = {
	};
	objectVersion = 46;
	objects = {

/* Begin PBXBuildFile section */
		BA4E67371B3D53E5001C9DD1 /* BKHotController.m in Sources */ = {isa = PBXBuildFile; fileRef = BA4E67341B3D53E5001C9DD1 /* BKHotController.m */; };
		BA4E67411B3D53EE001C9DD1 /* BKHotResponse.m in Sources */ = {isa = PBXBuildFile; fileRef = BA4E673C1B3D53EE001C9DD1 /* BKHotResponse.m */; };
		BA4E67421B3D53EE001C9DD1 /* BKHotTypeModel.m in Sources */ = {isa = PBXBuildFile; fileRef = BA4E673E1B3D53EE001C9DD1 /* BKHotTypeModel.m */; };
		BA4E67431B3D53EE001C9DD1 /* BKOneHotModel.m in Sources */ = {isa = PBXBuildFile; fileRef = BA4E67401B3D53EE001C9DD1 /* BKOneHotModel.m */; };
		BA4E674A1B3D53F4001C9DD1 /* BKHotCell.m in Sources */ = {isa = PBXBuildFile; fileRef = BA4E67471B3D53F4001C9DD1 /* BKHotCell.m */; };
		BA4E674B1B3D53F4001C9DD1 /* BKSectionHeaderView.m in Sources */ = {isa = PBXBuildFile; fileRef = BA4E67491B3D53F4001C9DD1 /* BKSectionHeaderView.m */; };
		BA4E674E1B3D5420001C9DD1 /* BKHotDetailController.m in Sources */ = {isa = PBXBuildFile; fileRef = BA4E674D1B3D5420001C9DD1 /* BKHotDetailController.m */; };
		BA4E67511B3D551A001C9DD1 /* BKOneHotResponse.m in Sources */ = {isa = PBXBuildFile; fileRef = BA4E67501B3D551A001C9DD1 /* BKOneHotResponse.m */; };
		BA6E06231B33A84300A41C3F /* BKOneTeacherResponse.m in Sources */ = {isa = PBXBuildFile; fileRef = BA6E06221B33A84300A41C3F /* BKOneTeacherResponse.m */; };
		BA9BF2E81B2C14D30073F660 /* main.m in Sources */ = {isa = PBXBuildFile; fileRef = BA9BF2E71B2C14D30073F660 /* main.m */; };
		BA9BF2F31B2C14D40073F660 /* Images.xcassets in Resources */ = {isa = PBXBuildFile; fileRef = BA9BF2F21B2C14D40073F660 /* Images.xcassets */; };
		BA9BF3021B2C14D40073F660 /* BUKACHTests.m in Sources */ = {isa = PBXBuildFile; fileRef = BA9BF3011B2C14D40073F660 /* BUKACHTests.m */; };
		BA9BF3251B2C17410073F660 /* BKAppDelegate.m in Sources */ = {isa = PBXBuildFile; fileRef = BA9BF31E1B2C17410073F660 /* BKAppDelegate.m */; };
		BA9BF3281B2C182B0073F660 /* BKTabBarController.m in Sources */ = {isa = PBXBuildFile; fileRef = BA9BF3271B2C182B0073F660 /* BKTabBarController.m */; };
		BA9BF32B1B2C18430073F660 /* BKNavigationController.m in Sources */ = {isa = PBXBuildFile; fileRef = BA9BF32A1B2C18430073F660 /* BKNavigationController.m */; };
		BA9BF33A1B2C1BBC0073F660 /* LaunchScreen.xib in Resources */ = {isa = PBXBuildFile; fileRef = BA9BF3391B2C1BBC0073F660 /* LaunchScreen.xib */; };
		BA9C77D01B39BB1A00220322 /* BKTextView.m in Sources */ = {isa = PBXBuildFile; fileRef = BA9C77CF1B39BB1900220322 /* BKTextView.m */; };
		BAAB0F381B2FCF19001DA224 /* 备忘 in Resources */ = {isa = PBXBuildFile; fileRef = BAAB0F371B2FCF19001DA224 /* 备忘 */; };
		BAB3873C1B38EEBC00211970 /* BKCategoryController.m in Sources */ = {isa = PBXBuildFile; fileRef = BAB387381B38EEBC00211970 /* BKCategoryController.m */; };
		BAB3873D1B38EEBC00211970 /* BKAdsController.m in Sources */ = {isa = PBXBuildFile; fileRef = BAB3873B1B38EEBC00211970 /* BKAdsController.m */; };
		BAB387441B38EF2400211970 /* BKCourseResponse.m in Sources */ = {isa = PBXBuildFile; fileRef = BAB387401B38EF2400211970 /* BKCourseResponse.m */; };
		BAB387511B38EF7C00211970 /* BKOneCategoryModel.m in Sources */ = {isa = PBXBuildFile; fileRef = BAB3874A1B38EF7C00211970 /* BKOneCategoryModel.m */; };
		BAB387521B38EF7C00211970 /* BKAdsResponse.m in Sources */ = {isa = PBXBuildFile; fileRef = BAB3874D1B38EF7C00211970 /* BKAdsResponse.m */; };
		BAB387621B38EFC600211970 /* BKCategoriesView.m in Sources */ = {isa = PBXBuildFile; fileRef = BAB387561B38EFC600211970 /* BKCategoriesView.m */; };
		BAB387631B38EFC600211970 /* BKCategoryView.m in Sources */ = {isa = PBXBuildFile; fileRef = BAB387581B38EFC600211970 /* BKCategoryView.m */; };
		BAB387641B38EFC600211970 /* BKLeftRightView.m in Sources */ = {isa = PBXBuildFile; fileRef = BAB3875A1B38EFC600211970 /* BKLeftRightView.m */; };
		BAB387651B38EFC600211970 /* BKUpDownView.m in Sources */ = {isa = PBXBuildFile; fileRef = BAB3875C1B38EFC600211970 /* BKUpDownView.m */; };
		BAB387661B38EFC600211970 /* BKAdsView.m in Sources */ = {isa = PBXBuildFile; fileRef = BAB3875F1B38EFC600211970 /* BKAdsView.m */; };
		BAB387671B38EFC600211970 /* BKAdView.m in Sources */ = {isa = PBXBuildFile; fileRef = BAB387611B38EFC600211970 /* BKAdView.m */; };
		BAB387701B38F79F00211970 /* BKOneAdsModel.m in Sources */ = {isa = PBXBuildFile; fileRef = BAB3876F1B38F79F00211970 /* BKOneAdsModel.m */; };
		BAB387731B38F7AC00211970 /* BKCategoryResponse.m in Sources */ = {isa = PBXBuildFile; fileRef = BAB387721B38F7AC00211970 /* BKCategoryResponse.m */; };
		BAC56BA91B3A78D100C7B900 /* BKGraceController.m in Sources */ = {isa = PBXBuildFile; fileRef = BAC56BA81B3A78D100C7B900 /* BKGraceController.m */; };
		BAC56BB31B3A78D900C7B900 /* BKGraceResponse.m in Sources */ = {isa = PBXBuildFile; fileRef = BAC56BAF1B3A78D900C7B900 /* BKGraceResponse.m */; };
		BAC56BB41B3A78D900C7B900 /* BKOneGraceModel.m in Sources */ = {isa = PBXBuildFile; fileRef = BAC56BB11B3A78D900C7B900 /* BKOneGraceModel.m */; };
		BAC56BBD1B3A78E100C7B900 /* BKGraceCell.m in Sources */ = {isa = PBXBuildFile; fileRef = BAC56BB81B3A78E100C7B900 /* BKGraceCell.m */; };
		BAC56BBE1B3A78E100C7B900 /* BKGraceWaterFlowView.m in Sources */ = {isa = PBXBuildFile; fileRef = BAC56BBA1B3A78E100C7B900 /* BKGraceWaterFlowView.m */; };
		BAC56BBF1B3A78E100C7B900 /* BKWaterFlowBaseCell.m in Sources */ = {isa = PBXBuildFile; fileRef = BAC56BBC1B3A78E100C7B900 /* BKWaterFlowBaseCell.m */; };
		BAC56BC21B3A792700C7B900 /* BKGraceDetailController.m in Sources */ = {isa = PBXBuildFile; fileRef = BAC56BC11B3A792700C7B900 /* BKGraceDetailController.m */; };
		BAC56BC81B3A89DE00C7B900 /* BKPhotosView.m in Sources */ = {isa = PBXBuildFile; fileRef = BAC56BC71B3A89DE00C7B900 /* BKPhotosView.m */; };
		BAC56BCB1B3A8AEF00C7B900 /* BKPhotoView.m in Sources */ = {isa = PBXBuildFile; fileRef = BAC56BCA1B3A8AEF00C7B900 /* BKPhotoView.m */; };
		BAC858821B3B92B6003536A8 /* BKAboutResponse.m in Sources */ = {isa = PBXBuildFile; fileRef = BAC858811B3B92B6003536A8 /* BKAboutResponse.m */; };
		BAC858851B3B92F3003536A8 /* BKAboutModel.m in Sources */ = {isa = PBXBuildFile; fileRef = BAC858841B3B92F3003536A8 /* BKAboutModel.m */; };
		BAC858881B3B9B46003536A8 /* BKJobsResponse.m in Sources */ = {isa = PBXBuildFile; fileRef = BAC858871B3B9B46003536A8 /* BKJobsResponse.m */; };
		BAC8588B1B3B9B59003536A8 /* BKOneJobModel.m in Sources */ = {isa = PBXBuildFile; fileRef = BAC8588A1B3B9B59003536A8 /* BKOneJobModel.m */; };
		BAC8588E1B3B9E2C003536A8 /* BKJobCell.m in Sources */ = {isa = PBXBuildFile; fileRef = BAC8588D1B3B9E2C003536A8 /* BKJobCell.m */; };
		BAC858951B3BBF48003536A8 /* BKCourseFrame.m in Sources */ = {isa = PBXBuildFile; fileRef = BAC858941B3BBF48003536A8 /* BKCourseFrame.m */; };
		BAC8589C1B3BEE9E003536A8 /* BKJobFrame.m in Sources */ = {isa = PBXBuildFile; fileRef = BAC8589B1B3BEE9E003536A8 /* BKJobFrame.m */; };
		BAC858A01B3C1C8A003536A8 /* BKGraceFrame.m in Sources */ = {isa = PBXBuildFile; fileRef = BAC8589F1B3C1C8A003536A8 /* BKGraceFrame.m */; };
		BAC858D21B3C32A5003536A8 /* BKRefreshView.m in Sources */ = {isa = PBXBuildFile; fileRef = BAC858D11B3C32A5003536A8 /* BKRefreshView.m */; };
		BAD2E83A1B2D926900AA6C45 /* BKHttpTool.m in Sources */ = {isa = PBXBuildFile; fileRef = BAD2E8391B2D926900AA6C45 /* BKHttpTool.m */; };
		BAD2E88B1B2D92CC00AA6C45 /* AFHTTPRequestOperation.m in Sources */ = {isa = PBXBuildFile; fileRef = BAD2E83D1B2D92CC00AA6C45 /* AFHTTPRequestOperation.m */; };
		BAD2E88C1B2D92CC00AA6C45 /* AFHTTPRequestOperationManager.m in Sources */ = {isa = PBXBuildFile; fileRef = BAD2E83F1B2D92CC00AA6C45 /* AFHTTPRequestOperationManager.m */; };
		BAD2E88D1B2D92CC00AA6C45 /* AFHTTPSessionManager.m in Sources */ = {isa = PBXBuildFile; fileRef = BAD2E8411B2D92CC00AA6C45 /* AFHTTPSessionManager.m */; };
		BAD2E88E1B2D92CC00AA6C45 /* AFNetworkReachabilityManager.m in Sources */ = {isa = PBXBuildFile; fileRef = BAD2E8441B2D92CC00AA6C45 /* AFNetworkReachabilityManager.m */; };
		BAD2E88F1B2D92CC00AA6C45 /* AFSecurityPolicy.m in Sources */ = {isa = PBXBuildFile; fileRef = BAD2E8461B2D92CC00AA6C45 /* AFSecurityPolicy.m */; };
		BAD2E8901B2D92CC00AA6C45 /* AFURLConnectionOperation.m in Sources */ = {isa = PBXBuildFile; fileRef = BAD2E8481B2D92CC00AA6C45 /* AFURLConnectionOperation.m */; };
		BAD2E8911B2D92CC00AA6C45 /* AFURLRequestSerialization.m in Sources */ = {isa = PBXBuildFile; fileRef = BAD2E84A1B2D92CC00AA6C45 /* AFURLRequestSerialization.m */; };
		BAD2E8921B2D92CC00AA6C45 /* AFURLResponseSerialization.m in Sources */ = {isa = PBXBuildFile; fileRef = BAD2E84C1B2D92CC00AA6C45 /* AFURLResponseSerialization.m */; };
		BAD2E8931B2D92CC00AA6C45 /* AFURLSessionManager.m in Sources */ = {isa = PBXBuildFile; fileRef = BAD2E84E1B2D92CC00AA6C45 /* AFURLSessionManager.m */; };
		BAD2E8941B2D92CC00AA6C45 /* MBProgressHUD+LY.m in Sources */ = {isa = PBXBuildFile; fileRef = BAD2E8511B2D92CC00AA6C45 /* MBProgressHUD+LY.m */; };
		BAD2E8951B2D92CC00AA6C45 /* MBProgressHUD.bundle in Resources */ = {isa = PBXBuildFile; fileRef = BAD2E8521B2D92CC00AA6C45 /* MBProgressHUD.bundle */; };
		BAD2E8961B2D92CC00AA6C45 /* MBProgressHUD.m in Sources */ = {isa = PBXBuildFile; fileRef = BAD2E8541B2D92CC00AA6C45 /* MBProgressHUD.m */; };
		BAD2E8A01B2D92CC00AA6C45 /* MKAnnotationView+WebCache.m in Sources */ = {isa = PBXBuildFile; fileRef = BAD2E86B1B2D92CC00AA6C45 /* MKAnnotationView+WebCache.m */; };
		BAD2E8A11B2D92CC00AA6C45 /* NSData+ImageContentType.m in Sources */ = {isa = PBXBuildFile; fileRef = BAD2E86D1B2D92CC00AA6C45 /* NSData+ImageContentType.m */; };
		BAD2E8A21B2D92CC00AA6C45 /* SDImageCache.m in Sources */ = {isa = PBXBuildFile; fileRef = BAD2E86F1B2D92CC00AA6C45 /* SDImageCache.m */; };
		BAD2E8A31B2D92CC00AA6C45 /* SDWebImageCompat.m in Sources */ = {isa = PBXBuildFile; fileRef = BAD2E8711B2D92CC00AA6C45 /* SDWebImageCompat.m */; };
		BAD2E8A41B2D92CC00AA6C45 /* SDWebImageDecoder.m in Sources */ = {isa = PBXBuildFile; fileRef = BAD2E8731B2D92CC00AA6C45 /* SDWebImageDecoder.m */; };
		BAD2E8A51B2D92CC00AA6C45 /* SDWebImageDownloader.m in Sources */ = {isa = PBXBuildFile; fileRef = BAD2E8751B2D92CC00AA6C45 /* SDWebImageDownloader.m */; };
		BAD2E8A61B2D92CC00AA6C45 /* SDWebImageDownloaderOperation.m in Sources */ = {isa = PBXBuildFile; fileRef = BAD2E8771B2D92CC00AA6C45 /* SDWebImageDownloaderOperation.m */; };
		BAD2E8A71B2D92CC00AA6C45 /* SDWebImageManager.m in Sources */ = {isa = PBXBuildFile; fileRef = BAD2E8791B2D92CC00AA6C45 /* SDWebImageManager.m */; };
		BAD2E8A81B2D92CD00AA6C45 /* SDWebImagePrefetcher.m in Sources */ = {isa = PBXBuildFile; fileRef = BAD2E87C1B2D92CC00AA6C45 /* SDWebImagePrefetcher.m */; };
		BAD2E8A91B2D92CD00AA6C45 /* UIButton+WebCache.m in Sources */ = {isa = PBXBuildFile; fileRef = BAD2E87E1B2D92CC00AA6C45 /* UIButton+WebCache.m */; };
		BAD2E8AA1B2D92CD00AA6C45 /* UIImage+GIF.m in Sources */ = {isa = PBXBuildFile; fileRef = BAD2E8801B2D92CC00AA6C45 /* UIImage+GIF.m */; };
		BAD2E8AB1B2D92CD00AA6C45 /* UIImage+MultiFormat.m in Sources */ = {isa = PBXBuildFile; fileRef = BAD2E8821B2D92CC00AA6C45 /* UIImage+MultiFormat.m */; };
		BAD2E8AC1B2D92CD00AA6C45 /* UIImage+WebP.m in Sources */ = {isa = PBXBuildFile; fileRef = BAD2E8841B2D92CC00AA6C45 /* UIImage+WebP.m */; };
		BAD2E8AD1B2D92CD00AA6C45 /* UIImageView+HighlightedWebCache.m in Sources */ = {isa = PBXBuildFile; fileRef = BAD2E8861B2D92CC00AA6C45 /* UIImageView+HighlightedWebCache.m */; };
		BAD2E8AE1B2D92CD00AA6C45 /* UIImageView+WebCache.m in Sources */ = {isa = PBXBuildFile; fileRef = BAD2E8881B2D92CC00AA6C45 /* UIImageView+WebCache.m */; };
		BAD2E8AF1B2D92CD00AA6C45 /* UIView+WebCacheOperation.m in Sources */ = {isa = PBXBuildFile; fileRef = BAD2E88A1B2D92CC00AA6C45 /* UIView+WebCacheOperation.m */; };
		BAD2E8D21B2DBC7400AA6C45 /* Foundation+Log.m in Sources */ = {isa = PBXBuildFile; fileRef = BAD2E8CB1B2DBC7400AA6C45 /* Foundation+Log.m */; };
		BAD2E8D31B2DBC7400AA6C45 /* UIBarButtonItem+ButtonImageExt.m in Sources */ = {isa = PBXBuildFile; fileRef = BAD2E8CD1B2DBC7400AA6C45 /* UIBarButtonItem+ButtonImageExt.m */; };
		BAD2E8D41B2DBC7400AA6C45 /* UIImage+ResizeExt.m in Sources */ = {isa = PBXBuildFile; fileRef = BAD2E8CF1B2DBC7400AA6C45 /* UIImage+ResizeExt.m */; };
		BAD2E8D51B2DBC7400AA6C45 /* UIView+ViewFrameExt.m in Sources */ = {isa = PBXBuildFile; fileRef = BAD2E8D11B2DBC7400AA6C45 /* UIView+ViewFrameExt.m */; };
		BAD2E8D81B2DC3E300AA6C45 /* BKCallTool.m in Sources */ = {isa = PBXBuildFile; fileRef = BAD2E8D71B2DC3E300AA6C45 /* BKCallTool.m */; };
		BADAB5121B32B623007ED14E /* BKHomeController.m in Sources */ = {isa = PBXBuildFile; fileRef = BADAB4E11B32B623007ED14E /* BKHomeController.m */; };
		BADAB5131B32B623007ED14E /* BKCourseController.m in Sources */ = {isa = PBXBuildFile; fileRef = BADAB4E41B32B623007ED14E /* BKCourseController.m */; };
		BADAB5231B32B623007ED14E /* BKCourseCell.m in Sources */ = {isa = PBXBuildFile; fileRef = BADAB5101B32B623007ED14E /* BKCourseCell.m */; };
		BADAB5461B32B73D007ED14E /* BKProfileController.m in Sources */ = {isa = PBXBuildFile; fileRef = BADAB5281B32B73D007ED14E /* BKProfileController.m */; };
		BADAB5471B32B73D007ED14E /* BKProfileAboutController.m in Sources */ = {isa = PBXBuildFile; fileRef = BADAB52B1B32B73D007ED14E /* BKProfileAboutController.m */; };
		BADAB5481B32B73D007ED14E /* BKProfileJoinController.m in Sources */ = {isa = PBXBuildFile; fileRef = BADAB52E1B32B73D007ED14E /* BKProfileJoinController.m */; };
		BADAB5491B32B73D007ED14E /* BKProfileSuggestionController.m in Sources */ = {isa = PBXBuildFile; fileRef = BADAB5311B32B73D007ED14E /* BKProfileSuggestionController.m */; };
		BADAB54A1B32B73D007ED14E /* BKProfileArrowItem.m in Sources */ = {isa = PBXBuildFile; fileRef = BADAB5351B32B73D007ED14E /* BKProfileArrowItem.m */; };
		BADAB54B1B32B73D007ED14E /* BKProfileGroup.m in Sources */ = {isa = PBXBuildFile; fileRef = BADAB5371B32B73D007ED14E /* BKProfileGroup.m */; };
		BADAB54C1B32B73D007ED14E /* BKProfileItem.m in Sources */ = {isa = PBXBuildFile; fileRef = BADAB5391B32B73D007ED14E /* BKProfileItem.m */; };
		BADAB54D1B32B73D007ED14E /* BKProfileTextItem.m in Sources */ = {isa = PBXBuildFile; fileRef = BADAB53B1B32B73D007ED14E /* BKProfileTextItem.m */; };
		BADAB54E1B32B73D007ED14E /* BKProfileCell.m in Sources */ = {isa = PBXBuildFile; fileRef = BADAB5421B32B73D007ED14E /* BKProfileCell.m */; };
		BADAB5511B32BE6E007ED14E /* BKTeacherView.m in Sources */ = {isa = PBXBuildFile; fileRef = BADAB5501B32BE6E007ED14E /* BKTeacherView.m */; };
		BADAB5571B32C78D007ED14E /* BKTeachersView.m in Sources */ = {isa = PBXBuildFile; fileRef = BADAB5561B32C78D007ED14E /* BKTeachersView.m */; };
		BADAB55A1B32DF3E007ED14E /* BKTeacherController.m in Sources */ = {isa = PBXBuildFile; fileRef = BADAB5591B32DF3E007ED14E /* BKTeacherController.m */; };
		BADAB55D1B3314BE007ED14E /* BKOneCourseResponse.m in Sources */ = {isa = PBXBuildFile; fileRef = BADAB55C1B3314BE007ED14E /* BKOneCourseResponse.m */; };
		BADAB5601B3314DC007ED14E /* BKOneCourseModel.m in Sources */ = {isa = PBXBuildFile; fileRef = BADAB55F1B3314DC007ED14E /* BKOneCourseModel.m */; };
		BADAB5631B331ADF007ED14E /* BKOneTeacherModel.m in Sources */ = {isa = PBXBuildFile; fileRef = BADAB5621B331ADF007ED14E /* BKOneTeacherModel.m */; };
/* End PBXBuildFile section */

/* Begin PBXContainerItemProxy section */
		BA9BF2FC1B2C14D40073F660 /* PBXContainerItemProxy */ = {
			isa = PBXContainerItemProxy;
			containerPortal = BA9BF2DA1B2C14D30073F660 /* Project object */;
			proxyType = 1;
			remoteGlobalIDString = BA9BF2E11B2C14D30073F660;
			remoteInfo = BUKACH;
		};
/* End PBXContainerItemProxy section */

/* Begin PBXFileReference section */
		BA4E67331B3D53E5001C9DD1 /* BKHotController.h */ = {isa = PBXFileReference; fileEncoding = 4; lastKnownFileType = sourcecode.c.h; path = BKHotController.h; sourceTree = "<group>"; };
		BA4E67341B3D53E5001C9DD1 /* BKHotController.m */ = {isa = PBXFileReference; fileEncoding = 4; lastKnownFileType = sourcecode.c.objc; path = BKHotController.m; sourceTree = "<group>"; };
		BA4E673B1B3D53EE001C9DD1 /* BKHotResponse.h */ = {isa = PBXFileReference; fileEncoding = 4; lastKnownFileType = sourcecode.c.h; path = BKHotResponse.h; sourceTree = "<group>"; };
		BA4E673C1B3D53EE001C9DD1 /* BKHotResponse.m */ = {isa = PBXFileReference; fileEncoding = 4; lastKnownFileType = sourcecode.c.objc; path = BKHotResponse.m; sourceTree = "<group>"; };
		BA4E673D1B3D53EE001C9DD1 /* BKHotTypeModel.h */ = {isa = PBXFileReference; fileEncoding = 4; lastKnownFileType = sourcecode.c.h; path = BKHotTypeModel.h; sourceTree = "<group>"; };
		BA4E673E1B3D53EE001C9DD1 /* BKHotTypeModel.m */ = {isa = PBXFileReference; fileEncoding = 4; lastKnownFileType = sourcecode.c.objc; path = BKHotTypeModel.m; sourceTree = "<group>"; };
		BA4E673F1B3D53EE001C9DD1 /* BKOneHotModel.h */ = {isa = PBXFileReference; fileEncoding = 4; lastKnownFileType = sourcecode.c.h; path = BKOneHotModel.h; sourceTree = "<group>"; };
		BA4E67401B3D53EE001C9DD1 /* BKOneHotModel.m */ = {isa = PBXFileReference; fileEncoding = 4; lastKnownFileType = sourcecode.c.objc; path = BKOneHotModel.m; sourceTree = "<group>"; };
		BA4E67461B3D53F4001C9DD1 /* BKHotCell.h */ = {isa = PBXFileReference; fileEncoding = 4; lastKnownFileType = sourcecode.c.h; path = BKHotCell.h; sourceTree = "<group>"; };
		BA4E67471B3D53F4001C9DD1 /* BKHotCell.m */ = {isa = PBXFileReference; fileEncoding = 4; lastKnownFileType = sourcecode.c.objc; path = BKHotCell.m; sourceTree = "<group>"; };
		BA4E67481B3D53F4001C9DD1 /* BKSectionHeaderView.h */ = {isa = PBXFileReference; fileEncoding = 4; lastKnownFileType = sourcecode.c.h; path = BKSectionHeaderView.h; sourceTree = "<group>"; };
		BA4E67491B3D53F4001C9DD1 /* BKSectionHeaderView.m */ = {isa = PBXFileReference; fileEncoding = 4; lastKnownFileType = sourcecode.c.objc; path = BKSectionHeaderView.m; sourceTree = "<group>"; };
		BA4E674C1B3D5420001C9DD1 /* BKHotDetailController.h */ = {isa = PBXFileReference; fileEncoding = 4; lastKnownFileType = sourcecode.c.h; path = BKHotDetailController.h; sourceTree = "<group>"; };
		BA4E674D1B3D5420001C9DD1 /* BKHotDetailController.m */ = {isa = PBXFileReference; fileEncoding = 4; lastKnownFileType = sourcecode.c.objc; path = BKHotDetailController.m; sourceTree = "<group>"; };
		BA4E674F1B3D551A001C9DD1 /* BKOneHotResponse.h */ = {isa = PBXFileReference; fileEncoding = 4; lastKnownFileType = sourcecode.c.h; path = BKOneHotResponse.h; sourceTree = "<group>"; };
		BA4E67501B3D551A001C9DD1 /* BKOneHotResponse.m */ = {isa = PBXFileReference; fileEncoding = 4; lastKnownFileType = sourcecode.c.objc; path = BKOneHotResponse.m; sourceTree = "<group>"; };
		BA6E06211B33A84300A41C3F /* BKOneTeacherResponse.h */ = {isa = PBXFileReference; fileEncoding = 4; lastKnownFileType = sourcecode.c.h; path = BKOneTeacherResponse.h; sourceTree = "<group>"; };
		BA6E06221B33A84300A41C3F /* BKOneTeacherResponse.m */ = {isa = PBXFileReference; fileEncoding = 4; lastKnownFileType = sourcecode.c.objc; path = BKOneTeacherResponse.m; sourceTree = "<group>"; };
		BA9BF2E21B2C14D30073F660 /* BUKACH.app */ = {isa = PBXFileReference; explicitFileType = wrapper.application; includeInIndex = 0; path = BUKACH.app; sourceTree = BUILT_PRODUCTS_DIR; };
		BA9BF2E61B2C14D30073F660 /* Info.plist */ = {isa = PBXFileReference; lastKnownFileType = text.plist.xml; path = Info.plist; sourceTree = "<group>"; };
		BA9BF2E71B2C14D30073F660 /* main.m */ = {isa = PBXFileReference; lastKnownFileType = sourcecode.c.objc; path = main.m; sourceTree = "<group>"; };
		BA9BF2F21B2C14D40073F660 /* Images.xcassets */ = {isa = PBXFileReference; lastKnownFileType = folder.assetcatalog; path = Images.xcassets; sourceTree = "<group>"; };
		BA9BF2FB1B2C14D40073F660 /* BUKACHTests.xctest */ = {isa = PBXFileReference; explicitFileType = wrapper.cfbundle; includeInIndex = 0; path = BUKACHTests.xctest; sourceTree = BUILT_PRODUCTS_DIR; };
		BA9BF3001B2C14D40073F660 /* Info.plist */ = {isa = PBXFileReference; lastKnownFileType = text.plist.xml; path = Info.plist; sourceTree = "<group>"; };
		BA9BF3011B2C14D40073F660 /* BUKACHTests.m */ = {isa = PBXFileReference; lastKnownFileType = sourcecode.c.objc; path = BUKACHTests.m; sourceTree = "<group>"; };
		BA9BF31D1B2C17410073F660 /* BKAppDelegate.h */ = {isa = PBXFileReference; fileEncoding = 4; lastKnownFileType = sourcecode.c.h; path = BKAppDelegate.h; sourceTree = "<group>"; };
		BA9BF31E1B2C17410073F660 /* BKAppDelegate.m */ = {isa = PBXFileReference; fileEncoding = 4; lastKnownFileType = sourcecode.c.objc; path = BKAppDelegate.m; sourceTree = "<group>"; };
		BA9BF3261B2C182B0073F660 /* BKTabBarController.h */ = {isa = PBXFileReference; fileEncoding = 4; lastKnownFileType = sourcecode.c.h; path = BKTabBarController.h; sourceTree = "<group>"; };
		BA9BF3271B2C182B0073F660 /* BKTabBarController.m */ = {isa = PBXFileReference; fileEncoding = 4; lastKnownFileType = sourcecode.c.objc; path = BKTabBarController.m; sourceTree = "<group>"; };
		BA9BF3291B2C18430073F660 /* BKNavigationController.h */ = {isa = PBXFileReference; fileEncoding = 4; lastKnownFileType = sourcecode.c.h; path = BKNavigationController.h; sourceTree = "<group>"; };
		BA9BF32A1B2C18430073F660 /* BKNavigationController.m */ = {isa = PBXFileReference; fileEncoding = 4; lastKnownFileType = sourcecode.c.objc; path = BKNavigationController.m; sourceTree = "<group>"; };
		BA9BF3381B2C1B8A0073F660 /* bukachPrefix.pch */ = {isa = PBXFileReference; lastKnownFileType = sourcecode.c.h; path = bukachPrefix.pch; sourceTree = "<group>"; };
		BA9BF3391B2C1BBC0073F660 /* LaunchScreen.xib */ = {isa = PBXFileReference; fileEncoding = 4; lastKnownFileType = file.xib; path = LaunchScreen.xib; sourceTree = "<group>"; };
		BA9C77CE1B39BB1900220322 /* BKTextView.h */ = {isa = PBXFileReference; fileEncoding = 4; lastKnownFileType = sourcecode.c.h; name = BKTextView.h; path = "../../Models/二级(建议箱)/BKTextView.h"; sourceTree = "<group>"; };
		BA9C77CF1B39BB1900220322 /* BKTextView.m */ = {isa = PBXFileReference; fileEncoding = 4; lastKnownFileType = sourcecode.c.objc; name = BKTextView.m; path = "../../Models/二级(建议箱)/BKTextView.m"; sourceTree = "<group>"; };
		BAAB0F371B2FCF19001DA224 /* 备忘 */ = {isa = PBXFileReference; fileEncoding = 4; lastKnownFileType = text; path = "备忘"; sourceTree = "<group>"; };
		BAB387371B38EEBC00211970 /* BKCategoryController.h */ = {isa = PBXFileReference; fileEncoding = 4; lastKnownFileType = sourcecode.c.h; path = BKCategoryController.h; sourceTree = "<group>"; };
		BAB387381B38EEBC00211970 /* BKCategoryController.m */ = {isa = PBXFileReference; fileEncoding = 4; lastKnownFileType = sourcecode.c.objc; path = BKCategoryController.m; sourceTree = "<group>"; };
		BAB3873A1B38EEBC00211970 /* BKAdsController.h */ = {isa = PBXFileReference; fileEncoding = 4; lastKnownFileType = sourcecode.c.h; path = BKAdsController.h; sourceTree = "<group>"; };
		BAB3873B1B38EEBC00211970 /* BKAdsController.m */ = {isa = PBXFileReference; fileEncoding = 4; lastKnownFileType = sourcecode.c.objc; path = BKAdsController.m; sourceTree = "<group>"; };
		BAB3873F1B38EF2400211970 /* BKCourseResponse.h */ = {isa = PBXFileReference; fileEncoding = 4; lastKnownFileType = sourcecode.c.h; path = BKCourseResponse.h; sourceTree = "<group>"; };
		BAB387401B38EF2400211970 /* BKCourseResponse.m */ = {isa = PBXFileReference; fileEncoding = 4; lastKnownFileType = sourcecode.c.objc; path = BKCourseResponse.m; sourceTree = "<group>"; };
		BAB387491B38EF7C00211970 /* BKOneCategoryModel.h */ = {isa = PBXFileReference; fileEncoding = 4; lastKnownFileType = sourcecode.c.h; path = BKOneCategoryModel.h; sourceTree = "<group>"; };
		BAB3874A1B38EF7C00211970 /* BKOneCategoryModel.m */ = {isa = PBXFileReference; fileEncoding = 4; lastKnownFileType = sourcecode.c.objc; path = BKOneCategoryModel.m; sourceTree = "<group>"; };
		BAB3874C1B38EF7C00211970 /* BKAdsResponse.h */ = {isa = PBXFileReference; fileEncoding = 4; lastKnownFileType = sourcecode.c.h; path = BKAdsResponse.h; sourceTree = "<group>"; };
		BAB3874D1B38EF7C00211970 /* BKAdsResponse.m */ = {isa = PBXFileReference; fileEncoding = 4; lastKnownFileType = sourcecode.c.objc; path = BKAdsResponse.m; sourceTree = "<group>"; };
		BAB387551B38EFC600211970 /* BKCategoriesView.h */ = {isa = PBXFileReference; fileEncoding = 4; lastKnownFileType = sourcecode.c.h; path = BKCategoriesView.h; sourceTree = "<group>"; };
		BAB387561B38EFC600211970 /* BKCategoriesView.m */ = {isa = PBXFileReference; fileEncoding = 4; lastKnownFileType = sourcecode.c.objc; path = BKCategoriesView.m; sourceTree = "<group>"; };
		BAB387571B38EFC600211970 /* BKCategoryView.h */ = {isa = PBXFileReference; fileEncoding = 4; lastKnownFileType = sourcecode.c.h; path = BKCategoryView.h; sourceTree = "<group>"; };
		BAB387581B38EFC600211970 /* BKCategoryView.m */ = {isa = PBXFileReference; fileEncoding = 4; lastKnownFileType = sourcecode.c.objc; path = BKCategoryView.m; sourceTree = "<group>"; };
		BAB387591B38EFC600211970 /* BKLeftRightView.h */ = {isa = PBXFileReference; fileEncoding = 4; lastKnownFileType = sourcecode.c.h; path = BKLeftRightView.h; sourceTree = "<group>"; };
		BAB3875A1B38EFC600211970 /* BKLeftRightView.m */ = {isa = PBXFileReference; fileEncoding = 4; lastKnownFileType = sourcecode.c.objc; path = BKLeftRightView.m; sourceTree = "<group>"; };
		BAB3875B1B38EFC600211970 /* BKUpDownView.h */ = {isa = PBXFileReference; fileEncoding = 4; lastKnownFileType = sourcecode.c.h; path = BKUpDownView.h; sourceTree = "<group>"; };
		BAB3875C1B38EFC600211970 /* BKUpDownView.m */ = {isa = PBXFileReference; fileEncoding = 4; lastKnownFileType = sourcecode.c.objc; path = BKUpDownView.m; sourceTree = "<group>"; };
		BAB3875E1B38EFC600211970 /* BKAdsView.h */ = {isa = PBXFileReference; fileEncoding = 4; lastKnownFileType = sourcecode.c.h; path = BKAdsView.h; sourceTree = "<group>"; };
		BAB3875F1B38EFC600211970 /* BKAdsView.m */ = {isa = PBXFileReference; fileEncoding = 4; lastKnownFileType = sourcecode.c.objc; path = BKAdsView.m; sourceTree = "<group>"; };
		BAB387601B38EFC600211970 /* BKAdView.h */ = {isa = PBXFileReference; fileEncoding = 4; lastKnownFileType = sourcecode.c.h; path = BKAdView.h; sourceTree = "<group>"; };
		BAB387611B38EFC600211970 /* BKAdView.m */ = {isa = PBXFileReference; fileEncoding = 4; lastKnownFileType = sourcecode.c.objc; path = BKAdView.m; sourceTree = "<group>"; };
		BAB3876E1B38F79F00211970 /* BKOneAdsModel.h */ = {isa = PBXFileReference; fileEncoding = 4; lastKnownFileType = sourcecode.c.h; path = BKOneAdsModel.h; sourceTree = "<group>"; };
		BAB3876F1B38F79F00211970 /* BKOneAdsModel.m */ = {isa = PBXFileReference; fileEncoding = 4; lastKnownFileType = sourcecode.c.objc; path = BKOneAdsModel.m; sourceTree = "<group>"; };
		BAB387711B38F7AC00211970 /* BKCategoryResponse.h */ = {isa = PBXFileReference; fileEncoding = 4; lastKnownFileType = sourcecode.c.h; path = BKCategoryResponse.h; sourceTree = "<group>"; };
		BAB387721B38F7AC00211970 /* BKCategoryResponse.m */ = {isa = PBXFileReference; fileEncoding = 4; lastKnownFileType = sourcecode.c.objc; path = BKCategoryResponse.m; sourceTree = "<group>"; };
		BAC56BA71B3A78D100C7B900 /* BKGraceController.h */ = {isa = PBXFileReference; fileEncoding = 4; lastKnownFileType = sourcecode.c.h; path = BKGraceController.h; sourceTree = "<group>"; };
		BAC56BA81B3A78D100C7B900 /* BKGraceController.m */ = {isa = PBXFileReference; fileEncoding = 4; lastKnownFileType = sourcecode.c.objc; path = BKGraceController.m; sourceTree = "<group>"; };
		BAC56BAE1B3A78D900C7B900 /* BKGraceResponse.h */ = {isa = PBXFileReference; fileEncoding = 4; lastKnownFileType = sourcecode.c.h; path = BKGraceResponse.h; sourceTree = "<group>"; };
		BAC56BAF1B3A78D900C7B900 /* BKGraceResponse.m */ = {isa = PBXFileReference; fileEncoding = 4; lastKnownFileType = sourcecode.c.objc; path = BKGraceResponse.m; sourceTree = "<group>"; };
		BAC56BB01B3A78D900C7B900 /* BKOneGraceModel.h */ = {isa = PBXFileReference; fileEncoding = 4; lastKnownFileType = sourcecode.c.h; path = BKOneGraceModel.h; sourceTree = "<group>"; };
		BAC56BB11B3A78D900C7B900 /* BKOneGraceModel.m */ = {isa = PBXFileReference; fileEncoding = 4; lastKnownFileType = sourcecode.c.objc; path = BKOneGraceModel.m; sourceTree = "<group>"; };
		BAC56BB71B3A78E100C7B900 /* BKGraceCell.h */ = {isa = PBXFileReference; fileEncoding = 4; lastKnownFileType = sourcecode.c.h; path = BKGraceCell.h; sourceTree = "<group>"; };
		BAC56BB81B3A78E100C7B900 /* BKGraceCell.m */ = {isa = PBXFileReference; fileEncoding = 4; lastKnownFileType = sourcecode.c.objc; path = BKGraceCell.m; sourceTree = "<group>"; };
		BAC56BB91B3A78E100C7B900 /* BKGraceWaterFlowView.h */ = {isa = PBXFileReference; fileEncoding = 4; lastKnownFileType = sourcecode.c.h; path = BKGraceWaterFlowView.h; sourceTree = "<group>"; };
		BAC56BBA1B3A78E100C7B900 /* BKGraceWaterFlowView.m */ = {isa = PBXFileReference; fileEncoding = 4; lastKnownFileType = sourcecode.c.objc; path = BKGraceWaterFlowView.m; sourceTree = "<group>"; };
		BAC56BBB1B3A78E100C7B900 /* BKWaterFlowBaseCell.h */ = {isa = PBXFileReference; fileEncoding = 4; lastKnownFileType = sourcecode.c.h; path = BKWaterFlowBaseCell.h; sourceTree = "<group>"; };
		BAC56BBC1B3A78E100C7B900 /* BKWaterFlowBaseCell.m */ = {isa = PBXFileReference; fileEncoding = 4; lastKnownFileType = sourcecode.c.objc; path = BKWaterFlowBaseCell.m; sourceTree = "<group>"; };
		BAC56BC01B3A792700C7B900 /* BKGraceDetailController.h */ = {isa = PBXFileReference; fileEncoding = 4; lastKnownFileType = sourcecode.c.h; path = BKGraceDetailController.h; sourceTree = "<group>"; };
		BAC56BC11B3A792700C7B900 /* BKGraceDetailController.m */ = {isa = PBXFileReference; fileEncoding = 4; lastKnownFileType = sourcecode.c.objc; path = BKGraceDetailController.m; sourceTree = "<group>"; };
		BAC56BC61B3A89DE00C7B900 /* BKPhotosView.h */ = {isa = PBXFileReference; fileEncoding = 4; lastKnownFileType = sourcecode.c.h; path = BKPhotosView.h; sourceTree = "<group>"; };
		BAC56BC71B3A89DE00C7B900 /* BKPhotosView.m */ = {isa = PBXFileReference; fileEncoding = 4; lastKnownFileType = sourcecode.c.objc; path = BKPhotosView.m; sourceTree = "<group>"; };
		BAC56BC91B3A8AEF00C7B900 /* BKPhotoView.h */ = {isa = PBXFileReference; fileEncoding = 4; lastKnownFileType = sourcecode.c.h; path = BKPhotoView.h; sourceTree = "<group>"; };
		BAC56BCA1B3A8AEF00C7B900 /* BKPhotoView.m */ = {isa = PBXFileReference; fileEncoding = 4; lastKnownFileType = sourcecode.c.objc; path = BKPhotoView.m; sourceTree = "<group>"; };
		BAC858801B3B92B6003536A8 /* BKAboutResponse.h */ = {isa = PBXFileReference; fileEncoding = 4; lastKnownFileType = sourcecode.c.h; path = BKAboutResponse.h; sourceTree = "<group>"; };
		BAC858811B3B92B6003536A8 /* BKAboutResponse.m */ = {isa = PBXFileReference; fileEncoding = 4; lastKnownFileType = sourcecode.c.objc; path = BKAboutResponse.m; sourceTree = "<group>"; };
		BAC858831B3B92F3003536A8 /* BKAboutModel.h */ = {isa = PBXFileReference; fileEncoding = 4; lastKnownFileType = sourcecode.c.h; path = BKAboutModel.h; sourceTree = "<group>"; };
		BAC858841B3B92F3003536A8 /* BKAboutModel.m */ = {isa = PBXFileReference; fileEncoding = 4; lastKnownFileType = sourcecode.c.objc; path = BKAboutModel.m; sourceTree = "<group>"; };
		BAC858861B3B9B46003536A8 /* BKJobsResponse.h */ = {isa = PBXFileReference; fileEncoding = 4; lastKnownFileType = sourcecode.c.h; path = BKJobsResponse.h; sourceTree = "<group>"; };
		BAC858871B3B9B46003536A8 /* BKJobsResponse.m */ = {isa = PBXFileReference; fileEncoding = 4; lastKnownFileType = sourcecode.c.objc; path = BKJobsResponse.m; sourceTree = "<group>"; };
		BAC858891B3B9B59003536A8 /* BKOneJobModel.h */ = {isa = PBXFileReference; fileEncoding = 4; lastKnownFileType = sourcecode.c.h; path = BKOneJobModel.h; sourceTree = "<group>"; };
		BAC8588A1B3B9B59003536A8 /* BKOneJobModel.m */ = {isa = PBXFileReference; fileEncoding = 4; lastKnownFileType = sourcecode.c.objc; path = BKOneJobModel.m; sourceTree = "<group>"; };
		BAC8588C1B3B9E2C003536A8 /* BKJobCell.h */ = {isa = PBXFileReference; fileEncoding = 4; lastKnownFileType = sourcecode.c.h; path = BKJobCell.h; sourceTree = "<group>"; };
		BAC8588D1B3B9E2C003536A8 /* BKJobCell.m */ = {isa = PBXFileReference; fileEncoding = 4; lastKnownFileType = sourcecode.c.objc; path = BKJobCell.m; sourceTree = "<group>"; };
		BAC858931B3BBF48003536A8 /* BKCourseFrame.h */ = {isa = PBXFileReference; fileEncoding = 4; lastKnownFileType = sourcecode.c.h; path = BKCourseFrame.h; sourceTree = "<group>"; };
		BAC858941B3BBF48003536A8 /* BKCourseFrame.m */ = {isa = PBXFileReference; fileEncoding = 4; lastKnownFileType = sourcecode.c.objc; path = BKCourseFrame.m; sourceTree = "<group>"; };
		BAC8589A1B3BEE9E003536A8 /* BKJobFrame.h */ = {isa = PBXFileReference; fileEncoding = 4; lastKnownFileType = sourcecode.c.h; path = BKJobFrame.h; sourceTree = "<group>"; };
		BAC8589B1B3BEE9E003536A8 /* BKJobFrame.m */ = {isa = PBXFileReference; fileEncoding = 4; lastKnownFileType = sourcecode.c.objc; path = BKJobFrame.m; sourceTree = "<group>"; };
		BAC8589E1B3C1C8A003536A8 /* BKGraceFrame.h */ = {isa = PBXFileReference; fileEncoding = 4; lastKnownFileType = sourcecode.c.h; path = BKGraceFrame.h; sourceTree = "<group>"; };
		BAC8589F1B3C1C8A003536A8 /* BKGraceFrame.m */ = {isa = PBXFileReference; fileEncoding = 4; lastKnownFileType = sourcecode.c.objc; path = BKGraceFrame.m; sourceTree = "<group>"; };
		BAC858D01B3C32A5003536A8 /* BKRefreshView.h */ = {isa = PBXFileReference; fileEncoding = 4; lastKnownFileType = sourcecode.c.h; path = BKRefreshView.h; sourceTree = "<group>"; };
		BAC858D11B3C32A5003536A8 /* BKRefreshView.m */ = {isa = PBXFileReference; fileEncoding = 4; lastKnownFileType = sourcecode.c.objc; path = BKRefreshView.m; sourceTree = "<group>"; };
		BAD2E8381B2D926900AA6C45 /* BKHttpTool.h */ = {isa = PBXFileReference; fileEncoding = 4; lastKnownFileType = sourcecode.c.h; path = BKHttpTool.h; sourceTree = "<group>"; };
		BAD2E8391B2D926900AA6C45 /* BKHttpTool.m */ = {isa = PBXFileReference; fileEncoding = 4; lastKnownFileType = sourcecode.c.objc; path = BKHttpTool.m; sourceTree = "<group>"; };
		BAD2E83C1B2D92CC00AA6C45 /* AFHTTPRequestOperation.h */ = {isa = PBXFileReference; fileEncoding = 4; lastKnownFileType = sourcecode.c.h; path = AFHTTPRequestOperation.h; sourceTree = "<group>"; };
		BAD2E83D1B2D92CC00AA6C45 /* AFHTTPRequestOperation.m */ = {isa = PBXFileReference; fileEncoding = 4; lastKnownFileType = sourcecode.c.objc; path = AFHTTPRequestOperation.m; sourceTree = "<group>"; };
		BAD2E83E1B2D92CC00AA6C45 /* AFHTTPRequestOperationManager.h */ = {isa = PBXFileReference; fileEncoding = 4; lastKnownFileType = sourcecode.c.h; path = AFHTTPRequestOperationManager.h; sourceTree = "<group>"; };
		BAD2E83F1B2D92CC00AA6C45 /* AFHTTPRequestOperationManager.m */ = {isa = PBXFileReference; fileEncoding = 4; lastKnownFileType = sourcecode.c.objc; path = AFHTTPRequestOperationManager.m; sourceTree = "<group>"; };
		BAD2E8401B2D92CC00AA6C45 /* AFHTTPSessionManager.h */ = {isa = PBXFileReference; fileEncoding = 4; lastKnownFileType = sourcecode.c.h; path = AFHTTPSessionManager.h; sourceTree = "<group>"; };
		BAD2E8411B2D92CC00AA6C45 /* AFHTTPSessionManager.m */ = {isa = PBXFileReference; fileEncoding = 4; lastKnownFileType = sourcecode.c.objc; path = AFHTTPSessionManager.m; sourceTree = "<group>"; };
		BAD2E8421B2D92CC00AA6C45 /* AFNetworking.h */ = {isa = PBXFileReference; fileEncoding = 4; lastKnownFileType = sourcecode.c.h; path = AFNetworking.h; sourceTree = "<group>"; };
		BAD2E8431B2D92CC00AA6C45 /* AFNetworkReachabilityManager.h */ = {isa = PBXFileReference; fileEncoding = 4; lastKnownFileType = sourcecode.c.h; path = AFNetworkReachabilityManager.h; sourceTree = "<group>"; };
		BAD2E8441B2D92CC00AA6C45 /* AFNetworkReachabilityManager.m */ = {isa = PBXFileReference; fileEncoding = 4; lastKnownFileType = sourcecode.c.objc; path = AFNetworkReachabilityManager.m; sourceTree = "<group>"; };
		BAD2E8451B2D92CC00AA6C45 /* AFSecurityPolicy.h */ = {isa = PBXFileReference; fileEncoding = 4; lastKnownFileType = sourcecode.c.h; path = AFSecurityPolicy.h; sourceTree = "<group>"; };
		BAD2E8461B2D92CC00AA6C45 /* AFSecurityPolicy.m */ = {isa = PBXFileReference; fileEncoding = 4; lastKnownFileType = sourcecode.c.objc; path = AFSecurityPolicy.m; sourceTree = "<group>"; };
		BAD2E8471B2D92CC00AA6C45 /* AFURLConnectionOperation.h */ = {isa = PBXFileReference; fileEncoding = 4; lastKnownFileType = sourcecode.c.h; path = AFURLConnectionOperation.h; sourceTree = "<group>"; };
		BAD2E8481B2D92CC00AA6C45 /* AFURLConnectionOperation.m */ = {isa = PBXFileReference; fileEncoding = 4; lastKnownFileType = sourcecode.c.objc; path = AFURLConnectionOperation.m; sourceTree = "<group>"; };
		BAD2E8491B2D92CC00AA6C45 /* AFURLRequestSerialization.h */ = {isa = PBXFileReference; fileEncoding = 4; lastKnownFileType = sourcecode.c.h; path = AFURLRequestSerialization.h; sourceTree = "<group>"; };
		BAD2E84A1B2D92CC00AA6C45 /* AFURLRequestSerialization.m */ = {isa = PBXFileReference; fileEncoding = 4; lastKnownFileType = sourcecode.c.objc; path = AFURLRequestSerialization.m; sourceTree = "<group>"; };
		BAD2E84B1B2D92CC00AA6C45 /* AFURLResponseSerialization.h */ = {isa = PBXFileReference; fileEncoding = 4; lastKnownFileType = sourcecode.c.h; path = AFURLResponseSerialization.h; sourceTree = "<group>"; };
		BAD2E84C1B2D92CC00AA6C45 /* AFURLResponseSerialization.m */ = {isa = PBXFileReference; fileEncoding = 4; lastKnownFileType = sourcecode.c.objc; path = AFURLResponseSerialization.m; sourceTree = "<group>"; };
		BAD2E84D1B2D92CC00AA6C45 /* AFURLSessionManager.h */ = {isa = PBXFileReference; fileEncoding = 4; lastKnownFileType = sourcecode.c.h; path = AFURLSessionManager.h; sourceTree = "<group>"; };
		BAD2E84E1B2D92CC00AA6C45 /* AFURLSessionManager.m */ = {isa = PBXFileReference; fileEncoding = 4; lastKnownFileType = sourcecode.c.objc; path = AFURLSessionManager.m; sourceTree = "<group>"; };
		BAD2E8501B2D92CC00AA6C45 /* MBProgressHUD+LY.h */ = {isa = PBXFileReference; fileEncoding = 4; lastKnownFileType = sourcecode.c.h; path = "MBProgressHUD+LY.h"; sourceTree = "<group>"; };
		BAD2E8511B2D92CC00AA6C45 /* MBProgressHUD+LY.m */ = {isa = PBXFileReference; fileEncoding = 4; lastKnownFileType = sourcecode.c.objc; path = "MBProgressHUD+LY.m"; sourceTree = "<group>"; };
		BAD2E8521B2D92CC00AA6C45 /* MBProgressHUD.bundle */ = {isa = PBXFileReference; lastKnownFileType = "wrapper.plug-in"; path = MBProgressHUD.bundle; sourceTree = "<group>"; };
		BAD2E8531B2D92CC00AA6C45 /* MBProgressHUD.h */ = {isa = PBXFileReference; fileEncoding = 4; lastKnownFileType = sourcecode.c.h; path = MBProgressHUD.h; sourceTree = "<group>"; };
		BAD2E8541B2D92CC00AA6C45 /* MBProgressHUD.m */ = {isa = PBXFileReference; fileEncoding = 4; lastKnownFileType = sourcecode.c.objc; path = MBProgressHUD.m; sourceTree = "<group>"; };
		BAD2E86A1B2D92CC00AA6C45 /* MKAnnotationView+WebCache.h */ = {isa = PBXFileReference; fileEncoding = 4; lastKnownFileType = sourcecode.c.h; path = "MKAnnotationView+WebCache.h"; sourceTree = "<group>"; };
		BAD2E86B1B2D92CC00AA6C45 /* MKAnnotationView+WebCache.m */ = {isa = PBXFileReference; fileEncoding = 4; lastKnownFileType = sourcecode.c.objc; path = "MKAnnotationView+WebCache.m"; sourceTree = "<group>"; };
		BAD2E86C1B2D92CC00AA6C45 /* NSData+ImageContentType.h */ = {isa = PBXFileReference; fileEncoding = 4; lastKnownFileType = sourcecode.c.h; path = "NSData+ImageContentType.h"; sourceTree = "<group>"; };
		BAD2E86D1B2D92CC00AA6C45 /* NSData+ImageContentType.m */ = {isa = PBXFileReference; fileEncoding = 4; lastKnownFileType = sourcecode.c.objc; path = "NSData+ImageContentType.m"; sourceTree = "<group>"; };
		BAD2E86E1B2D92CC00AA6C45 /* SDImageCache.h */ = {isa = PBXFileReference; fileEncoding = 4; lastKnownFileType = sourcecode.c.h; path = SDImageCache.h; sourceTree = "<group>"; };
		BAD2E86F1B2D92CC00AA6C45 /* SDImageCache.m */ = {isa = PBXFileReference; fileEncoding = 4; lastKnownFileType = sourcecode.c.objc; path = SDImageCache.m; sourceTree = "<group>"; };
		BAD2E8701B2D92CC00AA6C45 /* SDWebImageCompat.h */ = {isa = PBXFileReference; fileEncoding = 4; lastKnownFileType = sourcecode.c.h; path = SDWebImageCompat.h; sourceTree = "<group>"; };
		BAD2E8711B2D92CC00AA6C45 /* SDWebImageCompat.m */ = {isa = PBXFileReference; fileEncoding = 4; lastKnownFileType = sourcecode.c.objc; path = SDWebImageCompat.m; sourceTree = "<group>"; };
		BAD2E8721B2D92CC00AA6C45 /* SDWebImageDecoder.h */ = {isa = PBXFileReference; fileEncoding = 4; lastKnownFileType = sourcecode.c.h; path = SDWebImageDecoder.h; sourceTree = "<group>"; };
		BAD2E8731B2D92CC00AA6C45 /* SDWebImageDecoder.m */ = {isa = PBXFileReference; fileEncoding = 4; lastKnownFileType = sourcecode.c.objc; path = SDWebImageDecoder.m; sourceTree = "<group>"; };
		BAD2E8741B2D92CC00AA6C45 /* SDWebImageDownloader.h */ = {isa = PBXFileReference; fileEncoding = 4; lastKnownFileType = sourcecode.c.h; path = SDWebImageDownloader.h; sourceTree = "<group>"; };
		BAD2E8751B2D92CC00AA6C45 /* SDWebImageDownloader.m */ = {isa = PBXFileReference; fileEncoding = 4; lastKnownFileType = sourcecode.c.objc; path = SDWebImageDownloader.m; sourceTree = "<group>"; };
		BAD2E8761B2D92CC00AA6C45 /* SDWebImageDownloaderOperation.h */ = {isa = PBXFileReference; fileEncoding = 4; lastKnownFileType = sourcecode.c.h; path = SDWebImageDownloaderOperation.h; sourceTree = "<group>"; };
		BAD2E8771B2D92CC00AA6C45 /* SDWebImageDownloaderOperation.m */ = {isa = PBXFileReference; fileEncoding = 4; lastKnownFileType = sourcecode.c.objc; path = SDWebImageDownloaderOperation.m; sourceTree = "<group>"; };
		BAD2E8781B2D92CC00AA6C45 /* SDWebImageManager.h */ = {isa = PBXFileReference; fileEncoding = 4; lastKnownFileType = sourcecode.c.h; path = SDWebImageManager.h; sourceTree = "<group>"; };
		BAD2E8791B2D92CC00AA6C45 /* SDWebImageManager.m */ = {isa = PBXFileReference; fileEncoding = 4; lastKnownFileType = sourcecode.c.objc; path = SDWebImageManager.m; sourceTree = "<group>"; };
		BAD2E87A1B2D92CC00AA6C45 /* SDWebImageOperation.h */ = {isa = PBXFileReference; fileEncoding = 4; lastKnownFileType = sourcecode.c.h; path = SDWebImageOperation.h; sourceTree = "<group>"; };
		BAD2E87B1B2D92CC00AA6C45 /* SDWebImagePrefetcher.h */ = {isa = PBXFileReference; fileEncoding = 4; lastKnownFileType = sourcecode.c.h; path = SDWebImagePrefetcher.h; sourceTree = "<group>"; };
		BAD2E87C1B2D92CC00AA6C45 /* SDWebImagePrefetcher.m */ = {isa = PBXFileReference; fileEncoding = 4; lastKnownFileType = sourcecode.c.objc; path = SDWebImagePrefetcher.m; sourceTree = "<group>"; };
		BAD2E87D1B2D92CC00AA6C45 /* UIButton+WebCache.h */ = {isa = PBXFileReference; fileEncoding = 4; lastKnownFileType = sourcecode.c.h; path = "UIButton+WebCache.h"; sourceTree = "<group>"; };
		BAD2E87E1B2D92CC00AA6C45 /* UIButton+WebCache.m */ = {isa = PBXFileReference; fileEncoding = 4; lastKnownFileType = sourcecode.c.objc; path = "UIButton+WebCache.m"; sourceTree = "<group>"; };
		BAD2E87F1B2D92CC00AA6C45 /* UIImage+GIF.h */ = {isa = PBXFileReference; fileEncoding = 4; lastKnownFileType = sourcecode.c.h; path = "UIImage+GIF.h"; sourceTree = "<group>"; };
		BAD2E8801B2D92CC00AA6C45 /* UIImage+GIF.m */ = {isa = PBXFileReference; fileEncoding = 4; lastKnownFileType = sourcecode.c.objc; path = "UIImage+GIF.m"; sourceTree = "<group>"; };
		BAD2E8811B2D92CC00AA6C45 /* UIImage+MultiFormat.h */ = {isa = PBXFileReference; fileEncoding = 4; lastKnownFileType = sourcecode.c.h; path = "UIImage+MultiFormat.h"; sourceTree = "<group>"; };
		BAD2E8821B2D92CC00AA6C45 /* UIImage+MultiFormat.m */ = {isa = PBXFileReference; fileEncoding = 4; lastKnownFileType = sourcecode.c.objc; path = "UIImage+MultiFormat.m"; sourceTree = "<group>"; };
		BAD2E8831B2D92CC00AA6C45 /* UIImage+WebP.h */ = {isa = PBXFileReference; fileEncoding = 4; lastKnownFileType = sourcecode.c.h; path = "UIImage+WebP.h"; sourceTree = "<group>"; };
		BAD2E8841B2D92CC00AA6C45 /* UIImage+WebP.m */ = {isa = PBXFileReference; fileEncoding = 4; lastKnownFileType = sourcecode.c.objc; path = "UIImage+WebP.m"; sourceTree = "<group>"; };
		BAD2E8851B2D92CC00AA6C45 /* UIImageView+HighlightedWebCache.h */ = {isa = PBXFileReference; fileEncoding = 4; lastKnownFileType = sourcecode.c.h; path = "UIImageView+HighlightedWebCache.h"; sourceTree = "<group>"; };
		BAD2E8861B2D92CC00AA6C45 /* UIImageView+HighlightedWebCache.m */ = {isa = PBXFileReference; fileEncoding = 4; lastKnownFileType = sourcecode.c.objc; path = "UIImageView+HighlightedWebCache.m"; sourceTree = "<group>"; };
		BAD2E8871B2D92CC00AA6C45 /* UIImageView+WebCache.h */ = {isa = PBXFileReference; fileEncoding = 4; lastKnownFileType = sourcecode.c.h; path = "UIImageView+WebCache.h"; sourceTree = "<group>"; };
		BAD2E8881B2D92CC00AA6C45 /* UIImageView+WebCache.m */ = {isa = PBXFileReference; fileEncoding = 4; lastKnownFileType = sourcecode.c.objc; path = "UIImageView+WebCache.m"; sourceTree = "<group>"; };
		BAD2E8891B2D92CC00AA6C45 /* UIView+WebCacheOperation.h */ = {isa = PBXFileReference; fileEncoding = 4; lastKnownFileType = sourcecode.c.h; path = "UIView+WebCacheOperation.h"; sourceTree = "<group>"; };
		BAD2E88A1B2D92CC00AA6C45 /* UIView+WebCacheOperation.m */ = {isa = PBXFileReference; fileEncoding = 4; lastKnownFileType = sourcecode.c.objc; path = "UIView+WebCacheOperation.m"; sourceTree = "<group>"; };
		BAD2E8CB1B2DBC7400AA6C45 /* Foundation+Log.m */ = {isa = PBXFileReference; fileEncoding = 4; lastKnownFileType = sourcecode.c.objc; path = "Foundation+Log.m"; sourceTree = "<group>"; };
		BAD2E8CC1B2DBC7400AA6C45 /* UIBarButtonItem+ButtonImageExt.h */ = {isa = PBXFileReference; fileEncoding = 4; lastKnownFileType = sourcecode.c.h; path = "UIBarButtonItem+ButtonImageExt.h"; sourceTree = "<group>"; };
		BAD2E8CD1B2DBC7400AA6C45 /* UIBarButtonItem+ButtonImageExt.m */ = {isa = PBXFileReference; fileEncoding = 4; lastKnownFileType = sourcecode.c.objc; path = "UIBarButtonItem+ButtonImageExt.m"; sourceTree = "<group>"; };
		BAD2E8CE1B2DBC7400AA6C45 /* UIImage+ResizeExt.h */ = {isa = PBXFileReference; fileEncoding = 4; lastKnownFileType = sourcecode.c.h; path = "UIImage+ResizeExt.h"; sourceTree = "<group>"; };
		BAD2E8CF1B2DBC7400AA6C45 /* UIImage+ResizeExt.m */ = {isa = PBXFileReference; fileEncoding = 4; lastKnownFileType = sourcecode.c.objc; path = "UIImage+ResizeExt.m"; sourceTree = "<group>"; };
		BAD2E8D01B2DBC7400AA6C45 /* UIView+ViewFrameExt.h */ = {isa = PBXFileReference; fileEncoding = 4; lastKnownFileType = sourcecode.c.h; path = "UIView+ViewFrameExt.h"; sourceTree = "<group>"; };
		BAD2E8D11B2DBC7400AA6C45 /* UIView+ViewFrameExt.m */ = {isa = PBXFileReference; fileEncoding = 4; lastKnownFileType = sourcecode.c.objc; path = "UIView+ViewFrameExt.m"; sourceTree = "<group>"; };
		BAD2E8D61B2DC3E300AA6C45 /* BKCallTool.h */ = {isa = PBXFileReference; fileEncoding = 4; lastKnownFileType = sourcecode.c.h; path = BKCallTool.h; sourceTree = "<group>"; };
		BAD2E8D71B2DC3E300AA6C45 /* BKCallTool.m */ = {isa = PBXFileReference; fileEncoding = 4; lastKnownFileType = sourcecode.c.objc; path = BKCallTool.m; sourceTree = "<group>"; };
		BADAB4E01B32B623007ED14E /* BKHomeController.h */ = {isa = PBXFileReference; fileEncoding = 4; lastKnownFileType = sourcecode.c.h; path = BKHomeController.h; sourceTree = "<group>"; };
		BADAB4E11B32B623007ED14E /* BKHomeController.m */ = {isa = PBXFileReference; fileEncoding = 4; lastKnownFileType = sourcecode.c.objc; path = BKHomeController.m; sourceTree = "<group>"; };
		BADAB4E31B32B623007ED14E /* BKCourseController.h */ = {isa = PBXFileReference; fileEncoding = 4; lastKnownFileType = sourcecode.c.h; path = BKCourseController.h; sourceTree = "<group>"; };
		BADAB4E41B32B623007ED14E /* BKCourseController.m */ = {isa = PBXFileReference; fileEncoding = 4; lastKnownFileType = sourcecode.c.objc; path = BKCourseController.m; sourceTree = "<group>"; };
		BADAB50F1B32B623007ED14E /* BKCourseCell.h */ = {isa = PBXFileReference; fileEncoding = 4; lastKnownFileType = sourcecode.c.h; path = BKCourseCell.h; sourceTree = "<group>"; };
		BADAB5101B32B623007ED14E /* BKCourseCell.m */ = {isa = PBXFileReference; fileEncoding = 4; lastKnownFileType = sourcecode.c.objc; path = BKCourseCell.m; sourceTree = "<group>"; };
		BADAB5271B32B73D007ED14E /* BKProfileController.h */ = {isa = PBXFileReference; fileEncoding = 4; lastKnownFileType = sourcecode.c.h; path = BKProfileController.h; sourceTree = "<group>"; };
		BADAB5281B32B73D007ED14E /* BKProfileController.m */ = {isa = PBXFileReference; fileEncoding = 4; lastKnownFileType = sourcecode.c.objc; path = BKProfileController.m; sourceTree = "<group>"; };
		BADAB52A1B32B73D007ED14E /* BKProfileAboutController.h */ = {isa = PBXFileReference; fileEncoding = 4; lastKnownFileType = sourcecode.c.h; path = BKProfileAboutController.h; sourceTree = "<group>"; };
		BADAB52B1B32B73D007ED14E /* BKProfileAboutController.m */ = {isa = PBXFileReference; fileEncoding = 4; lastKnownFileType = sourcecode.c.objc; path = BKProfileAboutController.m; sourceTree = "<group>"; };
		BADAB52D1B32B73D007ED14E /* BKProfileJoinController.h */ = {isa = PBXFileReference; fileEncoding = 4; lastKnownFileType = sourcecode.c.h; path = BKProfileJoinController.h; sourceTree = "<group>"; };
		BADAB52E1B32B73D007ED14E /* BKProfileJoinController.m */ = {isa = PBXFileReference; fileEncoding = 4; lastKnownFileType = sourcecode.c.objc; path = BKProfileJoinController.m; sourceTree = "<group>"; };
		BADAB5301B32B73D007ED14E /* BKProfileSuggestionController.h */ = {isa = PBXFileReference; fileEncoding = 4; lastKnownFileType = sourcecode.c.h; path = BKProfileSuggestionController.h; sourceTree = "<group>"; };
		BADAB5311B32B73D007ED14E /* BKProfileSuggestionController.m */ = {isa = PBXFileReference; fileEncoding = 4; lastKnownFileType = sourcecode.c.objc; path = BKProfileSuggestionController.m; sourceTree = "<group>"; };
		BADAB5341B32B73D007ED14E /* BKProfileArrowItem.h */ = {isa = PBXFileReference; fileEncoding = 4; lastKnownFileType = sourcecode.c.h; path = BKProfileArrowItem.h; sourceTree = "<group>"; };
		BADAB5351B32B73D007ED14E /* BKProfileArrowItem.m */ = {isa = PBXFileReference; fileEncoding = 4; lastKnownFileType = sourcecode.c.objc; path = BKProfileArrowItem.m; sourceTree = "<group>"; };
		BADAB5361B32B73D007ED14E /* BKProfileGroup.h */ = {isa = PBXFileReference; fileEncoding = 4; lastKnownFileType = sourcecode.c.h; path = BKProfileGroup.h; sourceTree = "<group>"; };
		BADAB5371B32B73D007ED14E /* BKProfileGroup.m */ = {isa = PBXFileReference; fileEncoding = 4; lastKnownFileType = sourcecode.c.objc; path = BKProfileGroup.m; sourceTree = "<group>"; };
		BADAB5381B32B73D007ED14E /* BKProfileItem.h */ = {isa = PBXFileReference; fileEncoding = 4; lastKnownFileType = sourcecode.c.h; path = BKProfileItem.h; sourceTree = "<group>"; };
		BADAB5391B32B73D007ED14E /* BKProfileItem.m */ = {isa = PBXFileReference; fileEncoding = 4; lastKnownFileType = sourcecode.c.objc; path = BKProfileItem.m; sourceTree = "<group>"; };
		BADAB53A1B32B73D007ED14E /* BKProfileTextItem.h */ = {isa = PBXFileReference; fileEncoding = 4; lastKnownFileType = sourcecode.c.h; path = BKProfileTextItem.h; sourceTree = "<group>"; };
		BADAB53B1B32B73D007ED14E /* BKProfileTextItem.m */ = {isa = PBXFileReference; fileEncoding = 4; lastKnownFileType = sourcecode.c.objc; path = BKProfileTextItem.m; sourceTree = "<group>"; };
		BADAB5411B32B73D007ED14E /* BKProfileCell.h */ = {isa = PBXFileReference; fileEncoding = 4; lastKnownFileType = sourcecode.c.h; path = BKProfileCell.h; sourceTree = "<group>"; };
		BADAB5421B32B73D007ED14E /* BKProfileCell.m */ = {isa = PBXFileReference; fileEncoding = 4; lastKnownFileType = sourcecode.c.objc; path = BKProfileCell.m; sourceTree = "<group>"; };
		BADAB54F1B32BE6E007ED14E /* BKTeacherView.h */ = {isa = PBXFileReference; fileEncoding = 4; lastKnownFileType = sourcecode.c.h; path = BKTeacherView.h; sourceTree = "<group>"; };
		BADAB5501B32BE6E007ED14E /* BKTeacherView.m */ = {isa = PBXFileReference; fileEncoding = 4; lastKnownFileType = sourcecode.c.objc; path = BKTeacherView.m; sourceTree = "<group>"; };
		BADAB5551B32C78D007ED14E /* BKTeachersView.h */ = {isa = PBXFileReference; fileEncoding = 4; lastKnownFileType = sourcecode.c.h; path = BKTeachersView.h; sourceTree = "<group>"; };
		BADAB5561B32C78D007ED14E /* BKTeachersView.m */ = {isa = PBXFileReference; fileEncoding = 4; lastKnownFileType = sourcecode.c.objc; path = BKTeachersView.m; sourceTree = "<group>"; };
		BADAB5581B32DF3E007ED14E /* BKTeacherController.h */ = {isa = PBXFileReference; fileEncoding = 4; lastKnownFileType = sourcecode.c.h; path = BKTeacherController.h; sourceTree = "<group>"; };
		BADAB5591B32DF3E007ED14E /* BKTeacherController.m */ = {isa = PBXFileReference; fileEncoding = 4; lastKnownFileType = sourcecode.c.objc; path = BKTeacherController.m; sourceTree = "<group>"; };
		BADAB55B1B3314BE007ED14E /* BKOneCourseResponse.h */ = {isa = PBXFileReference; fileEncoding = 4; lastKnownFileType = sourcecode.c.h; path = BKOneCourseResponse.h; sourceTree = "<group>"; };
		BADAB55C1B3314BE007ED14E /* BKOneCourseResponse.m */ = {isa = PBXFileReference; fileEncoding = 4; lastKnownFileType = sourcecode.c.objc; path = BKOneCourseResponse.m; sourceTree = "<group>"; };
		BADAB55E1B3314DC007ED14E /* BKOneCourseModel.h */ = {isa = PBXFileReference; fileEncoding = 4; lastKnownFileType = sourcecode.c.h; path = BKOneCourseModel.h; sourceTree = "<group>"; };
		BADAB55F1B3314DC007ED14E /* BKOneCourseModel.m */ = {isa = PBXFileReference; fileEncoding = 4; lastKnownFileType = sourcecode.c.objc; path = BKOneCourseModel.m; sourceTree = "<group>"; };
		BADAB5611B331ADF007ED14E /* BKOneTeacherModel.h */ = {isa = PBXFileReference; fileEncoding = 4; lastKnownFileType = sourcecode.c.h; path = BKOneTeacherModel.h; sourceTree = "<group>"; };
		BADAB5621B331ADF007ED14E /* BKOneTeacherModel.m */ = {isa = PBXFileReference; fileEncoding = 4; lastKnownFileType = sourcecode.c.objc; path = BKOneTeacherModel.m; sourceTree = "<group>"; };
/* End PBXFileReference section */

/* Begin PBXFrameworksBuildPhase section */
		BA9BF2DF1B2C14D30073F660 /* Frameworks */ = {
			isa = PBXFrameworksBuildPhase;
			buildActionMask = 2147483647;
			files = (
			);
			runOnlyForDeploymentPostprocessing = 0;
		};
		BA9BF2F81B2C14D40073F660 /* Frameworks */ = {
			isa = PBXFrameworksBuildPhase;
			buildActionMask = 2147483647;
			files = (
			);
			runOnlyForDeploymentPostprocessing = 0;
		};
/* End PBXFrameworksBuildPhase section */

/* Begin PBXGroup section */
		BA4E67311B3D53E5001C9DD1 /* 二级(详情) */ = {
			isa = PBXGroup;
			children = (
				BA4E674C1B3D5420001C9DD1 /* BKHotDetailController.h */,
				BA4E674D1B3D5420001C9DD1 /* BKHotDetailController.m */,
			);
			path = "二级(详情)";
			sourceTree = "<group>";
		};
		BA4E67321B3D53E5001C9DD1 /* 一级(热门) */ = {
			isa = PBXGroup;
			children = (
				BA4E67331B3D53E5001C9DD1 /* BKHotController.h */,
				BA4E67341B3D53E5001C9DD1 /* BKHotController.m */,
			);
			path = "一级(热门)";
			sourceTree = "<group>";
		};
		BA4E67391B3D53EE001C9DD1 /* 二级(详情) */ = {
			isa = PBXGroup;
			children = (
				BA4E674F1B3D551A001C9DD1 /* BKOneHotResponse.h */,
				BA4E67501B3D551A001C9DD1 /* BKOneHotResponse.m */,
			);
			path = "二级(详情)";
			sourceTree = "<group>";
		};
		BA4E673A1B3D53EE001C9DD1 /* 一级(热门) */ = {
			isa = PBXGroup;
			children = (
				BA4E673B1B3D53EE001C9DD1 /* BKHotResponse.h */,
				BA4E673C1B3D53EE001C9DD1 /* BKHotResponse.m */,
				BA4E673D1B3D53EE001C9DD1 /* BKHotTypeModel.h */,
				BA4E673E1B3D53EE001C9DD1 /* BKHotTypeModel.m */,
				BA4E673F1B3D53EE001C9DD1 /* BKOneHotModel.h */,
				BA4E67401B3D53EE001C9DD1 /* BKOneHotModel.m */,
			);
			path = "一级(热门)";
			sourceTree = "<group>";
		};
		BA4E67441B3D53F4001C9DD1 /* 二级(详情) */ = {
			isa = PBXGroup;
			children = (
			);
			path = "二级(详情)";
			sourceTree = "<group>";
		};
		BA4E67451B3D53F4001C9DD1 /* 一级(热门) */ = {
			isa = PBXGroup;
			children = (
				BA4E67461B3D53F4001C9DD1 /* BKHotCell.h */,
				BA4E67471B3D53F4001C9DD1 /* BKHotCell.m */,
				BA4E67481B3D53F4001C9DD1 /* BKSectionHeaderView.h */,
				BA4E67491B3D53F4001C9DD1 /* BKSectionHeaderView.m */,
			);
			path = "一级(热门)";
			sourceTree = "<group>";
		};
		BA9BF2D91B2C14D30073F660 = {
			isa = PBXGroup;
			children = (
				BA9BF2E41B2C14D30073F660 /* BUKACH */,
				BA9BF2FE1B2C14D40073F660 /* BUKACHTests */,
				BA9BF2E31B2C14D30073F660 /* Products */,
			);
			sourceTree = "<group>";
		};
		BA9BF2E31B2C14D30073F660 /* Products */ = {
			isa = PBXGroup;
			children = (
				BA9BF2E21B2C14D30073F660 /* BUKACH.app */,
				BA9BF2FB1B2C14D40073F660 /* BUKACHTests.xctest */,
			);
			name = Products;
			sourceTree = "<group>";
		};
		BA9BF2E41B2C14D30073F660 /* BUKACH */ = {
			isa = PBXGroup;
			children = (
				BA9BF30B1B2C17400073F660 /* Classes */,
				BA9BF2E51B2C14D30073F660 /* Supporting Files */,
			);
			path = BUKACH;
			sourceTree = "<group>";
		};
		BA9BF2E51B2C14D30073F660 /* Supporting Files */ = {
			isa = PBXGroup;
			children = (
				BA9BF3391B2C1BBC0073F660 /* LaunchScreen.xib */,
				BA9BF3381B2C1B8A0073F660 /* bukachPrefix.pch */,
				BA9BF2E61B2C14D30073F660 /* Info.plist */,
				BA9BF2E71B2C14D30073F660 /* main.m */,
				BAAB0F371B2FCF19001DA224 /* 备忘 */,
				BA9BF2F21B2C14D40073F660 /* Images.xcassets */,
			);
			name = "Supporting Files";
			sourceTree = "<group>";
		};
		BA9BF2FE1B2C14D40073F660 /* BUKACHTests */ = {
			isa = PBXGroup;
			children = (
				BA9BF3011B2C14D40073F660 /* BUKACHTests.m */,
				BA9BF2FF1B2C14D40073F660 /* Supporting Files */,
			);
			path = BUKACHTests;
			sourceTree = "<group>";
		};
		BA9BF2FF1B2C14D40073F660 /* Supporting Files */ = {
			isa = PBXGroup;
			children = (
				BA9BF3001B2C14D40073F660 /* Info.plist */,
			);
			name = "Supporting Files";
			sourceTree = "<group>";
		};
		BA9BF30B1B2C17400073F660 /* Classes */ = {
			isa = PBXGroup;
			children = (
				BA9BF3181B2C17410073F660 /* Main(主要) */,
				BADAB4DD1B32B623007ED14E /* Home(首页) */,
				BA9BF30C1B2C17400073F660 /* Grace(风采) */,
				BA9BF3141B2C17410073F660 /* Hot(热门) */,
				BADAB5241B32B73D007ED14E /* Profile(我) */,
			);
			path = Classes;
			sourceTree = "<group>";
		};
		BA9BF30C1B2C17400073F660 /* Grace(风采) */ = {
			isa = PBXGroup;
			children = (
				BA9BF30D1B2C17400073F660 /* Controllers */,
				BA9BF30E1B2C17400073F660 /* Models */,
				BAB387801B38FD8800211970 /* Views */,
			);
			path = "Grace(风采)";
			sourceTree = "<group>";
		};
		BA9BF30D1B2C17400073F660 /* Controllers */ = {
			isa = PBXGroup;
			children = (
				BAC56BA61B3A78D100C7B900 /* 一级(风采) */,
				BAC56BA51B3A78D100C7B900 /* 二级(详细) */,
			);
			path = Controllers;
			sourceTree = "<group>";
		};
		BA9BF30E1B2C17400073F660 /* Models */ = {
			isa = PBXGroup;
			children = (
				BAC56BAB1B3A78D900C7B900 /* 一级(风采) */,
				BAC56BAA1B3A78D900C7B900 /* 二级(详细) */,
			);
			path = Models;
			sourceTree = "<group>";
		};
		BA9BF3141B2C17410073F660 /* Hot(热门) */ = {
			isa = PBXGroup;
			children = (
				BA9BF3151B2C17410073F660 /* Controllers */,
				BA9BF3161B2C17410073F660 /* Models */,
				BA9BF3171B2C17410073F660 /* Views */,
			);
			path = "Hot(热门)";
			sourceTree = "<group>";
		};
		BA9BF3151B2C17410073F660 /* Controllers */ = {
			isa = PBXGroup;
			children = (
				BA4E67321B3D53E5001C9DD1 /* 一级(热门) */,
				BA4E67311B3D53E5001C9DD1 /* 二级(详情) */,
			);
			path = Controllers;
			sourceTree = "<group>";
		};
		BA9BF3161B2C17410073F660 /* Models */ = {
			isa = PBXGroup;
			children = (
				BA4E673A1B3D53EE001C9DD1 /* 一级(热门) */,
				BA4E67391B3D53EE001C9DD1 /* 二级(详情) */,
			);
			path = Models;
			sourceTree = "<group>";
		};
		BA9BF3171B2C17410073F660 /* Views */ = {
			isa = PBXGroup;
			children = (
				BA4E67451B3D53F4001C9DD1 /* 一级(热门) */,
				BA4E67441B3D53F4001C9DD1 /* 二级(详情) */,
			);
			path = Views;
			sourceTree = "<group>";
		};
		BA9BF3181B2C17410073F660 /* Main(主要) */ = {
			isa = PBXGroup;
			children = (
				BA9BF31C1B2C17410073F660 /* Others(入口) */,
				BA9BF3191B2C17410073F660 /* Controllers */,
				BA9BF31B1B2C17410073F660 /* Models */,
				BA9BF3201B2C17410073F660 /* Views */,
				BA9BF31F1B2C17410073F660 /* Tools */,
				BAD2E8CA1B2DBC7400AA6C45 /* Categories */,
				BA9BF31A1B2C17410073F660 /* Libs */,
			);
			path = "Main(主要)";
			sourceTree = "<group>";
		};
		BA9BF3191B2C17410073F660 /* Controllers */ = {
			isa = PBXGroup;
			children = (
				BA9BF3261B2C182B0073F660 /* BKTabBarController.h */,
				BA9BF3271B2C182B0073F660 /* BKTabBarController.m */,
				BA9BF3291B2C18430073F660 /* BKNavigationController.h */,
				BA9BF32A1B2C18430073F660 /* BKNavigationController.m */,
			);
			path = Controllers;
			sourceTree = "<group>";
		};
		BA9BF31A1B2C17410073F660 /* Libs */ = {
			isa = PBXGroup;
			children = (
				BAD2E83B1B2D92CC00AA6C45 /* AFNetworking */,
				BAD2E84F1B2D92CC00AA6C45 /* MBProgressHUD */,
				BAD2E8691B2D92CC00AA6C45 /* SDWebImage */,
			);
			path = Libs;
			sourceTree = "<group>";
		};
		BA9BF31B1B2C17410073F660 /* Models */ = {
			isa = PBXGroup;
			children = (
			);
			path = Models;
			sourceTree = "<group>";
		};
		BA9BF31C1B2C17410073F660 /* Others(入口) */ = {
			isa = PBXGroup;
			children = (
				BA9BF31D1B2C17410073F660 /* BKAppDelegate.h */,
				BA9BF31E1B2C17410073F660 /* BKAppDelegate.m */,
			);
			path = "Others(入口)";
			sourceTree = "<group>";
		};
		BA9BF31F1B2C17410073F660 /* Tools */ = {
			isa = PBXGroup;
			children = (
				BAD2E8381B2D926900AA6C45 /* BKHttpTool.h */,
				BAD2E8391B2D926900AA6C45 /* BKHttpTool.m */,
				BAD2E8D61B2DC3E300AA6C45 /* BKCallTool.h */,
				BAD2E8D71B2DC3E300AA6C45 /* BKCallTool.m */,
			);
			path = Tools;
			sourceTree = "<group>";
		};
		BA9BF3201B2C17410073F660 /* Views */ = {
			isa = PBXGroup;
			children = (
			);
			path = Views;
			sourceTree = "<group>";
		};
		BAB387361B38EEBC00211970 /* 分类 */ = {
			isa = PBXGroup;
			children = (
				BAB387371B38EEBC00211970 /* BKCategoryController.h */,
				BAB387381B38EEBC00211970 /* BKCategoryController.m */,
			);
			path = "分类";
			sourceTree = "<group>";
		};
		BAB387391B38EEBC00211970 /* 广告 */ = {
			isa = PBXGroup;
			children = (
				BAB3873A1B38EEBC00211970 /* BKAdsController.h */,
				BAB3873B1B38EEBC00211970 /* BKAdsController.m */,
			);
			path = "广告";
			sourceTree = "<group>";
		};
		BAB3873E1B38EF2400211970 /* 分类 */ = {
			isa = PBXGroup;
			children = (
				BAB3873F1B38EF2400211970 /* BKCourseResponse.h */,
				BAB387401B38EF2400211970 /* BKCourseResponse.m */,
				BAC858921B3BBF48003536A8 /* Frame */,
			);
			path = "分类";
			sourceTree = "<group>";
		};
		BAB387411B38EF2400211970 /* 广告 */ = {
			isa = PBXGroup;
			children = (
			);
			path = "广告";
			sourceTree = "<group>";
		};
		BAB387461B38EF7C00211970 /* 分类区 */ = {
			isa = PBXGroup;
			children = (
				BAB387711B38F7AC00211970 /* BKCategoryResponse.h */,
				BAB387721B38F7AC00211970 /* BKCategoryResponse.m */,
				BAB387491B38EF7C00211970 /* BKOneCategoryModel.h */,
				BAB3874A1B38EF7C00211970 /* BKOneCategoryModel.m */,
			);
			path = "分类区";
			sourceTree = "<group>";
		};
		BAB3874B1B38EF7C00211970 /* 广告区 */ = {
			isa = PBXGroup;
			children = (
				BAB3874C1B38EF7C00211970 /* BKAdsResponse.h */,
				BAB3874D1B38EF7C00211970 /* BKAdsResponse.m */,
				BAB3876E1B38F79F00211970 /* BKOneAdsModel.h */,
				BAB3876F1B38F79F00211970 /* BKOneAdsModel.m */,
			);
			path = "广告区";
			sourceTree = "<group>";
		};
		BAB387541B38EFC600211970 /* 分类区 */ = {
			isa = PBXGroup;
			children = (
				BAB387551B38EFC600211970 /* BKCategoriesView.h */,
				BAB387561B38EFC600211970 /* BKCategoriesView.m */,
				BAB387571B38EFC600211970 /* BKCategoryView.h */,
				BAB387581B38EFC600211970 /* BKCategoryView.m */,
				BAB387591B38EFC600211970 /* BKLeftRightView.h */,
				BAB3875A1B38EFC600211970 /* BKLeftRightView.m */,
				BAB3875B1B38EFC600211970 /* BKUpDownView.h */,
				BAB3875C1B38EFC600211970 /* BKUpDownView.m */,
			);
			path = "分类区";
			sourceTree = "<group>";
		};
		BAB3875D1B38EFC600211970 /* 广告区 */ = {
			isa = PBXGroup;
			children = (
				BAB3875E1B38EFC600211970 /* BKAdsView.h */,
				BAB3875F1B38EFC600211970 /* BKAdsView.m */,
				BAB387601B38EFC600211970 /* BKAdView.h */,
				BAB387611B38EFC600211970 /* BKAdView.m */,
			);
			path = "广告区";
			sourceTree = "<group>";
		};
		BAB387801B38FD8800211970 /* Views */ = {
			isa = PBXGroup;
			children = (
				BAC56BB61B3A78E100C7B900 /* 一级(风采) */,
				BAC56BB51B3A78E100C7B900 /* 二级(详细) */,
			);
			path = Views;
			sourceTree = "<group>";
		};
		BAC56BA51B3A78D100C7B900 /* 二级(详细) */ = {
			isa = PBXGroup;
			children = (
				BAC56BC01B3A792700C7B900 /* BKGraceDetailController.h */,
				BAC56BC11B3A792700C7B900 /* BKGraceDetailController.m */,
			);
			path = "二级(详细)";
			sourceTree = "<group>";
		};
		BAC56BA61B3A78D100C7B900 /* 一级(风采) */ = {
			isa = PBXGroup;
			children = (
				BAC56BA71B3A78D100C7B900 /* BKGraceController.h */,
				BAC56BA81B3A78D100C7B900 /* BKGraceController.m */,
			);
			path = "一级(风采)";
			sourceTree = "<group>";
		};
		BAC56BAA1B3A78D900C7B900 /* 二级(详细) */ = {
			isa = PBXGroup;
			children = (
			);
			path = "二级(详细)";
			sourceTree = "<group>";
		};
		BAC56BAB1B3A78D900C7B900 /* 一级(风采) */ = {
			isa = PBXGroup;
			children = (
				BAC56BAE1B3A78D900C7B900 /* BKGraceResponse.h */,
				BAC56BAF1B3A78D900C7B900 /* BKGraceResponse.m */,
				BAC56BB01B3A78D900C7B900 /* BKOneGraceModel.h */,
				BAC56BB11B3A78D900C7B900 /* BKOneGraceModel.m */,
				BAC8589D1B3C1C8A003536A8 /* Frame */,
			);
			path = "一级(风采)";
			sourceTree = "<group>";
		};
		BAC56BB51B3A78E100C7B900 /* 二级(详细) */ = {
			isa = PBXGroup;
			children = (
				BAC56BC61B3A89DE00C7B900 /* BKPhotosView.h */,
				BAC56BC71B3A89DE00C7B900 /* BKPhotosView.m */,
				BAC56BC91B3A8AEF00C7B900 /* BKPhotoView.h */,
				BAC56BCA1B3A8AEF00C7B900 /* BKPhotoView.m */,
			);
			path = "二级(详细)";
			sourceTree = "<group>";
		};
		BAC56BB61B3A78E100C7B900 /* 一级(风采) */ = {
			isa = PBXGroup;
			children = (
				BAC56BB91B3A78E100C7B900 /* BKGraceWaterFlowView.h */,
				BAC56BBA1B3A78E100C7B900 /* BKGraceWaterFlowView.m */,
				BAC56BBB1B3A78E100C7B900 /* BKWaterFlowBaseCell.h */,
				BAC56BBC1B3A78E100C7B900 /* BKWaterFlowBaseCell.m */,
				BAC56BB71B3A78E100C7B900 /* BKGraceCell.h */,
				BAC56BB81B3A78E100C7B900 /* BKGraceCell.m */,
				BAC858CC1B3C3279003536A8 /* RefreshView */,
			);
			path = "一级(风采)";
			sourceTree = "<group>";
		};
		BAC858921B3BBF48003536A8 /* Frame */ = {
			isa = PBXGroup;
			children = (
				BAC858931B3BBF48003536A8 /* BKCourseFrame.h */,
				BAC858941B3BBF48003536A8 /* BKCourseFrame.m */,
			);
			name = Frame;
			path = "../广告/Frame";
			sourceTree = "<group>";
		};
		BAC858991B3BEE9E003536A8 /* Frame */ = {
			isa = PBXGroup;
			children = (
				BAC8589A1B3BEE9E003536A8 /* BKJobFrame.h */,
				BAC8589B1B3BEE9E003536A8 /* BKJobFrame.m */,
			);
			path = Frame;
			sourceTree = "<group>";
		};
		BAC8589D1B3C1C8A003536A8 /* Frame */ = {
			isa = PBXGroup;
			children = (
				BAC8589E1B3C1C8A003536A8 /* BKGraceFrame.h */,
				BAC8589F1B3C1C8A003536A8 /* BKGraceFrame.m */,
			);
			path = Frame;
			sourceTree = "<group>";
		};
		BAC858CC1B3C3279003536A8 /* RefreshView */ = {
			isa = PBXGroup;
			children = (
				BAC858D01B3C32A5003536A8 /* BKRefreshView.h */,
				BAC858D11B3C32A5003536A8 /* BKRefreshView.m */,
			);
			path = RefreshView;
			sourceTree = "<group>";
		};
		BAD2E83B1B2D92CC00AA6C45 /* AFNetworking */ = {
			isa = PBXGroup;
			children = (
				BAD2E83C1B2D92CC00AA6C45 /* AFHTTPRequestOperation.h */,
				BAD2E83D1B2D92CC00AA6C45 /* AFHTTPRequestOperation.m */,
				BAD2E83E1B2D92CC00AA6C45 /* AFHTTPRequestOperationManager.h */,
				BAD2E83F1B2D92CC00AA6C45 /* AFHTTPRequestOperationManager.m */,
				BAD2E8401B2D92CC00AA6C45 /* AFHTTPSessionManager.h */,
				BAD2E8411B2D92CC00AA6C45 /* AFHTTPSessionManager.m */,
				BAD2E8421B2D92CC00AA6C45 /* AFNetworking.h */,
				BAD2E8431B2D92CC00AA6C45 /* AFNetworkReachabilityManager.h */,
				BAD2E8441B2D92CC00AA6C45 /* AFNetworkReachabilityManager.m */,
				BAD2E8451B2D92CC00AA6C45 /* AFSecurityPolicy.h */,
				BAD2E8461B2D92CC00AA6C45 /* AFSecurityPolicy.m */,
				BAD2E8471B2D92CC00AA6C45 /* AFURLConnectionOperation.h */,
				BAD2E8481B2D92CC00AA6C45 /* AFURLConnectionOperation.m */,
				BAD2E8491B2D92CC00AA6C45 /* AFURLRequestSerialization.h */,
				BAD2E84A1B2D92CC00AA6C45 /* AFURLRequestSerialization.m */,
				BAD2E84B1B2D92CC00AA6C45 /* AFURLResponseSerialization.h */,
				BAD2E84C1B2D92CC00AA6C45 /* AFURLResponseSerialization.m */,
				BAD2E84D1B2D92CC00AA6C45 /* AFURLSessionManager.h */,
				BAD2E84E1B2D92CC00AA6C45 /* AFURLSessionManager.m */,
			);
			path = AFNetworking;
			sourceTree = "<group>";
		};
		BAD2E84F1B2D92CC00AA6C45 /* MBProgressHUD */ = {
			isa = PBXGroup;
			children = (
				BAD2E8501B2D92CC00AA6C45 /* MBProgressHUD+LY.h */,
				BAD2E8511B2D92CC00AA6C45 /* MBProgressHUD+LY.m */,
				BAD2E8521B2D92CC00AA6C45 /* MBProgressHUD.bundle */,
				BAD2E8531B2D92CC00AA6C45 /* MBProgressHUD.h */,
				BAD2E8541B2D92CC00AA6C45 /* MBProgressHUD.m */,
			);
			path = MBProgressHUD;
			sourceTree = "<group>";
		};
		BAD2E8691B2D92CC00AA6C45 /* SDWebImage */ = {
			isa = PBXGroup;
			children = (
				BAD2E86A1B2D92CC00AA6C45 /* MKAnnotationView+WebCache.h */,
				BAD2E86B1B2D92CC00AA6C45 /* MKAnnotationView+WebCache.m */,
				BAD2E86C1B2D92CC00AA6C45 /* NSData+ImageContentType.h */,
				BAD2E86D1B2D92CC00AA6C45 /* NSData+ImageContentType.m */,
				BAD2E86E1B2D92CC00AA6C45 /* SDImageCache.h */,
				BAD2E86F1B2D92CC00AA6C45 /* SDImageCache.m */,
				BAD2E8701B2D92CC00AA6C45 /* SDWebImageCompat.h */,
				BAD2E8711B2D92CC00AA6C45 /* SDWebImageCompat.m */,
				BAD2E8721B2D92CC00AA6C45 /* SDWebImageDecoder.h */,
				BAD2E8731B2D92CC00AA6C45 /* SDWebImageDecoder.m */,
				BAD2E8741B2D92CC00AA6C45 /* SDWebImageDownloader.h */,
				BAD2E8751B2D92CC00AA6C45 /* SDWebImageDownloader.m */,
				BAD2E8761B2D92CC00AA6C45 /* SDWebImageDownloaderOperation.h */,
				BAD2E8771B2D92CC00AA6C45 /* SDWebImageDownloaderOperation.m */,
				BAD2E8781B2D92CC00AA6C45 /* SDWebImageManager.h */,
				BAD2E8791B2D92CC00AA6C45 /* SDWebImageManager.m */,
				BAD2E87A1B2D92CC00AA6C45 /* SDWebImageOperation.h */,
				BAD2E87B1B2D92CC00AA6C45 /* SDWebImagePrefetcher.h */,
				BAD2E87C1B2D92CC00AA6C45 /* SDWebImagePrefetcher.m */,
				BAD2E87D1B2D92CC00AA6C45 /* UIButton+WebCache.h */,
				BAD2E87E1B2D92CC00AA6C45 /* UIButton+WebCache.m */,
				BAD2E87F1B2D92CC00AA6C45 /* UIImage+GIF.h */,
				BAD2E8801B2D92CC00AA6C45 /* UIImage+GIF.m */,
				BAD2E8811B2D92CC00AA6C45 /* UIImage+MultiFormat.h */,
				BAD2E8821B2D92CC00AA6C45 /* UIImage+MultiFormat.m */,
				BAD2E8831B2D92CC00AA6C45 /* UIImage+WebP.h */,
				BAD2E8841B2D92CC00AA6C45 /* UIImage+WebP.m */,
				BAD2E8851B2D92CC00AA6C45 /* UIImageView+HighlightedWebCache.h */,
				BAD2E8861B2D92CC00AA6C45 /* UIImageView+HighlightedWebCache.m */,
				BAD2E8871B2D92CC00AA6C45 /* UIImageView+WebCache.h */,
				BAD2E8881B2D92CC00AA6C45 /* UIImageView+WebCache.m */,
				BAD2E8891B2D92CC00AA6C45 /* UIView+WebCacheOperation.h */,
				BAD2E88A1B2D92CC00AA6C45 /* UIView+WebCacheOperation.m */,
			);
			path = SDWebImage;
			sourceTree = "<group>";
		};
		BAD2E8CA1B2DBC7400AA6C45 /* Categories */ = {
			isa = PBXGroup;
			children = (
				BAD2E8CB1B2DBC7400AA6C45 /* Foundation+Log.m */,
				BAD2E8CC1B2DBC7400AA6C45 /* UIBarButtonItem+ButtonImageExt.h */,
				BAD2E8CD1B2DBC7400AA6C45 /* UIBarButtonItem+ButtonImageExt.m */,
				BAD2E8CE1B2DBC7400AA6C45 /* UIImage+ResizeExt.h */,
				BAD2E8CF1B2DBC7400AA6C45 /* UIImage+ResizeExt.m */,
				BAD2E8D01B2DBC7400AA6C45 /* UIView+ViewFrameExt.h */,
				BAD2E8D11B2DBC7400AA6C45 /* UIView+ViewFrameExt.m */,
			);
			path = Categories;
			sourceTree = "<group>";
		};
		BADAB4DD1B32B623007ED14E /* Home(首页) */ = {
			isa = PBXGroup;
			children = (
				BADAB4DE1B32B623007ED14E /* Controllers */,
				BADAB4EB1B32B623007ED14E /* Models */,
				BADAB4FF1B32B623007ED14E /* Views */,
			);
			name = "Home(首页)";
			path = "Main(主要)/Home(首页)";
			sourceTree = "<group>";
		};
		BADAB4DE1B32B623007ED14E /* Controllers */ = {
			isa = PBXGroup;
			children = (
				BADAB4DF1B32B623007ED14E /* 一级(首页) */,
				BADAB4E51B32B623007ED14E /* 二级(广告-分类) */,
				BADAB4E21B32B623007ED14E /* 三级(课程) */,
				BADAB4EA1B32B623007ED14E /* 四级(教师) */,
			);
			path = Controllers;
			sourceTree = "<group>";
		};
		BADAB4DF1B32B623007ED14E /* 一级(首页) */ = {
			isa = PBXGroup;
			children = (
				BADAB4E01B32B623007ED14E /* BKHomeController.h */,
				BADAB4E11B32B623007ED14E /* BKHomeController.m */,
			);
			path = "一级(首页)";
			sourceTree = "<group>";
		};
		BADAB4E21B32B623007ED14E /* 三级(课程) */ = {
			isa = PBXGroup;
			children = (
				BADAB4E31B32B623007ED14E /* BKCourseController.h */,
				BADAB4E41B32B623007ED14E /* BKCourseController.m */,
			);
			path = "三级(课程)";
			sourceTree = "<group>";
		};
		BADAB4E51B32B623007ED14E /* 二级(广告-分类) */ = {
			isa = PBXGroup;
			children = (
				BAB387391B38EEBC00211970 /* 广告 */,
				BAB387361B38EEBC00211970 /* 分类 */,
			);
			path = "二级(广告-分类)";
			sourceTree = "<group>";
		};
		BADAB4EA1B32B623007ED14E /* 四级(教师) */ = {
			isa = PBXGroup;
			children = (
				BADAB5581B32DF3E007ED14E /* BKTeacherController.h */,
				BADAB5591B32DF3E007ED14E /* BKTeacherController.m */,
			);
			path = "四级(教师)";
			sourceTree = "<group>";
		};
		BADAB4EB1B32B623007ED14E /* Models */ = {
			isa = PBXGroup;
			children = (
				BADAB4EC1B32B623007ED14E /* 一级(首页) */,
				BADAB4F61B32B623007ED14E /* 二级(广告-分类) */,
				BADAB4F51B32B623007ED14E /* 三级(课程) */,
				BADAB4FE1B32B623007ED14E /* 四级(教师) */,
			);
			path = Models;
			sourceTree = "<group>";
		};
		BADAB4EC1B32B623007ED14E /* 一级(首页) */ = {
			isa = PBXGroup;
			children = (
				BAB3874B1B38EF7C00211970 /* 广告区 */,
				BAB387461B38EF7C00211970 /* 分类区 */,
			);
			path = "一级(首页)";
			sourceTree = "<group>";
		};
		BADAB4F51B32B623007ED14E /* 三级(课程) */ = {
			isa = PBXGroup;
			children = (
				BADAB55B1B3314BE007ED14E /* BKOneCourseResponse.h */,
				BADAB55C1B3314BE007ED14E /* BKOneCourseResponse.m */,
				BADAB55E1B3314DC007ED14E /* BKOneCourseModel.h */,
				BADAB55F1B3314DC007ED14E /* BKOneCourseModel.m */,
			);
			path = "三级(课程)";
			sourceTree = "<group>";
		};
		BADAB4F61B32B623007ED14E /* 二级(广告-分类) */ = {
			isa = PBXGroup;
			children = (
				BAB387411B38EF2400211970 /* 广告 */,
				BAB3873E1B38EF2400211970 /* 分类 */,
			);
			path = "二级(广告-分类)";
			sourceTree = "<group>";
		};
		BADAB4FE1B32B623007ED14E /* 四级(教师) */ = {
			isa = PBXGroup;
			children = (
				BA6E06211B33A84300A41C3F /* BKOneTeacherResponse.h */,
				BA6E06221B33A84300A41C3F /* BKOneTeacherResponse.m */,
				BADAB5611B331ADF007ED14E /* BKOneTeacherModel.h */,
				BADAB5621B331ADF007ED14E /* BKOneTeacherModel.m */,
			);
			path = "四级(教师)";
			sourceTree = "<group>";
		};
		BADAB4FF1B32B623007ED14E /* Views */ = {
			isa = PBXGroup;
			children = (
				BADAB5001B32B623007ED14E /* 一级(首页) */,
				BADAB50E1B32B623007ED14E /* 二级(广告-分类) */,
				BADAB50D1B32B623007ED14E /* 三级(课程) */,
				BADAB5111B32B623007ED14E /* 四级(教师) */,
			);
			path = Views;
			sourceTree = "<group>";
		};
		BADAB5001B32B623007ED14E /* 一级(首页) */ = {
			isa = PBXGroup;
			children = (
				BAB3875D1B38EFC600211970 /* 广告区 */,
				BAB387541B38EFC600211970 /* 分类区 */,
			);
			path = "一级(首页)";
			sourceTree = "<group>";
		};
		BADAB50D1B32B623007ED14E /* 三级(课程) */ = {
			isa = PBXGroup;
			children = (
				BADAB5551B32C78D007ED14E /* BKTeachersView.h */,
				BADAB5561B32C78D007ED14E /* BKTeachersView.m */,
				BADAB54F1B32BE6E007ED14E /* BKTeacherView.h */,
				BADAB5501B32BE6E007ED14E /* BKTeacherView.m */,
			);
			path = "三级(课程)";
			sourceTree = "<group>";
		};
		BADAB50E1B32B623007ED14E /* 二级(广告-分类) */ = {
			isa = PBXGroup;
			children = (
				BADAB50F1B32B623007ED14E /* BKCourseCell.h */,
				BADAB5101B32B623007ED14E /* BKCourseCell.m */,
			);
			path = "二级(广告-分类)";
			sourceTree = "<group>";
		};
		BADAB5111B32B623007ED14E /* 四级(教师) */ = {
			isa = PBXGroup;
			children = (
			);
			path = "四级(教师)";
			sourceTree = "<group>";
		};
		BADAB5241B32B73D007ED14E /* Profile(我) */ = {
			isa = PBXGroup;
			children = (
				BADAB5251B32B73D007ED14E /* Controllers */,
				BADAB5321B32B73D007ED14E /* Models */,
				BADAB53F1B32B73D007ED14E /* Views */,
			);
			path = "Profile(我)";
			sourceTree = "<group>";
		};
		BADAB5251B32B73D007ED14E /* Controllers */ = {
			isa = PBXGroup;
			children = (
				BADAB5261B32B73D007ED14E /* 一级(我) */,
				BADAB52F1B32B73D007ED14E /* 二级(建议箱) */,
				BADAB5291B32B73D007ED14E /* 二级(关于我们) */,
				BADAB52C1B32B73D007ED14E /* 二级(加入我们) */,
			);
			path = Controllers;
			sourceTree = "<group>";
		};
		BADAB5261B32B73D007ED14E /* 一级(我) */ = {
			isa = PBXGroup;
			children = (
				BADAB5271B32B73D007ED14E /* BKProfileController.h */,
				BADAB5281B32B73D007ED14E /* BKProfileController.m */,
			);
			path = "一级(我)";
			sourceTree = "<group>";
		};
		BADAB5291B32B73D007ED14E /* 二级(关于我们) */ = {
			isa = PBXGroup;
			children = (
				BADAB52A1B32B73D007ED14E /* BKProfileAboutController.h */,
				BADAB52B1B32B73D007ED14E /* BKProfileAboutController.m */,
			);
			path = "二级(关于我们)";
			sourceTree = "<group>";
		};
		BADAB52C1B32B73D007ED14E /* 二级(加入我们) */ = {
			isa = PBXGroup;
			children = (
				BADAB52D1B32B73D007ED14E /* BKProfileJoinController.h */,
				BADAB52E1B32B73D007ED14E /* BKProfileJoinController.m */,
			);
			path = "二级(加入我们)";
			sourceTree = "<group>";
		};
		BADAB52F1B32B73D007ED14E /* 二级(建议箱) */ = {
			isa = PBXGroup;
			children = (
				BADAB5301B32B73D007ED14E /* BKProfileSuggestionController.h */,
				BADAB5311B32B73D007ED14E /* BKProfileSuggestionController.m */,
			);
			path = "二级(建议箱)";
			sourceTree = "<group>";
		};
		BADAB5321B32B73D007ED14E /* Models */ = {
			isa = PBXGroup;
			children = (
				BADAB5331B32B73D007ED14E /* 一级(我) */,
				BADAB53E1B32B73D007ED14E /* 二级(建议箱) */,
				BADAB53C1B32B73D007ED14E /* 二级(关于我们) */,
				BADAB53D1B32B73D007ED14E /* 二级(加入我们) */,
			);
			path = Models;
			sourceTree = "<group>";
		};
		BADAB5331B32B73D007ED14E /* 一级(我) */ = {
			isa = PBXGroup;
			children = (
				BADAB5341B32B73D007ED14E /* BKProfileArrowItem.h */,
				BADAB5351B32B73D007ED14E /* BKProfileArrowItem.m */,
				BADAB5361B32B73D007ED14E /* BKProfileGroup.h */,
				BADAB5371B32B73D007ED14E /* BKProfileGroup.m */,
				BADAB5381B32B73D007ED14E /* BKProfileItem.h */,
				BADAB5391B32B73D007ED14E /* BKProfileItem.m */,
				BADAB53A1B32B73D007ED14E /* BKProfileTextItem.h */,
				BADAB53B1B32B73D007ED14E /* BKProfileTextItem.m */,
			);
			path = "一级(我)";
			sourceTree = "<group>";
		};
		BADAB53C1B32B73D007ED14E /* 二级(关于我们) */ = {
			isa = PBXGroup;
			children = (
				BAC858801B3B92B6003536A8 /* BKAboutResponse.h */,
				BAC858811B3B92B6003536A8 /* BKAboutResponse.m */,
				BAC858831B3B92F3003536A8 /* BKAboutModel.h */,
				BAC858841B3B92F3003536A8 /* BKAboutModel.m */,
			);
			path = "二级(关于我们)";
			sourceTree = "<group>";
		};
		BADAB53D1B32B73D007ED14E /* 二级(加入我们) */ = {
			isa = PBXGroup;
			children = (
				BAC858861B3B9B46003536A8 /* BKJobsResponse.h */,
				BAC858871B3B9B46003536A8 /* BKJobsResponse.m */,
				BAC858891B3B9B59003536A8 /* BKOneJobModel.h */,
				BAC8588A1B3B9B59003536A8 /* BKOneJobModel.m */,
				BAC858991B3BEE9E003536A8 /* Frame */,
			);
			path = "二级(加入我们)";
			sourceTree = "<group>";
		};
		BADAB53E1B32B73D007ED14E /* 二级(建议箱) */ = {
			isa = PBXGroup;
			children = (
			);
			path = "二级(建议箱)";
			sourceTree = "<group>";
		};
		BADAB53F1B32B73D007ED14E /* Views */ = {
			isa = PBXGroup;
			children = (
				BADAB5401B32B73D007ED14E /* 一级(我) */,
				BADAB5451B32B73D007ED14E /* 二级(建议箱) */,
				BADAB5431B32B73D007ED14E /* 二级(关于我们) */,
				BADAB5441B32B73D007ED14E /* 二级(加入我们) */,
			);
			path = Views;
			sourceTree = "<group>";
		};
		BADAB5401B32B73D007ED14E /* 一级(我) */ = {
			isa = PBXGroup;
			children = (
				BADAB5411B32B73D007ED14E /* BKProfileCell.h */,
				BADAB5421B32B73D007ED14E /* BKProfileCell.m */,
			);
			path = "一级(我)";
			sourceTree = "<group>";
		};
		BADAB5431B32B73D007ED14E /* 二级(关于我们) */ = {
			isa = PBXGroup;
			children = (
			);
			path = "二级(关于我们)";
			sourceTree = "<group>";
		};
		BADAB5441B32B73D007ED14E /* 二级(加入我们) */ = {
			isa = PBXGroup;
			children = (
				BAC8588C1B3B9E2C003536A8 /* BKJobCell.h */,
				BAC8588D1B3B9E2C003536A8 /* BKJobCell.m */,
			);
			path = "二级(加入我们)";
			sourceTree = "<group>";
		};
		BADAB5451B32B73D007ED14E /* 二级(建议箱) */ = {
			isa = PBXGroup;
			children = (
				BA9C77CE1B39BB1900220322 /* BKTextView.h */,
				BA9C77CF1B39BB1900220322 /* BKTextView.m */,
			);
			path = "二级(建议箱)";
			sourceTree = "<group>";
		};
/* End PBXGroup section */

/* Begin PBXNativeTarget section */
		BA9BF2E11B2C14D30073F660 /* BUKACH */ = {
			isa = PBXNativeTarget;
			buildConfigurationList = BA9BF3051B2C14D40073F660 /* Build configuration list for PBXNativeTarget "BUKACH" */;
			buildPhases = (
				BA9BF2DE1B2C14D30073F660 /* Sources */,
				BA9BF2DF1B2C14D30073F660 /* Frameworks */,
				BA9BF2E01B2C14D30073F660 /* Resources */,
			);
			buildRules = (
			);
			dependencies = (
			);
			name = BUKACH;
			productName = BUKACH;
			productReference = BA9BF2E21B2C14D30073F660 /* BUKACH.app */;
			productType = "com.apple.product-type.application";
		};
		BA9BF2FA1B2C14D40073F660 /* BUKACHTests */ = {
			isa = PBXNativeTarget;
			buildConfigurationList = BA9BF3081B2C14D40073F660 /* Build configuration list for PBXNativeTarget "BUKACHTests" */;
			buildPhases = (
				BA9BF2F71B2C14D40073F660 /* Sources */,
				BA9BF2F81B2C14D40073F660 /* Frameworks */,
				BA9BF2F91B2C14D40073F660 /* Resources */,
			);
			buildRules = (
			);
			dependencies = (
				BA9BF2FD1B2C14D40073F660 /* PBXTargetDependency */,
			);
			name = BUKACHTests;
			productName = BUKACHTests;
			productReference = BA9BF2FB1B2C14D40073F660 /* BUKACHTests.xctest */;
			productType = "com.apple.product-type.bundle.unit-test";
		};
/* End PBXNativeTarget section */

/* Begin PBXProject section */
		BA9BF2DA1B2C14D30073F660 /* Project object */ = {
			isa = PBXProject;
			attributes = {
				CLASSPREFIX = BK;
				LastUpgradeCheck = 0630;
				ORGANIZATIONNAME = Lynn;
				TargetAttributes = {
					BA9BF2E11B2C14D30073F660 = {
						CreatedOnToolsVersion = 6.3.1;
					};
					BA9BF2FA1B2C14D40073F660 = {
						CreatedOnToolsVersion = 6.3.1;
						TestTargetID = BA9BF2E11B2C14D30073F660;
					};
				};
			};
			buildConfigurationList = BA9BF2DD1B2C14D30073F660 /* Build configuration list for PBXProject "BUKACH" */;
			compatibilityVersion = "Xcode 3.2";
			developmentRegion = English;
			hasScannedForEncodings = 0;
			knownRegions = (
				en,
				Base,
			);
			mainGroup = BA9BF2D91B2C14D30073F660;
			productRefGroup = BA9BF2E31B2C14D30073F660 /* Products */;
			projectDirPath = "";
			projectRoot = "";
			targets = (
				BA9BF2E11B2C14D30073F660 /* BUKACH */,
				BA9BF2FA1B2C14D40073F660 /* BUKACHTests */,
			);
		};
/* End PBXProject section */

/* Begin PBXResourcesBuildPhase section */
		BA9BF2E01B2C14D30073F660 /* Resources */ = {
			isa = PBXResourcesBuildPhase;
			buildActionMask = 2147483647;
			files = (
				BA9BF33A1B2C1BBC0073F660 /* LaunchScreen.xib in Resources */,
				BAAB0F381B2FCF19001DA224 /* 备忘 in Resources */,
				BA9BF2F31B2C14D40073F660 /* Images.xcassets in Resources */,
				BAD2E8951B2D92CC00AA6C45 /* MBProgressHUD.bundle in Resources */,
			);
			runOnlyForDeploymentPostprocessing = 0;
		};
		BA9BF2F91B2C14D40073F660 /* Resources */ = {
			isa = PBXResourcesBuildPhase;
			buildActionMask = 2147483647;
			files = (
			);
			runOnlyForDeploymentPostprocessing = 0;
		};
/* End PBXResourcesBuildPhase section */

/* Begin PBXSourcesBuildPhase section */
		BA9BF2DE1B2C14D30073F660 /* Sources */ = {
			isa = PBXSourcesBuildPhase;
			buildActionMask = 2147483647;
			files = (
				BAD2E88F1B2D92CC00AA6C45 /* AFSecurityPolicy.m in Sources */,
				BA4E674B1B3D53F4001C9DD1 /* BKSectionHeaderView.m in Sources */,
				BAD2E8A71B2D92CC00AA6C45 /* SDWebImageManager.m in Sources */,
				BAD2E8A81B2D92CD00AA6C45 /* SDWebImagePrefetcher.m in Sources */,
				BAC56BBF1B3A78E100C7B900 /* BKWaterFlowBaseCell.m in Sources */,
				BADAB5461B32B73D007ED14E /* BKProfileController.m in Sources */,
				BA9BF32B1B2C18430073F660 /* BKNavigationController.m in Sources */,
				BADAB54B1B32B73D007ED14E /* BKProfileGroup.m in Sources */,
				BAD2E88E1B2D92CC00AA6C45 /* AFNetworkReachabilityManager.m in Sources */,
				BAD2E8AF1B2D92CD00AA6C45 /* UIView+WebCacheOperation.m in Sources */,
				BADAB5131B32B623007ED14E /* BKCourseController.m in Sources */,
				BA9BF3251B2C17410073F660 /* BKAppDelegate.m in Sources */,
				BAB387641B38EFC600211970 /* BKLeftRightView.m in Sources */,
				BAC858A01B3C1C8A003536A8 /* BKGraceFrame.m in Sources */,
				BAD2E8A61B2D92CC00AA6C45 /* SDWebImageDownloaderOperation.m in Sources */,
				BADAB54A1B32B73D007ED14E /* BKProfileArrowItem.m in Sources */,
				BAC56BB41B3A78D900C7B900 /* BKOneGraceModel.m in Sources */,
				BAD2E8901B2D92CC00AA6C45 /* AFURLConnectionOperation.m in Sources */,
				BAD2E88B1B2D92CC00AA6C45 /* AFHTTPRequestOperation.m in Sources */,
				BADAB54D1B32B73D007ED14E /* BKProfileTextItem.m in Sources */,
				BAC858851B3B92F3003536A8 /* BKAboutModel.m in Sources */,
				BAB387701B38F79F00211970 /* BKOneAdsModel.m in Sources */,
				BAC858951B3BBF48003536A8 /* BKCourseFrame.m in Sources */,
				BAC56BA91B3A78D100C7B900 /* BKGraceController.m in Sources */,
				BAB387731B38F7AC00211970 /* BKCategoryResponse.m in Sources */,
				BAD2E88D1B2D92CC00AA6C45 /* AFHTTPSessionManager.m in Sources */,
				BAD2E8961B2D92CC00AA6C45 /* MBProgressHUD.m in Sources */,
				BAD2E8911B2D92CC00AA6C45 /* AFURLRequestSerialization.m in Sources */,
				BAD2E8931B2D92CC00AA6C45 /* AFURLSessionManager.m in Sources */,
				BAD2E8AA1B2D92CD00AA6C45 /* UIImage+GIF.m in Sources */,
				BA4E67371B3D53E5001C9DD1 /* BKHotController.m in Sources */,
				BADAB5511B32BE6E007ED14E /* BKTeacherView.m in Sources */,
				BADAB5571B32C78D007ED14E /* BKTeachersView.m in Sources */,
				BA9BF3281B2C182B0073F660 /* BKTabBarController.m in Sources */,
				BA6E06231B33A84300A41C3F /* BKOneTeacherResponse.m in Sources */,
				BAD2E8AE1B2D92CD00AA6C45 /* UIImageView+WebCache.m in Sources */,
				BAD2E8D81B2DC3E300AA6C45 /* BKCallTool.m in Sources */,
				BAC56BC21B3A792700C7B900 /* BKGraceDetailController.m in Sources */,
				BAC8588B1B3B9B59003536A8 /* BKOneJobModel.m in Sources */,
				BAD2E8A91B2D92CD00AA6C45 /* UIButton+WebCache.m in Sources */,
				BAB387511B38EF7C00211970 /* BKOneCategoryModel.m in Sources */,
				BAD2E8D41B2DBC7400AA6C45 /* UIImage+ResizeExt.m in Sources */,
				BAB387661B38EFC600211970 /* BKAdsView.m in Sources */,
				BAB387631B38EFC600211970 /* BKCategoryView.m in Sources */,
				BAD2E8A51B2D92CC00AA6C45 /* SDWebImageDownloader.m in Sources */,
				BADAB54C1B32B73D007ED14E /* BKProfileItem.m in Sources */,
				BA4E67421B3D53EE001C9DD1 /* BKHotTypeModel.m in Sources */,
				BAC56BBE1B3A78E100C7B900 /* BKGraceWaterFlowView.m in Sources */,
				BAC858D21B3C32A5003536A8 /* BKRefreshView.m in Sources */,
				BADAB5231B32B623007ED14E /* BKCourseCell.m in Sources */,
				BAD2E8AC1B2D92CD00AA6C45 /* UIImage+WebP.m in Sources */,
				BAD2E8D51B2DBC7400AA6C45 /* UIView+ViewFrameExt.m in Sources */,
				BAC56BC81B3A89DE00C7B900 /* BKPhotosView.m in Sources */,
				BAC56BB31B3A78D900C7B900 /* BKGraceResponse.m in Sources */,
				BA4E67511B3D551A001C9DD1 /* BKOneHotResponse.m in Sources */,
				BAD2E8D31B2DBC7400AA6C45 /* UIBarButtonItem+ButtonImageExt.m in Sources */,
				BAD2E8AB1B2D92CD00AA6C45 /* UIImage+MultiFormat.m in Sources */,
				BAB3873D1B38EEBC00211970 /* BKAdsController.m in Sources */,
				BADAB5631B331ADF007ED14E /* BKOneTeacherModel.m in Sources */,
				BAB3873C1B38EEBC00211970 /* BKCategoryController.m in Sources */,
				BAB387671B38EFC600211970 /* BKAdView.m in Sources */,
				BAD2E88C1B2D92CC00AA6C45 /* AFHTTPRequestOperationManager.m in Sources */,
				BAD2E8941B2D92CC00AA6C45 /* MBProgressHUD+LY.m in Sources */,
				BAD2E8A31B2D92CC00AA6C45 /* SDWebImageCompat.m in Sources */,
				BAC8589C1B3BEE9E003536A8 /* BKJobFrame.m in Sources */,
				BAC8588E1B3B9E2C003536A8 /* BKJobCell.m in Sources */,
				BA4E67411B3D53EE001C9DD1 /* BKHotResponse.m in Sources */,
				BAB387651B38EFC600211970 /* BKUpDownView.m in Sources */,
				BA4E674E1B3D5420001C9DD1 /* BKHotDetailController.m in Sources */,
				BAB387621B38EFC600211970 /* BKCategoriesView.m in Sources */,
				BADAB5121B32B623007ED14E /* BKHomeController.m in Sources */,
				BADAB5471B32B73D007ED14E /* BKProfileAboutController.m in Sources */,
				BAB387441B38EF2400211970 /* BKCourseResponse.m in Sources */,
				BADAB54E1B32B73D007ED14E /* BKProfileCell.m in Sources */,
				BA9C77D01B39BB1A00220322 /* BKTextView.m in Sources */,
				BAD2E8921B2D92CC00AA6C45 /* AFURLResponseSerialization.m in Sources */,
				BAC56BBD1B3A78E100C7B900 /* BKGraceCell.m in Sources */,
				BADAB5491B32B73D007ED14E /* BKProfileSuggestionController.m in Sources */,
				BAD2E8A41B2D92CC00AA6C45 /* SDWebImageDecoder.m in Sources */,
				BA4E67431B3D53EE001C9DD1 /* BKOneHotModel.m in Sources */,
				BAD2E8A21B2D92CC00AA6C45 /* SDImageCache.m in Sources */,
				BAD2E8A01B2D92CC00AA6C45 /* MKAnnotationView+WebCache.m in Sources */,
				BA9BF2E81B2C14D30073F660 /* main.m in Sources */,
				BADAB55A1B32DF3E007ED14E /* BKTeacherController.m in Sources */,
				BAC858881B3B9B46003536A8 /* BKJobsResponse.m in Sources */,
				BAD2E8A11B2D92CC00AA6C45 /* NSData+ImageContentType.m in Sources */,
				BAD2E8D21B2DBC7400AA6C45 /* Foundation+Log.m in Sources */,
				BAD2E8AD1B2D92CD00AA6C45 /* UIImageView+HighlightedWebCache.m in Sources */,
				BAD2E83A1B2D926900AA6C45 /* BKHttpTool.m in Sources */,
				BAC56BCB1B3A8AEF00C7B900 /* BKPhotoView.m in Sources */,
				BADAB5481B32B73D007ED14E /* BKProfileJoinController.m in Sources */,
				BADAB55D1B3314BE007ED14E /* BKOneCourseResponse.m in Sources */,
				BADAB5601B3314DC007ED14E /* BKOneCourseModel.m in Sources */,
				BAB387521B38EF7C00211970 /* BKAdsResponse.m in Sources */,
				BA4E674A1B3D53F4001C9DD1 /* BKHotCell.m in Sources */,
				BAC858821B3B92B6003536A8 /* BKAboutResponse.m in Sources */,
			);
			runOnlyForDeploymentPostprocessing = 0;
		};
		BA9BF2F71B2C14D40073F660 /* Sources */ = {
			isa = PBXSourcesBuildPhase;
			buildActionMask = 2147483647;
			files = (
				BA9BF3021B2C14D40073F660 /* BUKACHTests.m in Sources */,
			);
			runOnlyForDeploymentPostprocessing = 0;
		};
/* End PBXSourcesBuildPhase section */

/* Begin PBXTargetDependency section */
		BA9BF2FD1B2C14D40073F660 /* PBXTargetDependency */ = {
			isa = PBXTargetDependency;
			target = BA9BF2E11B2C14D30073F660 /* BUKACH */;
			targetProxy = BA9BF2FC1B2C14D40073F660 /* PBXContainerItemProxy */;
		};
/* End PBXTargetDependency section */

/* Begin XCBuildConfiguration section */
		BA9BF3031B2C14D40073F660 /* Debug */ = {
			isa = XCBuildConfiguration;
			buildSettings = {
				ALWAYS_SEARCH_USER_PATHS = NO;
				CLANG_CXX_LANGUAGE_STANDARD = "gnu++0x";
				CLANG_CXX_LIBRARY = "libc++";
				CLANG_ENABLE_MODULES = YES;
				CLANG_ENABLE_OBJC_ARC = YES;
				CLANG_WARN_BOOL_CONVERSION = YES;
				CLANG_WARN_CONSTANT_CONVERSION = YES;
				CLANG_WARN_DIRECT_OBJC_ISA_USAGE = YES_ERROR;
				CLANG_WARN_EMPTY_BODY = YES;
				CLANG_WARN_ENUM_CONVERSION = YES;
				CLANG_WARN_INT_CONVERSION = YES;
				CLANG_WARN_OBJC_ROOT_CLASS = YES_ERROR;
				CLANG_WARN_UNREACHABLE_CODE = YES;
				CLANG_WARN__DUPLICATE_METHOD_MATCH = YES;
				"CODE_SIGN_IDENTITY[sdk=iphoneos*]" = "iPhone Developer";
				COPY_PHASE_STRIP = NO;
				DEBUG_INFORMATION_FORMAT = "dwarf-with-dsym";
				ENABLE_STRICT_OBJC_MSGSEND = YES;
				GCC_C_LANGUAGE_STANDARD = gnu99;
				GCC_DYNAMIC_NO_PIC = NO;
				GCC_NO_COMMON_BLOCKS = YES;
				GCC_OPTIMIZATION_LEVEL = 0;
				GCC_PREFIX_HEADER = "$(SRCROOT)/BUKACH/bukachPrefix.pch";
				GCC_PREPROCESSOR_DEFINITIONS = (
					"DEBUG=1",
					"$(inherited)",
				);
				GCC_SYMBOLS_PRIVATE_EXTERN = NO;
				GCC_WARN_64_TO_32_BIT_CONVERSION = YES;
				GCC_WARN_ABOUT_RETURN_TYPE = YES_ERROR;
				GCC_WARN_UNDECLARED_SELECTOR = YES;
				GCC_WARN_UNINITIALIZED_AUTOS = YES_AGGRESSIVE;
				GCC_WARN_UNUSED_FUNCTION = YES;
				GCC_WARN_UNUSED_VARIABLE = YES;
				IPHONEOS_DEPLOYMENT_TARGET = 8.3;
				MTL_ENABLE_DEBUG_INFO = YES;
				ONLY_ACTIVE_ARCH = YES;
				SDKROOT = iphoneos;
				TARGETED_DEVICE_FAMILY = "1,2";
			};
			name = Debug;
		};
		BA9BF3041B2C14D40073F660 /* Release */ = {
			isa = XCBuildConfiguration;
			buildSettings = {
				ALWAYS_SEARCH_USER_PATHS = NO;
				CLANG_CXX_LANGUAGE_STANDARD = "gnu++0x";
				CLANG_CXX_LIBRARY = "libc++";
				CLANG_ENABLE_MODULES = YES;
				CLANG_ENABLE_OBJC_ARC = YES;
				CLANG_WARN_BOOL_CONVERSION = YES;
				CLANG_WARN_CONSTANT_CONVERSION = YES;
				CLANG_WARN_DIRECT_OBJC_ISA_USAGE = YES_ERROR;
				CLANG_WARN_EMPTY_BODY = YES;
				CLANG_WARN_ENUM_CONVERSION = YES;
				CLANG_WARN_INT_CONVERSION = YES;
				CLANG_WARN_OBJC_ROOT_CLASS = YES_ERROR;
				CLANG_WARN_UNREACHABLE_CODE = YES;
				CLANG_WARN__DUPLICATE_METHOD_MATCH = YES;
				"CODE_SIGN_IDENTITY[sdk=iphoneos*]" = "iPhone Developer";
				COPY_PHASE_STRIP = NO;
				DEBUG_INFORMATION_FORMAT = "dwarf-with-dsym";
				ENABLE_NS_ASSERTIONS = NO;
				ENABLE_STRICT_OBJC_MSGSEND = YES;
				GCC_C_LANGUAGE_STANDARD = gnu99;
				GCC_NO_COMMON_BLOCKS = YES;
				GCC_PREFIX_HEADER = "$(SRCROOT)/BUKACH/bukachPrefix.pch";
				GCC_WARN_64_TO_32_BIT_CONVERSION = YES;
				GCC_WARN_ABOUT_RETURN_TYPE = YES_ERROR;
				GCC_WARN_UNDECLARED_SELECTOR = YES;
				GCC_WARN_UNINITIALIZED_AUTOS = YES_AGGRESSIVE;
				GCC_WARN_UNUSED_FUNCTION = YES;
				GCC_WARN_UNUSED_VARIABLE = YES;
				IPHONEOS_DEPLOYMENT_TARGET = 8.3;
				MTL_ENABLE_DEBUG_INFO = NO;
				SDKROOT = iphoneos;
				TARGETED_DEVICE_FAMILY = "1,2";
				VALIDATE_PRODUCT = YES;
			};
			name = Release;
		};
		BA9BF3061B2C14D40073F660 /* Debug */ = {
			isa = XCBuildConfiguration;
			buildSettings = {
				ASSETCATALOG_COMPILER_APPICON_NAME = AppIcon;
				INFOPLIST_FILE = BUKACH/Info.plist;
				LD_RUNPATH_SEARCH_PATHS = "$(inherited) @executable_path/Frameworks";
				PRODUCT_NAME = "$(TARGET_NAME)";
			};
			name = Debug;
		};
		BA9BF3071B2C14D40073F660 /* Release */ = {
			isa = XCBuildConfiguration;
			buildSettings = {
				ASSETCATALOG_COMPILER_APPICON_NAME = AppIcon;
				INFOPLIST_FILE = BUKACH/Info.plist;
				LD_RUNPATH_SEARCH_PATHS = "$(inherited) @executable_path/Frameworks";
				PRODUCT_NAME = "$(TARGET_NAME)";
			};
			name = Release;
		};
		BA9BF3091B2C14D40073F660 /* Debug */ = {
			isa = XCBuildConfiguration;
			buildSettings = {
				BUNDLE_LOADER = "$(TEST_HOST)";
				FRAMEWORK_SEARCH_PATHS = (
					"$(SDKROOT)/Developer/Library/Frameworks",
					"$(inherited)",
				);
				GCC_PREPROCESSOR_DEFINITIONS = (
					"DEBUG=1",
					"$(inherited)",
				);
				INFOPLIST_FILE = BUKACHTests/Info.plist;
				LD_RUNPATH_SEARCH_PATHS = "$(inherited) @executable_path/Frameworks @loader_path/Frameworks";
				PRODUCT_NAME = "$(TARGET_NAME)";
				TEST_HOST = "$(BUILT_PRODUCTS_DIR)/BUKACH.app/BUKACH";
			};
			name = Debug;
		};
		BA9BF30A1B2C14D40073F660 /* Release */ = {
			isa = XCBuildConfiguration;
			buildSettings = {
				BUNDLE_LOADER = "$(TEST_HOST)";
				FRAMEWORK_SEARCH_PATHS = (
					"$(SDKROOT)/Developer/Library/Frameworks",
					"$(inherited)",
				);
				INFOPLIST_FILE = BUKACHTests/Info.plist;
				LD_RUNPATH_SEARCH_PATHS = "$(inherited) @executable_path/Frameworks @loader_path/Frameworks";
				PRODUCT_NAME = "$(TARGET_NAME)";
				TEST_HOST = "$(BUILT_PRODUCTS_DIR)/BUKACH.app/BUKACH";
			};
			name = Release;
		};
/* End XCBuildConfiguration section */

/* Begin XCConfigurationList section */
		BA9BF2DD1B2C14D30073F660 /* Build configuration list for PBXProject "BUKACH" */ = {
			isa = XCConfigurationList;
			buildConfigurations = (
				BA9BF3031B2C14D40073F660 /* Debug */,
				BA9BF3041B2C14D40073F660 /* Release */,
			);
			defaultConfigurationIsVisible = 0;
			defaultConfigurationName = Release;
		};
		BA9BF3051B2C14D40073F660 /* Build configuration list for PBXNativeTarget "BUKACH" */ = {
			isa = XCConfigurationList;
			buildConfigurations = (
				BA9BF3061B2C14D40073F660 /* Debug */,
				BA9BF3071B2C14D40073F660 /* Release */,
			);
			defaultConfigurationIsVisible = 0;
			defaultConfigurationName = Release;
		};
		BA9BF3081B2C14D40073F660 /* Build configuration list for PBXNativeTarget "BUKACHTests" */ = {
			isa = XCConfigurationList;
			buildConfigurations = (
				BA9BF3091B2C14D40073F660 /* Debug */,
				BA9BF30A1B2C14D40073F660 /* Release */,
			);
			defaultConfigurationIsVisible = 0;
			defaultConfigurationName = Release;
		};
/* End XCConfigurationList section */
	};
	rootObject = BA9BF2DA1B2C14D30073F660 /* Project object */;
}
