// !$*UTF8*$!
{
	archiveVersion = 1;
	classes = {
	};
	objectVersion = 46;
	objects = {

/* Begin PBXBuildFile section */
		BA9BF2E81B2C14D30073F660 /* main.m in Sources */ = {isa = PBXBuildFile; fileRef = BA9BF2E71B2C14D30073F660 /* main.m */; };
		BA9BF2F31B2C14D40073F660 /* Images.xcassets in Resources */ = {isa = PBXBuildFile; fileRef = BA9BF2F21B2C14D40073F660 /* Images.xcassets */; };
		BA9BF3021B2C14D40073F660 /* BUKACHTests.m in Sources */ = {isa = PBXBuildFile; fileRef = BA9BF3011B2C14D40073F660 /* BUKACHTests.m */; };
		BA9BF3251B2C17410073F660 /* BKAppDelegate.m in Sources */ = {isa = PBXBuildFile; fileRef = BA9BF31E1B2C17410073F660 /* BKAppDelegate.m */; };
		BA9BF3281B2C182B0073F660 /* BKTabBarController.m in Sources */ = {isa = PBXBuildFile; fileRef = BA9BF3271B2C182B0073F660 /* BKTabBarController.m */; };
		BA9BF32B1B2C18430073F660 /* BKNavigationController.m in Sources */ = {isa = PBXBuildFile; fileRef = BA9BF32A1B2C18430073F660 /* BKNavigationController.m */; };
		BA9BF32E1B2C199B0073F660 /* BKHomeController.m in Sources */ = {isa = PBXBuildFile; fileRef = BA9BF32D1B2C199B0073F660 /* BKHomeController.m */; };
		BA9BF3311B2C1A010073F660 /* BKGraceController.m in Sources */ = {isa = PBXBuildFile; fileRef = BA9BF3301B2C1A010073F660 /* BKGraceController.m */; };
		BA9BF3341B2C1A320073F660 /* BKHotController.m in Sources */ = {isa = PBXBuildFile; fileRef = BA9BF3331B2C1A320073F660 /* BKHotController.m */; };
		BA9BF3371B2C1A450073F660 /* BKProfileController.m in Sources */ = {isa = PBXBuildFile; fileRef = BA9BF3361B2C1A450073F660 /* BKProfileController.m */; };
		BA9BF33A1B2C1BBC0073F660 /* LaunchScreen.xib in Resources */ = {isa = PBXBuildFile; fileRef = BA9BF3391B2C1BBC0073F660 /* LaunchScreen.xib */; };
/* End PBXBuildFile section */

/* Begin PBXContainerItemProxy section */
		BA9BF2FC1B2C14D40073F660 /* PBXContainerItemProxy */ = {
			isa = PBXContainerItemProxy;
			containerPortal = BA9BF2DA1B2C14D30073F660 /* Project object */;
			proxyType = 1;
			remoteGlobalIDString = BA9BF2E11B2C14D30073F660;
			remoteInfo = BUKACH;
		};
/* End PBXContainerItemProxy section */

/* Begin PBXFileReference section */
		BA9BF2E21B2C14D30073F660 /* BUKACH.app */ = {isa = PBXFileReference; explicitFileType = wrapper.application; includeInIndex = 0; path = BUKACH.app; sourceTree = BUILT_PRODUCTS_DIR; };
		BA9BF2E61B2C14D30073F660 /* Info.plist */ = {isa = PBXFileReference; lastKnownFileType = text.plist.xml; path = Info.plist; sourceTree = "<group>"; };
		BA9BF2E71B2C14D30073F660 /* main.m */ = {isa = PBXFileReference; lastKnownFileType = sourcecode.c.objc; path = main.m; sourceTree = "<group>"; };
		BA9BF2F21B2C14D40073F660 /* Images.xcassets */ = {isa = PBXFileReference; lastKnownFileType = folder.assetcatalog; path = Images.xcassets; sourceTree = "<group>"; };
		BA9BF2FB1B2C14D40073F660 /* BUKACHTests.xctest */ = {isa = PBXFileReference; explicitFileType = wrapper.cfbundle; includeInIndex = 0; path = BUKACHTests.xctest; sourceTree = BUILT_PRODUCTS_DIR; };
		BA9BF3001B2C14D40073F660 /* Info.plist */ = {isa = PBXFileReference; lastKnownFileType = text.plist.xml; path = Info.plist; sourceTree = "<group>"; };
		BA9BF3011B2C14D40073F660 /* BUKACHTests.m */ = {isa = PBXFileReference; lastKnownFileType = sourcecode.c.objc; path = BUKACHTests.m; sourceTree = "<group>"; };
		BA9BF31D1B2C17410073F660 /* BKAppDelegate.h */ = {isa = PBXFileReference; fileEncoding = 4; lastKnownFileType = sourcecode.c.h; path = BKAppDelegate.h; sourceTree = "<group>"; };
		BA9BF31E1B2C17410073F660 /* BKAppDelegate.m */ = {isa = PBXFileReference; fileEncoding = 4; lastKnownFileType = sourcecode.c.objc; path = BKAppDelegate.m; sourceTree = "<group>"; };
		BA9BF3261B2C182B0073F660 /* BKTabBarController.h */ = {isa = PBXFileReference; fileEncoding = 4; lastKnownFileType = sourcecode.c.h; path = BKTabBarController.h; sourceTree = "<group>"; };
		BA9BF3271B2C182B0073F660 /* BKTabBarController.m */ = {isa = PBXFileReference; fileEncoding = 4; lastKnownFileType = sourcecode.c.objc; path = BKTabBarController.m; sourceTree = "<group>"; };
		BA9BF3291B2C18430073F660 /* BKNavigationController.h */ = {isa = PBXFileReference; fileEncoding = 4; lastKnownFileType = sourcecode.c.h; path = BKNavigationController.h; sourceTree = "<group>"; };
		BA9BF32A1B2C18430073F660 /* BKNavigationController.m */ = {isa = PBXFileReference; fileEncoding = 4; lastKnownFileType = sourcecode.c.objc; path = BKNavigationController.m; sourceTree = "<group>"; };
		BA9BF32C1B2C199B0073F660 /* BKHomeController.h */ = {isa = PBXFileReference; fileEncoding = 4; lastKnownFileType = sourcecode.c.h; path = BKHomeController.h; sourceTree = "<group>"; };
		BA9BF32D1B2C199B0073F660 /* BKHomeController.m */ = {isa = PBXFileReference; fileEncoding = 4; lastKnownFileType = sourcecode.c.objc; path = BKHomeController.m; sourceTree = "<group>"; };
		BA9BF32F1B2C1A010073F660 /* BKGraceController.h */ = {isa = PBXFileReference; fileEncoding = 4; lastKnownFileType = sourcecode.c.h; path = BKGraceController.h; sourceTree = "<group>"; };
		BA9BF3301B2C1A010073F660 /* BKGraceController.m */ = {isa = PBXFileReference; fileEncoding = 4; lastKnownFileType = sourcecode.c.objc; path = BKGraceController.m; sourceTree = "<group>"; };
		BA9BF3321B2C1A320073F660 /* BKHotController.h */ = {isa = PBXFileReference; fileEncoding = 4; lastKnownFileType = sourcecode.c.h; path = BKHotController.h; sourceTree = "<group>"; };
		BA9BF3331B2C1A320073F660 /* BKHotController.m */ = {isa = PBXFileReference; fileEncoding = 4; lastKnownFileType = sourcecode.c.objc; path = BKHotController.m; sourceTree = "<group>"; };
		BA9BF3351B2C1A450073F660 /* BKProfileController.h */ = {isa = PBXFileReference; fileEncoding = 4; lastKnownFileType = sourcecode.c.h; path = BKProfileController.h; sourceTree = "<group>"; };
		BA9BF3361B2C1A450073F660 /* BKProfileController.m */ = {isa = PBXFileReference; fileEncoding = 4; lastKnownFileType = sourcecode.c.objc; path = BKProfileController.m; sourceTree = "<group>"; };
		BA9BF3381B2C1B8A0073F660 /* bukachPrefix.pch */ = {isa = PBXFileReference; lastKnownFileType = sourcecode.c.h; path = bukachPrefix.pch; sourceTree = "<group>"; };
		BA9BF3391B2C1BBC0073F660 /* LaunchScreen.xib */ = {isa = PBXFileReference; fileEncoding = 4; lastKnownFileType = file.xib; path = LaunchScreen.xib; sourceTree = "<group>"; };
/* End PBXFileReference section */

/* Begin PBXFrameworksBuildPhase section */
		BA9BF2DF1B2C14D30073F660 /* Frameworks */ = {
			isa = PBXFrameworksBuildPhase;
			buildActionMask = 2147483647;
			files = (
			);
			runOnlyForDeploymentPostprocessing = 0;
		};
		BA9BF2F81B2C14D40073F660 /* Frameworks */ = {
			isa = PBXFrameworksBuildPhase;
			buildActionMask = 2147483647;
			files = (
			);
			runOnlyForDeploymentPostprocessing = 0;
		};
/* End PBXFrameworksBuildPhase section */

/* Begin PBXGroup section */
		BA9BF2D91B2C14D30073F660 = {
			isa = PBXGroup;
			children = (
				BA9BF2E41B2C14D30073F660 /* BUKACH */,
				BA9BF2FE1B2C14D40073F660 /* BUKACHTests */,
				BA9BF2E31B2C14D30073F660 /* Products */,
			);
			sourceTree = "<group>";
		};
		BA9BF2E31B2C14D30073F660 /* Products */ = {
			isa = PBXGroup;
			children = (
				BA9BF2E21B2C14D30073F660 /* BUKACH.app */,
				BA9BF2FB1B2C14D40073F660 /* BUKACHTests.xctest */,
			);
			name = Products;
			sourceTree = "<group>";
		};
		BA9BF2E41B2C14D30073F660 /* BUKACH */ = {
			isa = PBXGroup;
			children = (
				BA9BF30B1B2C17400073F660 /* Classes */,
				BA9BF2E51B2C14D30073F660 /* Supporting Files */,
			);
			path = BUKACH;
			sourceTree = "<group>";
		};
		BA9BF2E51B2C14D30073F660 /* Supporting Files */ = {
			isa = PBXGroup;
			children = (
				BA9BF3391B2C1BBC0073F660 /* LaunchScreen.xib */,
				BA9BF3381B2C1B8A0073F660 /* bukachPrefix.pch */,
				BA9BF2E61B2C14D30073F660 /* Info.plist */,
				BA9BF2E71B2C14D30073F660 /* main.m */,
				BA9BF2F21B2C14D40073F660 /* Images.xcassets */,
			);
			name = "Supporting Files";
			sourceTree = "<group>";
		};
		BA9BF2FE1B2C14D40073F660 /* BUKACHTests */ = {
			isa = PBXGroup;
			children = (
				BA9BF3011B2C14D40073F660 /* BUKACHTests.m */,
				BA9BF2FF1B2C14D40073F660 /* Supporting Files */,
			);
			path = BUKACHTests;
			sourceTree = "<group>";
		};
		BA9BF2FF1B2C14D40073F660 /* Supporting Files */ = {
			isa = PBXGroup;
			children = (
				BA9BF3001B2C14D40073F660 /* Info.plist */,
			);
			name = "Supporting Files";
			sourceTree = "<group>";
		};
		BA9BF30B1B2C17400073F660 /* Classes */ = {
			isa = PBXGroup;
			children = (
				BA9BF3181B2C17410073F660 /* Main(主要) */,
				BA9BF3101B2C17400073F660 /* Home(首页) */,
				BA9BF30C1B2C17400073F660 /* Grace(风采) */,
				BA9BF3141B2C17410073F660 /* Hot(热门) */,
				BA9BF3211B2C17410073F660 /* Profile(我) */,
			);
			path = Classes;
			sourceTree = "<group>";
		};
		BA9BF30C1B2C17400073F660 /* Grace(风采) */ = {
			isa = PBXGroup;
			children = (
				BA9BF30D1B2C17400073F660 /* Controllers */,
				BA9BF30E1B2C17400073F660 /* Models */,
				BA9BF30F1B2C17400073F660 /* Views */,
			);
			path = "Grace(风采)";
			sourceTree = "<group>";
		};
		BA9BF30D1B2C17400073F660 /* Controllers */ = {
			isa = PBXGroup;
			children = (
				BA9BF32F1B2C1A010073F660 /* BKGraceController.h */,
				BA9BF3301B2C1A010073F660 /* BKGraceController.m */,
			);
			path = Controllers;
			sourceTree = "<group>";
		};
		BA9BF30E1B2C17400073F660 /* Models */ = {
			isa = PBXGroup;
			children = (
			);
			path = Models;
			sourceTree = "<group>";
		};
		BA9BF30F1B2C17400073F660 /* Views */ = {
			isa = PBXGroup;
			children = (
			);
			path = Views;
			sourceTree = "<group>";
		};
		BA9BF3101B2C17400073F660 /* Home(首页) */ = {
			isa = PBXGroup;
			children = (
				BA9BF3111B2C17400073F660 /* Controllers */,
				BA9BF3121B2C17400073F660 /* Models */,
				BA9BF3131B2C17410073F660 /* Views */,
			);
			path = "Home(首页)";
			sourceTree = "<group>";
		};
		BA9BF3111B2C17400073F660 /* Controllers */ = {
			isa = PBXGroup;
			children = (
				BA9BF32C1B2C199B0073F660 /* BKHomeController.h */,
				BA9BF32D1B2C199B0073F660 /* BKHomeController.m */,
			);
			path = Controllers;
			sourceTree = "<group>";
		};
		BA9BF3121B2C17400073F660 /* Models */ = {
			isa = PBXGroup;
			children = (
			);
			path = Models;
			sourceTree = "<group>";
		};
		BA9BF3131B2C17410073F660 /* Views */ = {
			isa = PBXGroup;
			children = (
			);
			path = Views;
			sourceTree = "<group>";
		};
		BA9BF3141B2C17410073F660 /* Hot(热门) */ = {
			isa = PBXGroup;
			children = (
				BA9BF3151B2C17410073F660 /* Controllers */,
				BA9BF3161B2C17410073F660 /* Models */,
				BA9BF3171B2C17410073F660 /* Views */,
			);
			path = "Hot(热门)";
			sourceTree = "<group>";
		};
		BA9BF3151B2C17410073F660 /* Controllers */ = {
			isa = PBXGroup;
			children = (
				BA9BF3321B2C1A320073F660 /* BKHotController.h */,
				BA9BF3331B2C1A320073F660 /* BKHotController.m */,
			);
			path = Controllers;
			sourceTree = "<group>";
		};
		BA9BF3161B2C17410073F660 /* Models */ = {
			isa = PBXGroup;
			children = (
			);
			path = Models;
			sourceTree = "<group>";
		};
		BA9BF3171B2C17410073F660 /* Views */ = {
			isa = PBXGroup;
			children = (
			);
			path = Views;
			sourceTree = "<group>";
		};
		BA9BF3181B2C17410073F660 /* Main(主要) */ = {
			isa = PBXGroup;
			children = (
				BA9BF31C1B2C17410073F660 /* Others(入口) */,
				BA9BF3191B2C17410073F660 /* Controllers */,
				BA9BF31B1B2C17410073F660 /* Models */,
				BA9BF3201B2C17410073F660 /* Views */,
				BA9BF31F1B2C17410073F660 /* Tools */,
				BA9BF31A1B2C17410073F660 /* Libs */,
			);
			path = "Main(主要)";
			sourceTree = "<group>";
		};
		BA9BF3191B2C17410073F660 /* Controllers */ = {
			isa = PBXGroup;
			children = (
				BA9BF3261B2C182B0073F660 /* BKTabBarController.h */,
				BA9BF3271B2C182B0073F660 /* BKTabBarController.m */,
				BA9BF3291B2C18430073F660 /* BKNavigationController.h */,
				BA9BF32A1B2C18430073F660 /* BKNavigationController.m */,
			);
			path = Controllers;
			sourceTree = "<group>";
		};
		BA9BF31A1B2C17410073F660 /* Libs */ = {
			isa = PBXGroup;
			children = (
			);
			path = Libs;
			sourceTree = "<group>";
		};
		BA9BF31B1B2C17410073F660 /* Models */ = {
			isa = PBXGroup;
			children = (
			);
			path = Models;
			sourceTree = "<group>";
		};
		BA9BF31C1B2C17410073F660 /* Others(入口) */ = {
			isa = PBXGroup;
			children = (
				BA9BF31D1B2C17410073F660 /* BKAppDelegate.h */,
				BA9BF31E1B2C17410073F660 /* BKAppDelegate.m */,
			);
			path = "Others(入口)";
			sourceTree = "<group>";
		};
		BA9BF31F1B2C17410073F660 /* Tools */ = {
			isa = PBXGroup;
			children = (
			);
			path = Tools;
			sourceTree = "<group>";
		};
		BA9BF3201B2C17410073F660 /* Views */ = {
			isa = PBXGroup;
			children = (
			);
			path = Views;
			sourceTree = "<group>";
		};
		BA9BF3211B2C17410073F660 /* Profile(我) */ = {
			isa = PBXGroup;
			children = (
				BA9BF3221B2C17410073F660 /* Controllers */,
				BA9BF3231B2C17410073F660 /* Models */,
				BA9BF3241B2C17410073F660 /* Views */,
			);
			path = "Profile(我)";
			sourceTree = "<group>";
		};
		BA9BF3221B2C17410073F660 /* Controllers */ = {
			isa = PBXGroup;
			children = (
				BA9BF3351B2C1A450073F660 /* BKProfileController.h */,
				BA9BF3361B2C1A450073F660 /* BKProfileController.m */,
			);
			path = Controllers;
			sourceTree = "<group>";
		};
		BA9BF3231B2C17410073F660 /* Models */ = {
			isa = PBXGroup;
			children = (
			);
			path = Models;
			sourceTree = "<group>";
		};
		BA9BF3241B2C17410073F660 /* Views */ = {
			isa = PBXGroup;
			children = (
			);
			path = Views;
			sourceTree = "<group>";
		};
/* End PBXGroup section */

/* Begin PBXNativeTarget section */
		BA9BF2E11B2C14D30073F660 /* BUKACH */ = {
			isa = PBXNativeTarget;
			buildConfigurationList = BA9BF3051B2C14D40073F660 /* Build configuration list for PBXNativeTarget "BUKACH" */;
			buildPhases = (
				BA9BF2DE1B2C14D30073F660 /* Sources */,
				BA9BF2DF1B2C14D30073F660 /* Frameworks */,
				BA9BF2E01B2C14D30073F660 /* Resources */,
			);
			buildRules = (
			);
			dependencies = (
			);
			name = BUKACH;
			productName = BUKACH;
			productReference = BA9BF2E21B2C14D30073F660 /* BUKACH.app */;
			productType = "com.apple.product-type.application";
		};
		BA9BF2FA1B2C14D40073F660 /* BUKACHTests */ = {
			isa = PBXNativeTarget;
			buildConfigurationList = BA9BF3081B2C14D40073F660 /* Build configuration list for PBXNativeTarget "BUKACHTests" */;
			buildPhases = (
				BA9BF2F71B2C14D40073F660 /* Sources */,
				BA9BF2F81B2C14D40073F660 /* Frameworks */,
				BA9BF2F91B2C14D40073F660 /* Resources */,
			);
			buildRules = (
			);
			dependencies = (
				BA9BF2FD1B2C14D40073F660 /* PBXTargetDependency */,
			);
			name = BUKACHTests;
			productName = BUKACHTests;
			productReference = BA9BF2FB1B2C14D40073F660 /* BUKACHTests.xctest */;
			productType = "com.apple.product-type.bundle.unit-test";
		};
/* End PBXNativeTarget section */

/* Begin PBXProject section */
		BA9BF2DA1B2C14D30073F660 /* Project object */ = {
			isa = PBXProject;
			attributes = {
				CLASSPREFIX = BK;
				LastUpgradeCheck = 0630;
				ORGANIZATIONNAME = Lynn;
				TargetAttributes = {
					BA9BF2E11B2C14D30073F660 = {
						CreatedOnToolsVersion = 6.3.1;
					};
					BA9BF2FA1B2C14D40073F660 = {
						CreatedOnToolsVersion = 6.3.1;
						TestTargetID = BA9BF2E11B2C14D30073F660;
					};
				};
			};
			buildConfigurationList = BA9BF2DD1B2C14D30073F660 /* Build configuration list for PBXProject "BUKACH" */;
			compatibilityVersion = "Xcode 3.2";
			developmentRegion = English;
			hasScannedForEncodings = 0;
			knownRegions = (
				en,
				Base,
			);
			mainGroup = BA9BF2D91B2C14D30073F660;
			productRefGroup = BA9BF2E31B2C14D30073F660 /* Products */;
			projectDirPath = "";
			projectRoot = "";
			targets = (
				BA9BF2E11B2C14D30073F660 /* BUKACH */,
				BA9BF2FA1B2C14D40073F660 /* BUKACHTests */,
			);
		};
/* End PBXProject section */

/* Begin PBXResourcesBuildPhase section */
		BA9BF2E01B2C14D30073F660 /* Resources */ = {
			isa = PBXResourcesBuildPhase;
			buildActionMask = 2147483647;
			files = (
				BA9BF33A1B2C1BBC0073F660 /* LaunchScreen.xib in Resources */,
				BA9BF2F31B2C14D40073F660 /* Images.xcassets in Resources */,
			);
			runOnlyForDeploymentPostprocessing = 0;
		};
		BA9BF2F91B2C14D40073F660 /* Resources */ = {
			isa = PBXResourcesBuildPhase;
			buildActionMask = 2147483647;
			files = (
			);
			runOnlyForDeploymentPostprocessing = 0;
		};
/* End PBXResourcesBuildPhase section */

/* Begin PBXSourcesBuildPhase section */
		BA9BF2DE1B2C14D30073F660 /* Sources */ = {
			isa = PBXSourcesBuildPhase;
			buildActionMask = 2147483647;
			files = (
				BA9BF32B1B2C18430073F660 /* BKNavigationController.m in Sources */,
				BA9BF3251B2C17410073F660 /* BKAppDelegate.m in Sources */,
				BA9BF3371B2C1A450073F660 /* BKProfileController.m in Sources */,
				BA9BF3281B2C182B0073F660 /* BKTabBarController.m in Sources */,
				BA9BF3311B2C1A010073F660 /* BKGraceController.m in Sources */,
				BA9BF32E1B2C199B0073F660 /* BKHomeController.m in Sources */,
				BA9BF2E81B2C14D30073F660 /* main.m in Sources */,
				BA9BF3341B2C1A320073F660 /* BKHotController.m in Sources */,
			);
			runOnlyForDeploymentPostprocessing = 0;
		};
		BA9BF2F71B2C14D40073F660 /* Sources */ = {
			isa = PBXSourcesBuildPhase;
			buildActionMask = 2147483647;
			files = (
				BA9BF3021B2C14D40073F660 /* BUKACHTests.m in Sources */,
			);
			runOnlyForDeploymentPostprocessing = 0;
		};
/* End PBXSourcesBuildPhase section */

/* Begin PBXTargetDependency section */
		BA9BF2FD1B2C14D40073F660 /* PBXTargetDependency */ = {
			isa = PBXTargetDependency;
			target = BA9BF2E11B2C14D30073F660 /* BUKACH */;
			targetProxy = BA9BF2FC1B2C14D40073F660 /* PBXContainerItemProxy */;
		};
/* End PBXTargetDependency section */

/* Begin XCBuildConfiguration section */
		BA9BF3031B2C14D40073F660 /* Debug */ = {
			isa = XCBuildConfiguration;
			buildSettings = {
				ALWAYS_SEARCH_USER_PATHS = NO;
				CLANG_CXX_LANGUAGE_STANDARD = "gnu++0x";
				CLANG_CXX_LIBRARY = "libc++";
				CLANG_ENABLE_MODULES = YES;
				CLANG_ENABLE_OBJC_ARC = YES;
				CLANG_WARN_BOOL_CONVERSION = YES;
				CLANG_WARN_CONSTANT_CONVERSION = YES;
				CLANG_WARN_DIRECT_OBJC_ISA_USAGE = YES_ERROR;
				CLANG_WARN_EMPTY_BODY = YES;
				CLANG_WARN_ENUM_CONVERSION = YES;
				CLANG_WARN_INT_CONVERSION = YES;
				CLANG_WARN_OBJC_ROOT_CLASS = YES_ERROR;
				CLANG_WARN_UNREACHABLE_CODE = YES;
				CLANG_WARN__DUPLICATE_METHOD_MATCH = YES;
				"CODE_SIGN_IDENTITY[sdk=iphoneos*]" = "iPhone Developer";
				COPY_PHASE_STRIP = NO;
				DEBUG_INFORMATION_FORMAT = "dwarf-with-dsym";
				ENABLE_STRICT_OBJC_MSGSEND = YES;
				GCC_C_LANGUAGE_STANDARD = gnu99;
				GCC_DYNAMIC_NO_PIC = NO;
				GCC_NO_COMMON_BLOCKS = YES;
				GCC_OPTIMIZATION_LEVEL = 0;
				GCC_PREPROCESSOR_DEFINITIONS = (
					"DEBUG=1",
					"$(inherited)",
				);
				GCC_SYMBOLS_PRIVATE_EXTERN = NO;
				GCC_WARN_64_TO_32_BIT_CONVERSION = YES;
				GCC_WARN_ABOUT_RETURN_TYPE = YES_ERROR;
				GCC_WARN_UNDECLARED_SELECTOR = YES;
				GCC_WARN_UNINITIALIZED_AUTOS = YES_AGGRESSIVE;
				GCC_WARN_UNUSED_FUNCTION = YES;
				GCC_WARN_UNUSED_VARIABLE = YES;
				IPHONEOS_DEPLOYMENT_TARGET = 8.3;
				MTL_ENABLE_DEBUG_INFO = YES;
				ONLY_ACTIVE_ARCH = YES;
				SDKROOT = iphoneos;
				TARGETED_DEVICE_FAMILY = "1,2";
			};
			name = Debug;
		};
		BA9BF3041B2C14D40073F660 /* Release */ = {
			isa = XCBuildConfiguration;
			buildSettings = {
				ALWAYS_SEARCH_USER_PATHS = NO;
				CLANG_CXX_LANGUAGE_STANDARD = "gnu++0x";
				CLANG_CXX_LIBRARY = "libc++";
				CLANG_ENABLE_MODULES = YES;
				CLANG_ENABLE_OBJC_ARC = YES;
				CLANG_WARN_BOOL_CONVERSION = YES;
				CLANG_WARN_CONSTANT_CONVERSION = YES;
				CLANG_WARN_DIRECT_OBJC_ISA_USAGE = YES_ERROR;
				CLANG_WARN_EMPTY_BODY = YES;
				CLANG_WARN_ENUM_CONVERSION = YES;
				CLANG_WARN_INT_CONVERSION = YES;
				CLANG_WARN_OBJC_ROOT_CLASS = YES_ERROR;
				CLANG_WARN_UNREACHABLE_CODE = YES;
				CLANG_WARN__DUPLICATE_METHOD_MATCH = YES;
				"CODE_SIGN_IDENTITY[sdk=iphoneos*]" = "iPhone Developer";
				COPY_PHASE_STRIP = NO;
				DEBUG_INFORMATION_FORMAT = "dwarf-with-dsym";
				ENABLE_NS_ASSERTIONS = NO;
				ENABLE_STRICT_OBJC_MSGSEND = YES;
				GCC_C_LANGUAGE_STANDARD = gnu99;
				GCC_NO_COMMON_BLOCKS = YES;
				GCC_WARN_64_TO_32_BIT_CONVERSION = YES;
				GCC_WARN_ABOUT_RETURN_TYPE = YES_ERROR;
				GCC_WARN_UNDECLARED_SELECTOR = YES;
				GCC_WARN_UNINITIALIZED_AUTOS = YES_AGGRESSIVE;
				GCC_WARN_UNUSED_FUNCTION = YES;
				GCC_WARN_UNUSED_VARIABLE = YES;
				IPHONEOS_DEPLOYMENT_TARGET = 8.3;
				MTL_ENABLE_DEBUG_INFO = NO;
				SDKROOT = iphoneos;
				TARGETED_DEVICE_FAMILY = "1,2";
				VALIDATE_PRODUCT = YES;
			};
			name = Release;
		};
		BA9BF3061B2C14D40073F660 /* Debug */ = {
			isa = XCBuildConfiguration;
			buildSettings = {
				ASSETCATALOG_COMPILER_APPICON_NAME = AppIcon;
				INFOPLIST_FILE = BUKACH/Info.plist;
				LD_RUNPATH_SEARCH_PATHS = "$(inherited) @executable_path/Frameworks";
				PRODUCT_NAME = "$(TARGET_NAME)";
			};
			name = Debug;
		};
		BA9BF3071B2C14D40073F660 /* Release */ = {
			isa = XCBuildConfiguration;
			buildSettings = {
				ASSETCATALOG_COMPILER_APPICON_NAME = AppIcon;
				INFOPLIST_FILE = BUKACH/Info.plist;
				LD_RUNPATH_SEARCH_PATHS = "$(inherited) @executable_path/Frameworks";
				PRODUCT_NAME = "$(TARGET_NAME)";
			};
			name = Release;
		};
		BA9BF3091B2C14D40073F660 /* Debug */ = {
			isa = XCBuildConfiguration;
			buildSettings = {
				BUNDLE_LOADER = "$(TEST_HOST)";
				FRAMEWORK_SEARCH_PATHS = (
					"$(SDKROOT)/Developer/Library/Frameworks",
					"$(inherited)",
				);
				GCC_PREPROCESSOR_DEFINITIONS = (
					"DEBUG=1",
					"$(inherited)",
				);
				INFOPLIST_FILE = BUKACHTests/Info.plist;
				LD_RUNPATH_SEARCH_PATHS = "$(inherited) @executable_path/Frameworks @loader_path/Frameworks";
				PRODUCT_NAME = "$(TARGET_NAME)";
				TEST_HOST = "$(BUILT_PRODUCTS_DIR)/BUKACH.app/BUKACH";
			};
			name = Debug;
		};
		BA9BF30A1B2C14D40073F660 /* Release */ = {
			isa = XCBuildConfiguration;
			buildSettings = {
				BUNDLE_LOADER = "$(TEST_HOST)";
				FRAMEWORK_SEARCH_PATHS = (
					"$(SDKROOT)/Developer/Library/Frameworks",
					"$(inherited)",
				);
				INFOPLIST_FILE = BUKACHTests/Info.plist;
				LD_RUNPATH_SEARCH_PATHS = "$(inherited) @executable_path/Frameworks @loader_path/Frameworks";
				PRODUCT_NAME = "$(TARGET_NAME)";
				TEST_HOST = "$(BUILT_PRODUCTS_DIR)/BUKACH.app/BUKACH";
			};
			name = Release;
		};
/* End XCBuildConfiguration section */

/* Begin XCConfigurationList section */
		BA9BF2DD1B2C14D30073F660 /* Build configuration list for PBXProject "BUKACH" */ = {
			isa = XCConfigurationList;
			buildConfigurations = (
				BA9BF3031B2C14D40073F660 /* Debug */,
				BA9BF3041B2C14D40073F660 /* Release */,
			);
			defaultConfigurationIsVisible = 0;
			defaultConfigurationName = Release;
		};
		BA9BF3051B2C14D40073F660 /* Build configuration list for PBXNativeTarget "BUKACH" */ = {
			isa = XCConfigurationList;
			buildConfigurations = (
				BA9BF3061B2C14D40073F660 /* Debug */,
				BA9BF3071B2C14D40073F660 /* Release */,
			);
			defaultConfigurationIsVisible = 0;
		};
		BA9BF3081B2C14D40073F660 /* Build configuration list for PBXNativeTarget "BUKACHTests" */ = {
			isa = XCConfigurationList;
			buildConfigurations = (
				BA9BF3091B2C14D40073F660 /* Debug */,
				BA9BF30A1B2C14D40073F660 /* Release */,
			);
			defaultConfigurationIsVisible = 0;
		};
/* End XCConfigurationList section */
	};
	rootObject = BA9BF2DA1B2C14D30073F660 /* Project object */;
}
