// !$*UTF8*$!
{
	archiveVersion = 1;
	classes = {
	};
	objectVersion = 46;
	objects = {

/* Begin PBXBuildFile section */
		BA9BF2E81B2C14D30073F660 /* main.m in Sources */ = {isa = PBXBuildFile; fileRef = BA9BF2E71B2C14D30073F660 /* main.m */; };
		BA9BF2F31B2C14D40073F660 /* Images.xcassets in Resources */ = {isa = PBXBuildFile; fileRef = BA9BF2F21B2C14D40073F660 /* Images.xcassets */; };
		BA9BF3021B2C14D40073F660 /* BUKACHTests.m in Sources */ = {isa = PBXBuildFile; fileRef = BA9BF3011B2C14D40073F660 /* BUKACHTests.m */; };
		BA9BF3251B2C17410073F660 /* BKAppDelegate.m in Sources */ = {isa = PBXBuildFile; fileRef = BA9BF31E1B2C17410073F660 /* BKAppDelegate.m */; };
		BA9BF3281B2C182B0073F660 /* BKTabBarController.m in Sources */ = {isa = PBXBuildFile; fileRef = BA9BF3271B2C182B0073F660 /* BKTabBarController.m */; };
		BA9BF32B1B2C18430073F660 /* BKNavigationController.m in Sources */ = {isa = PBXBuildFile; fileRef = BA9BF32A1B2C18430073F660 /* BKNavigationController.m */; };
		BA9BF32E1B2C199B0073F660 /* BKHomeController.m in Sources */ = {isa = PBXBuildFile; fileRef = BA9BF32D1B2C199B0073F660 /* BKHomeController.m */; };
		BA9BF3311B2C1A010073F660 /* BKGraceController.m in Sources */ = {isa = PBXBuildFile; fileRef = BA9BF3301B2C1A010073F660 /* BKGraceController.m */; };
		BA9BF3341B2C1A320073F660 /* BKHotController.m in Sources */ = {isa = PBXBuildFile; fileRef = BA9BF3331B2C1A320073F660 /* BKHotController.m */; };
		BA9BF3371B2C1A450073F660 /* BKProfileController.m in Sources */ = {isa = PBXBuildFile; fileRef = BA9BF3361B2C1A450073F660 /* BKProfileController.m */; };
		BA9BF33A1B2C1BBC0073F660 /* LaunchScreen.xib in Resources */ = {isa = PBXBuildFile; fileRef = BA9BF3391B2C1BBC0073F660 /* LaunchScreen.xib */; };
		BAD2E83A1B2D926900AA6C45 /* BKHttpTool.m in Sources */ = {isa = PBXBuildFile; fileRef = BAD2E8391B2D926900AA6C45 /* BKHttpTool.m */; };
		BAD2E88B1B2D92CC00AA6C45 /* AFHTTPRequestOperation.m in Sources */ = {isa = PBXBuildFile; fileRef = BAD2E83D1B2D92CC00AA6C45 /* AFHTTPRequestOperation.m */; };
		BAD2E88C1B2D92CC00AA6C45 /* AFHTTPRequestOperationManager.m in Sources */ = {isa = PBXBuildFile; fileRef = BAD2E83F1B2D92CC00AA6C45 /* AFHTTPRequestOperationManager.m */; };
		BAD2E88D1B2D92CC00AA6C45 /* AFHTTPSessionManager.m in Sources */ = {isa = PBXBuildFile; fileRef = BAD2E8411B2D92CC00AA6C45 /* AFHTTPSessionManager.m */; };
		BAD2E88E1B2D92CC00AA6C45 /* AFNetworkReachabilityManager.m in Sources */ = {isa = PBXBuildFile; fileRef = BAD2E8441B2D92CC00AA6C45 /* AFNetworkReachabilityManager.m */; };
		BAD2E88F1B2D92CC00AA6C45 /* AFSecurityPolicy.m in Sources */ = {isa = PBXBuildFile; fileRef = BAD2E8461B2D92CC00AA6C45 /* AFSecurityPolicy.m */; };
		BAD2E8901B2D92CC00AA6C45 /* AFURLConnectionOperation.m in Sources */ = {isa = PBXBuildFile; fileRef = BAD2E8481B2D92CC00AA6C45 /* AFURLConnectionOperation.m */; };
		BAD2E8911B2D92CC00AA6C45 /* AFURLRequestSerialization.m in Sources */ = {isa = PBXBuildFile; fileRef = BAD2E84A1B2D92CC00AA6C45 /* AFURLRequestSerialization.m */; };
		BAD2E8921B2D92CC00AA6C45 /* AFURLResponseSerialization.m in Sources */ = {isa = PBXBuildFile; fileRef = BAD2E84C1B2D92CC00AA6C45 /* AFURLResponseSerialization.m */; };
		BAD2E8931B2D92CC00AA6C45 /* AFURLSessionManager.m in Sources */ = {isa = PBXBuildFile; fileRef = BAD2E84E1B2D92CC00AA6C45 /* AFURLSessionManager.m */; };
		BAD2E8941B2D92CC00AA6C45 /* MBProgressHUD+LY.m in Sources */ = {isa = PBXBuildFile; fileRef = BAD2E8511B2D92CC00AA6C45 /* MBProgressHUD+LY.m */; };
		BAD2E8951B2D92CC00AA6C45 /* MBProgressHUD.bundle in Resources */ = {isa = PBXBuildFile; fileRef = BAD2E8521B2D92CC00AA6C45 /* MBProgressHUD.bundle */; };
		BAD2E8961B2D92CC00AA6C45 /* MBProgressHUD.m in Sources */ = {isa = PBXBuildFile; fileRef = BAD2E8541B2D92CC00AA6C45 /* MBProgressHUD.m */; };
		BAD2E8A01B2D92CC00AA6C45 /* MKAnnotationView+WebCache.m in Sources */ = {isa = PBXBuildFile; fileRef = BAD2E86B1B2D92CC00AA6C45 /* MKAnnotationView+WebCache.m */; };
		BAD2E8A11B2D92CC00AA6C45 /* NSData+ImageContentType.m in Sources */ = {isa = PBXBuildFile; fileRef = BAD2E86D1B2D92CC00AA6C45 /* NSData+ImageContentType.m */; };
		BAD2E8A21B2D92CC00AA6C45 /* SDImageCache.m in Sources */ = {isa = PBXBuildFile; fileRef = BAD2E86F1B2D92CC00AA6C45 /* SDImageCache.m */; };
		BAD2E8A31B2D92CC00AA6C45 /* SDWebImageCompat.m in Sources */ = {isa = PBXBuildFile; fileRef = BAD2E8711B2D92CC00AA6C45 /* SDWebImageCompat.m */; };
		BAD2E8A41B2D92CC00AA6C45 /* SDWebImageDecoder.m in Sources */ = {isa = PBXBuildFile; fileRef = BAD2E8731B2D92CC00AA6C45 /* SDWebImageDecoder.m */; };
		BAD2E8A51B2D92CC00AA6C45 /* SDWebImageDownloader.m in Sources */ = {isa = PBXBuildFile; fileRef = BAD2E8751B2D92CC00AA6C45 /* SDWebImageDownloader.m */; };
		BAD2E8A61B2D92CC00AA6C45 /* SDWebImageDownloaderOperation.m in Sources */ = {isa = PBXBuildFile; fileRef = BAD2E8771B2D92CC00AA6C45 /* SDWebImageDownloaderOperation.m */; };
		BAD2E8A71B2D92CC00AA6C45 /* SDWebImageManager.m in Sources */ = {isa = PBXBuildFile; fileRef = BAD2E8791B2D92CC00AA6C45 /* SDWebImageManager.m */; };
		BAD2E8A81B2D92CD00AA6C45 /* SDWebImagePrefetcher.m in Sources */ = {isa = PBXBuildFile; fileRef = BAD2E87C1B2D92CC00AA6C45 /* SDWebImagePrefetcher.m */; };
		BAD2E8A91B2D92CD00AA6C45 /* UIButton+WebCache.m in Sources */ = {isa = PBXBuildFile; fileRef = BAD2E87E1B2D92CC00AA6C45 /* UIButton+WebCache.m */; };
		BAD2E8AA1B2D92CD00AA6C45 /* UIImage+GIF.m in Sources */ = {isa = PBXBuildFile; fileRef = BAD2E8801B2D92CC00AA6C45 /* UIImage+GIF.m */; };
		BAD2E8AB1B2D92CD00AA6C45 /* UIImage+MultiFormat.m in Sources */ = {isa = PBXBuildFile; fileRef = BAD2E8821B2D92CC00AA6C45 /* UIImage+MultiFormat.m */; };
		BAD2E8AC1B2D92CD00AA6C45 /* UIImage+WebP.m in Sources */ = {isa = PBXBuildFile; fileRef = BAD2E8841B2D92CC00AA6C45 /* UIImage+WebP.m */; };
		BAD2E8AD1B2D92CD00AA6C45 /* UIImageView+HighlightedWebCache.m in Sources */ = {isa = PBXBuildFile; fileRef = BAD2E8861B2D92CC00AA6C45 /* UIImageView+HighlightedWebCache.m */; };
		BAD2E8AE1B2D92CD00AA6C45 /* UIImageView+WebCache.m in Sources */ = {isa = PBXBuildFile; fileRef = BAD2E8881B2D92CC00AA6C45 /* UIImageView+WebCache.m */; };
		BAD2E8AF1B2D92CD00AA6C45 /* UIView+WebCacheOperation.m in Sources */ = {isa = PBXBuildFile; fileRef = BAD2E88A1B2D92CC00AA6C45 /* UIView+WebCacheOperation.m */; };
		BAD2E8C21B2DAC9A00AA6C45 /* MJConst.m in Sources */ = {isa = PBXBuildFile; fileRef = BAD2E8B21B2DAC9A00AA6C45 /* MJConst.m */; };
		BAD2E8C31B2DAC9A00AA6C45 /* MJFoundation.m in Sources */ = {isa = PBXBuildFile; fileRef = BAD2E8B51B2DAC9A00AA6C45 /* MJFoundation.m */; };
		BAD2E8C41B2DAC9A00AA6C45 /* MJProperty.m in Sources */ = {isa = PBXBuildFile; fileRef = BAD2E8B71B2DAC9A00AA6C45 /* MJProperty.m */; };
		BAD2E8C51B2DAC9A00AA6C45 /* MJType.m in Sources */ = {isa = PBXBuildFile; fileRef = BAD2E8B91B2DAC9A00AA6C45 /* MJType.m */; };
		BAD2E8C61B2DAC9A00AA6C45 /* NSObject+MJCoding.m in Sources */ = {isa = PBXBuildFile; fileRef = BAD2E8BB1B2DAC9A00AA6C45 /* NSObject+MJCoding.m */; };
		BAD2E8C71B2DAC9A00AA6C45 /* NSObject+MJKeyValue.m in Sources */ = {isa = PBXBuildFile; fileRef = BAD2E8BD1B2DAC9A00AA6C45 /* NSObject+MJKeyValue.m */; };
		BAD2E8C81B2DAC9A00AA6C45 /* NSObject+MJProperty.m in Sources */ = {isa = PBXBuildFile; fileRef = BAD2E8BF1B2DAC9A00AA6C45 /* NSObject+MJProperty.m */; };
		BAD2E8C91B2DAC9A00AA6C45 /* NSString+MJExtension.m in Sources */ = {isa = PBXBuildFile; fileRef = BAD2E8C11B2DAC9A00AA6C45 /* NSString+MJExtension.m */; };
		BAD2E8D21B2DBC7400AA6C45 /* Foundation+Log.m in Sources */ = {isa = PBXBuildFile; fileRef = BAD2E8CB1B2DBC7400AA6C45 /* Foundation+Log.m */; };
		BAD2E8D31B2DBC7400AA6C45 /* UIBarButtonItem+ButtonImageExt.m in Sources */ = {isa = PBXBuildFile; fileRef = BAD2E8CD1B2DBC7400AA6C45 /* UIBarButtonItem+ButtonImageExt.m */; };
		BAD2E8D41B2DBC7400AA6C45 /* UIImage+ResizeExt.m in Sources */ = {isa = PBXBuildFile; fileRef = BAD2E8CF1B2DBC7400AA6C45 /* UIImage+ResizeExt.m */; };
		BAD2E8D51B2DBC7400AA6C45 /* UIView+ViewFrameExt.m in Sources */ = {isa = PBXBuildFile; fileRef = BAD2E8D11B2DBC7400AA6C45 /* UIView+ViewFrameExt.m */; };
		BAD2E8D81B2DC3E300AA6C45 /* BKCallTool.m in Sources */ = {isa = PBXBuildFile; fileRef = BAD2E8D71B2DC3E300AA6C45 /* BKCallTool.m */; };
		BAFC54121B2ED14E00184B6B /* BKProfileCell.m in Sources */ = {isa = PBXBuildFile; fileRef = BAFC54111B2ED14E00184B6B /* BKProfileCell.m */; };
		BAFC54151B2ED1C200184B6B /* BKProfileItem.m in Sources */ = {isa = PBXBuildFile; fileRef = BAFC54141B2ED1C200184B6B /* BKProfileItem.m */; };
		BAFC54181B2ED49D00184B6B /* BKProfileGroup.m in Sources */ = {isa = PBXBuildFile; fileRef = BAFC54171B2ED49D00184B6B /* BKProfileGroup.m */; };
		BAFC541B1B2EDD1F00184B6B /* BKProfileTextItem.m in Sources */ = {isa = PBXBuildFile; fileRef = BAFC541A1B2EDD1F00184B6B /* BKProfileTextItem.m */; };
		BAFC541E1B2EDD3F00184B6B /* BKProfileArrowItem.m in Sources */ = {isa = PBXBuildFile; fileRef = BAFC541D1B2EDD3F00184B6B /* BKProfileArrowItem.m */; };
		BAFC54241B2EE2D400184B6B /* BKProfileAboutController.m in Sources */ = {isa = PBXBuildFile; fileRef = BAFC54231B2EE2D400184B6B /* BKProfileAboutController.m */; };
		BAFC54271B2EEC1400184B6B /* BKProfileJoinController.m in Sources */ = {isa = PBXBuildFile; fileRef = BAFC54261B2EEC1400184B6B /* BKProfileJoinController.m */; };
		BAFC542A1B2EEC4700184B6B /* BKProfileSuggestionController.m in Sources */ = {isa = PBXBuildFile; fileRef = BAFC54291B2EEC4700184B6B /* BKProfileSuggestionController.m */; };
/* End PBXBuildFile section */

/* Begin PBXContainerItemProxy section */
		BA9BF2FC1B2C14D40073F660 /* PBXContainerItemProxy */ = {
			isa = PBXContainerItemProxy;
			containerPortal = BA9BF2DA1B2C14D30073F660 /* Project object */;
			proxyType = 1;
			remoteGlobalIDString = BA9BF2E11B2C14D30073F660;
			remoteInfo = BUKACH;
		};
/* End PBXContainerItemProxy section */

/* Begin PBXFileReference section */
		BA9BF2E21B2C14D30073F660 /* BUKACH.app */ = {isa = PBXFileReference; explicitFileType = wrapper.application; includeInIndex = 0; path = BUKACH.app; sourceTree = BUILT_PRODUCTS_DIR; };
		BA9BF2E61B2C14D30073F660 /* Info.plist */ = {isa = PBXFileReference; lastKnownFileType = text.plist.xml; path = Info.plist; sourceTree = "<group>"; };
		BA9BF2E71B2C14D30073F660 /* main.m */ = {isa = PBXFileReference; lastKnownFileType = sourcecode.c.objc; path = main.m; sourceTree = "<group>"; };
		BA9BF2F21B2C14D40073F660 /* Images.xcassets */ = {isa = PBXFileReference; lastKnownFileType = folder.assetcatalog; path = Images.xcassets; sourceTree = "<group>"; };
		BA9BF2FB1B2C14D40073F660 /* BUKACHTests.xctest */ = {isa = PBXFileReference; explicitFileType = wrapper.cfbundle; includeInIndex = 0; path = BUKACHTests.xctest; sourceTree = BUILT_PRODUCTS_DIR; };
		BA9BF3001B2C14D40073F660 /* Info.plist */ = {isa = PBXFileReference; lastKnownFileType = text.plist.xml; path = Info.plist; sourceTree = "<group>"; };
		BA9BF3011B2C14D40073F660 /* BUKACHTests.m */ = {isa = PBXFileReference; lastKnownFileType = sourcecode.c.objc; path = BUKACHTests.m; sourceTree = "<group>"; };
		BA9BF31D1B2C17410073F660 /* BKAppDelegate.h */ = {isa = PBXFileReference; fileEncoding = 4; lastKnownFileType = sourcecode.c.h; path = BKAppDelegate.h; sourceTree = "<group>"; };
		BA9BF31E1B2C17410073F660 /* BKAppDelegate.m */ = {isa = PBXFileReference; fileEncoding = 4; lastKnownFileType = sourcecode.c.objc; path = BKAppDelegate.m; sourceTree = "<group>"; };
		BA9BF3261B2C182B0073F660 /* BKTabBarController.h */ = {isa = PBXFileReference; fileEncoding = 4; lastKnownFileType = sourcecode.c.h; path = BKTabBarController.h; sourceTree = "<group>"; };
		BA9BF3271B2C182B0073F660 /* BKTabBarController.m */ = {isa = PBXFileReference; fileEncoding = 4; lastKnownFileType = sourcecode.c.objc; path = BKTabBarController.m; sourceTree = "<group>"; };
		BA9BF3291B2C18430073F660 /* BKNavigationController.h */ = {isa = PBXFileReference; fileEncoding = 4; lastKnownFileType = sourcecode.c.h; path = BKNavigationController.h; sourceTree = "<group>"; };
		BA9BF32A1B2C18430073F660 /* BKNavigationController.m */ = {isa = PBXFileReference; fileEncoding = 4; lastKnownFileType = sourcecode.c.objc; path = BKNavigationController.m; sourceTree = "<group>"; };
		BA9BF32C1B2C199B0073F660 /* BKHomeController.h */ = {isa = PBXFileReference; fileEncoding = 4; lastKnownFileType = sourcecode.c.h; path = BKHomeController.h; sourceTree = "<group>"; };
		BA9BF32D1B2C199B0073F660 /* BKHomeController.m */ = {isa = PBXFileReference; fileEncoding = 4; lastKnownFileType = sourcecode.c.objc; path = BKHomeController.m; sourceTree = "<group>"; };
		BA9BF32F1B2C1A010073F660 /* BKGraceController.h */ = {isa = PBXFileReference; fileEncoding = 4; lastKnownFileType = sourcecode.c.h; path = BKGraceController.h; sourceTree = "<group>"; };
		BA9BF3301B2C1A010073F660 /* BKGraceController.m */ = {isa = PBXFileReference; fileEncoding = 4; lastKnownFileType = sourcecode.c.objc; path = BKGraceController.m; sourceTree = "<group>"; };
		BA9BF3321B2C1A320073F660 /* BKHotController.h */ = {isa = PBXFileReference; fileEncoding = 4; lastKnownFileType = sourcecode.c.h; path = BKHotController.h; sourceTree = "<group>"; };
		BA9BF3331B2C1A320073F660 /* BKHotController.m */ = {isa = PBXFileReference; fileEncoding = 4; lastKnownFileType = sourcecode.c.objc; path = BKHotController.m; sourceTree = "<group>"; };
		BA9BF3351B2C1A450073F660 /* BKProfileController.h */ = {isa = PBXFileReference; fileEncoding = 4; lastKnownFileType = sourcecode.c.h; path = BKProfileController.h; sourceTree = "<group>"; };
		BA9BF3361B2C1A450073F660 /* BKProfileController.m */ = {isa = PBXFileReference; fileEncoding = 4; lastKnownFileType = sourcecode.c.objc; path = BKProfileController.m; sourceTree = "<group>"; };
		BA9BF3381B2C1B8A0073F660 /* bukachPrefix.pch */ = {isa = PBXFileReference; lastKnownFileType = sourcecode.c.h; path = bukachPrefix.pch; sourceTree = "<group>"; };
		BA9BF3391B2C1BBC0073F660 /* LaunchScreen.xib */ = {isa = PBXFileReference; fileEncoding = 4; lastKnownFileType = file.xib; path = LaunchScreen.xib; sourceTree = "<group>"; };
		BAD2E8381B2D926900AA6C45 /* BKHttpTool.h */ = {isa = PBXFileReference; fileEncoding = 4; lastKnownFileType = sourcecode.c.h; path = BKHttpTool.h; sourceTree = "<group>"; };
		BAD2E8391B2D926900AA6C45 /* BKHttpTool.m */ = {isa = PBXFileReference; fileEncoding = 4; lastKnownFileType = sourcecode.c.objc; path = BKHttpTool.m; sourceTree = "<group>"; };
		BAD2E83C1B2D92CC00AA6C45 /* AFHTTPRequestOperation.h */ = {isa = PBXFileReference; fileEncoding = 4; lastKnownFileType = sourcecode.c.h; path = AFHTTPRequestOperation.h; sourceTree = "<group>"; };
		BAD2E83D1B2D92CC00AA6C45 /* AFHTTPRequestOperation.m */ = {isa = PBXFileReference; fileEncoding = 4; lastKnownFileType = sourcecode.c.objc; path = AFHTTPRequestOperation.m; sourceTree = "<group>"; };
		BAD2E83E1B2D92CC00AA6C45 /* AFHTTPRequestOperationManager.h */ = {isa = PBXFileReference; fileEncoding = 4; lastKnownFileType = sourcecode.c.h; path = AFHTTPRequestOperationManager.h; sourceTree = "<group>"; };
		BAD2E83F1B2D92CC00AA6C45 /* AFHTTPRequestOperationManager.m */ = {isa = PBXFileReference; fileEncoding = 4; lastKnownFileType = sourcecode.c.objc; path = AFHTTPRequestOperationManager.m; sourceTree = "<group>"; };
		BAD2E8401B2D92CC00AA6C45 /* AFHTTPSessionManager.h */ = {isa = PBXFileReference; fileEncoding = 4; lastKnownFileType = sourcecode.c.h; path = AFHTTPSessionManager.h; sourceTree = "<group>"; };
		BAD2E8411B2D92CC00AA6C45 /* AFHTTPSessionManager.m */ = {isa = PBXFileReference; fileEncoding = 4; lastKnownFileType = sourcecode.c.objc; path = AFHTTPSessionManager.m; sourceTree = "<group>"; };
		BAD2E8421B2D92CC00AA6C45 /* AFNetworking.h */ = {isa = PBXFileReference; fileEncoding = 4; lastKnownFileType = sourcecode.c.h; path = AFNetworking.h; sourceTree = "<group>"; };
		BAD2E8431B2D92CC00AA6C45 /* AFNetworkReachabilityManager.h */ = {isa = PBXFileReference; fileEncoding = 4; lastKnownFileType = sourcecode.c.h; path = AFNetworkReachabilityManager.h; sourceTree = "<group>"; };
		BAD2E8441B2D92CC00AA6C45 /* AFNetworkReachabilityManager.m */ = {isa = PBXFileReference; fileEncoding = 4; lastKnownFileType = sourcecode.c.objc; path = AFNetworkReachabilityManager.m; sourceTree = "<group>"; };
		BAD2E8451B2D92CC00AA6C45 /* AFSecurityPolicy.h */ = {isa = PBXFileReference; fileEncoding = 4; lastKnownFileType = sourcecode.c.h; path = AFSecurityPolicy.h; sourceTree = "<group>"; };
		BAD2E8461B2D92CC00AA6C45 /* AFSecurityPolicy.m */ = {isa = PBXFileReference; fileEncoding = 4; lastKnownFileType = sourcecode.c.objc; path = AFSecurityPolicy.m; sourceTree = "<group>"; };
		BAD2E8471B2D92CC00AA6C45 /* AFURLConnectionOperation.h */ = {isa = PBXFileReference; fileEncoding = 4; lastKnownFileType = sourcecode.c.h; path = AFURLConnectionOperation.h; sourceTree = "<group>"; };
		BAD2E8481B2D92CC00AA6C45 /* AFURLConnectionOperation.m */ = {isa = PBXFileReference; fileEncoding = 4; lastKnownFileType = sourcecode.c.objc; path = AFURLConnectionOperation.m; sourceTree = "<group>"; };
		BAD2E8491B2D92CC00AA6C45 /* AFURLRequestSerialization.h */ = {isa = PBXFileReference; fileEncoding = 4; lastKnownFileType = sourcecode.c.h; path = AFURLRequestSerialization.h; sourceTree = "<group>"; };
		BAD2E84A1B2D92CC00AA6C45 /* AFURLRequestSerialization.m */ = {isa = PBXFileReference; fileEncoding = 4; lastKnownFileType = sourcecode.c.objc; path = AFURLRequestSerialization.m; sourceTree = "<group>"; };
		BAD2E84B1B2D92CC00AA6C45 /* AFURLResponseSerialization.h */ = {isa = PBXFileReference; fileEncoding = 4; lastKnownFileType = sourcecode.c.h; path = AFURLResponseSerialization.h; sourceTree = "<group>"; };
		BAD2E84C1B2D92CC00AA6C45 /* AFURLResponseSerialization.m */ = {isa = PBXFileReference; fileEncoding = 4; lastKnownFileType = sourcecode.c.objc; path = AFURLResponseSerialization.m; sourceTree = "<group>"; };
		BAD2E84D1B2D92CC00AA6C45 /* AFURLSessionManager.h */ = {isa = PBXFileReference; fileEncoding = 4; lastKnownFileType = sourcecode.c.h; path = AFURLSessionManager.h; sourceTree = "<group>"; };
		BAD2E84E1B2D92CC00AA6C45 /* AFURLSessionManager.m */ = {isa = PBXFileReference; fileEncoding = 4; lastKnownFileType = sourcecode.c.objc; path = AFURLSessionManager.m; sourceTree = "<group>"; };
		BAD2E8501B2D92CC00AA6C45 /* MBProgressHUD+LY.h */ = {isa = PBXFileReference; fileEncoding = 4; lastKnownFileType = sourcecode.c.h; path = "MBProgressHUD+LY.h"; sourceTree = "<group>"; };
		BAD2E8511B2D92CC00AA6C45 /* MBProgressHUD+LY.m */ = {isa = PBXFileReference; fileEncoding = 4; lastKnownFileType = sourcecode.c.objc; path = "MBProgressHUD+LY.m"; sourceTree = "<group>"; };
		BAD2E8521B2D92CC00AA6C45 /* MBProgressHUD.bundle */ = {isa = PBXFileReference; lastKnownFileType = "wrapper.plug-in"; path = MBProgressHUD.bundle; sourceTree = "<group>"; };
		BAD2E8531B2D92CC00AA6C45 /* MBProgressHUD.h */ = {isa = PBXFileReference; fileEncoding = 4; lastKnownFileType = sourcecode.c.h; path = MBProgressHUD.h; sourceTree = "<group>"; };
		BAD2E8541B2D92CC00AA6C45 /* MBProgressHUD.m */ = {isa = PBXFileReference; fileEncoding = 4; lastKnownFileType = sourcecode.c.objc; path = MBProgressHUD.m; sourceTree = "<group>"; };
		BAD2E86A1B2D92CC00AA6C45 /* MKAnnotationView+WebCache.h */ = {isa = PBXFileReference; fileEncoding = 4; lastKnownFileType = sourcecode.c.h; path = "MKAnnotationView+WebCache.h"; sourceTree = "<group>"; };
		BAD2E86B1B2D92CC00AA6C45 /* MKAnnotationView+WebCache.m */ = {isa = PBXFileReference; fileEncoding = 4; lastKnownFileType = sourcecode.c.objc; path = "MKAnnotationView+WebCache.m"; sourceTree = "<group>"; };
		BAD2E86C1B2D92CC00AA6C45 /* NSData+ImageContentType.h */ = {isa = PBXFileReference; fileEncoding = 4; lastKnownFileType = sourcecode.c.h; path = "NSData+ImageContentType.h"; sourceTree = "<group>"; };
		BAD2E86D1B2D92CC00AA6C45 /* NSData+ImageContentType.m */ = {isa = PBXFileReference; fileEncoding = 4; lastKnownFileType = sourcecode.c.objc; path = "NSData+ImageContentType.m"; sourceTree = "<group>"; };
		BAD2E86E1B2D92CC00AA6C45 /* SDImageCache.h */ = {isa = PBXFileReference; fileEncoding = 4; lastKnownFileType = sourcecode.c.h; path = SDImageCache.h; sourceTree = "<group>"; };
		BAD2E86F1B2D92CC00AA6C45 /* SDImageCache.m */ = {isa = PBXFileReference; fileEncoding = 4; lastKnownFileType = sourcecode.c.objc; path = SDImageCache.m; sourceTree = "<group>"; };
		BAD2E8701B2D92CC00AA6C45 /* SDWebImageCompat.h */ = {isa = PBXFileReference; fileEncoding = 4; lastKnownFileType = sourcecode.c.h; path = SDWebImageCompat.h; sourceTree = "<group>"; };
		BAD2E8711B2D92CC00AA6C45 /* SDWebImageCompat.m */ = {isa = PBXFileReference; fileEncoding = 4; lastKnownFileType = sourcecode.c.objc; path = SDWebImageCompat.m; sourceTree = "<group>"; };
		BAD2E8721B2D92CC00AA6C45 /* SDWebImageDecoder.h */ = {isa = PBXFileReference; fileEncoding = 4; lastKnownFileType = sourcecode.c.h; path = SDWebImageDecoder.h; sourceTree = "<group>"; };
		BAD2E8731B2D92CC00AA6C45 /* SDWebImageDecoder.m */ = {isa = PBXFileReference; fileEncoding = 4; lastKnownFileType = sourcecode.c.objc; path = SDWebImageDecoder.m; sourceTree = "<group>"; };
		BAD2E8741B2D92CC00AA6C45 /* SDWebImageDownloader.h */ = {isa = PBXFileReference; fileEncoding = 4; lastKnownFileType = sourcecode.c.h; path = SDWebImageDownloader.h; sourceTree = "<group>"; };
		BAD2E8751B2D92CC00AA6C45 /* SDWebImageDownloader.m */ = {isa = PBXFileReference; fileEncoding = 4; lastKnownFileType = sourcecode.c.objc; path = SDWebImageDownloader.m; sourceTree = "<group>"; };
		BAD2E8761B2D92CC00AA6C45 /* SDWebImageDownloaderOperation.h */ = {isa = PBXFileReference; fileEncoding = 4; lastKnownFileType = sourcecode.c.h; path = SDWebImageDownloaderOperation.h; sourceTree = "<group>"; };
		BAD2E8771B2D92CC00AA6C45 /* SDWebImageDownloaderOperation.m */ = {isa = PBXFileReference; fileEncoding = 4; lastKnownFileType = sourcecode.c.objc; path = SDWebImageDownloaderOperation.m; sourceTree = "<group>"; };
		BAD2E8781B2D92CC00AA6C45 /* SDWebImageManager.h */ = {isa = PBXFileReference; fileEncoding = 4; lastKnownFileType = sourcecode.c.h; path = SDWebImageManager.h; sourceTree = "<group>"; };
		BAD2E8791B2D92CC00AA6C45 /* SDWebImageManager.m */ = {isa = PBXFileReference; fileEncoding = 4; lastKnownFileType = sourcecode.c.objc; path = SDWebImageManager.m; sourceTree = "<group>"; };
		BAD2E87A1B2D92CC00AA6C45 /* SDWebImageOperation.h */ = {isa = PBXFileReference; fileEncoding = 4; lastKnownFileType = sourcecode.c.h; path = SDWebImageOperation.h; sourceTree = "<group>"; };
		BAD2E87B1B2D92CC00AA6C45 /* SDWebImagePrefetcher.h */ = {isa = PBXFileReference; fileEncoding = 4; lastKnownFileType = sourcecode.c.h; path = SDWebImagePrefetcher.h; sourceTree = "<group>"; };
		BAD2E87C1B2D92CC00AA6C45 /* SDWebImagePrefetcher.m */ = {isa = PBXFileReference; fileEncoding = 4; lastKnownFileType = sourcecode.c.objc; path = SDWebImagePrefetcher.m; sourceTree = "<group>"; };
		BAD2E87D1B2D92CC00AA6C45 /* UIButton+WebCache.h */ = {isa = PBXFileReference; fileEncoding = 4; lastKnownFileType = sourcecode.c.h; path = "UIButton+WebCache.h"; sourceTree = "<group>"; };
		BAD2E87E1B2D92CC00AA6C45 /* UIButton+WebCache.m */ = {isa = PBXFileReference; fileEncoding = 4; lastKnownFileType = sourcecode.c.objc; path = "UIButton+WebCache.m"; sourceTree = "<group>"; };
		BAD2E87F1B2D92CC00AA6C45 /* UIImage+GIF.h */ = {isa = PBXFileReference; fileEncoding = 4; lastKnownFileType = sourcecode.c.h; path = "UIImage+GIF.h"; sourceTree = "<group>"; };
		BAD2E8801B2D92CC00AA6C45 /* UIImage+GIF.m */ = {isa = PBXFileReference; fileEncoding = 4; lastKnownFileType = sourcecode.c.objc; path = "UIImage+GIF.m"; sourceTree = "<group>"; };
		BAD2E8811B2D92CC00AA6C45 /* UIImage+MultiFormat.h */ = {isa = PBXFileReference; fileEncoding = 4; lastKnownFileType = sourcecode.c.h; path = "UIImage+MultiFormat.h"; sourceTree = "<group>"; };
		BAD2E8821B2D92CC00AA6C45 /* UIImage+MultiFormat.m */ = {isa = PBXFileReference; fileEncoding = 4; lastKnownFileType = sourcecode.c.objc; path = "UIImage+MultiFormat.m"; sourceTree = "<group>"; };
		BAD2E8831B2D92CC00AA6C45 /* UIImage+WebP.h */ = {isa = PBXFileReference; fileEncoding = 4; lastKnownFileType = sourcecode.c.h; path = "UIImage+WebP.h"; sourceTree = "<group>"; };
		BAD2E8841B2D92CC00AA6C45 /* UIImage+WebP.m */ = {isa = PBXFileReference; fileEncoding = 4; lastKnownFileType = sourcecode.c.objc; path = "UIImage+WebP.m"; sourceTree = "<group>"; };
		BAD2E8851B2D92CC00AA6C45 /* UIImageView+HighlightedWebCache.h */ = {isa = PBXFileReference; fileEncoding = 4; lastKnownFileType = sourcecode.c.h; path = "UIImageView+HighlightedWebCache.h"; sourceTree = "<group>"; };
		BAD2E8861B2D92CC00AA6C45 /* UIImageView+HighlightedWebCache.m */ = {isa = PBXFileReference; fileEncoding = 4; lastKnownFileType = sourcecode.c.objc; path = "UIImageView+HighlightedWebCache.m"; sourceTree = "<group>"; };
		BAD2E8871B2D92CC00AA6C45 /* UIImageView+WebCache.h */ = {isa = PBXFileReference; fileEncoding = 4; lastKnownFileType = sourcecode.c.h; path = "UIImageView+WebCache.h"; sourceTree = "<group>"; };
		BAD2E8881B2D92CC00AA6C45 /* UIImageView+WebCache.m */ = {isa = PBXFileReference; fileEncoding = 4; lastKnownFileType = sourcecode.c.objc; path = "UIImageView+WebCache.m"; sourceTree = "<group>"; };
		BAD2E8891B2D92CC00AA6C45 /* UIView+WebCacheOperation.h */ = {isa = PBXFileReference; fileEncoding = 4; lastKnownFileType = sourcecode.c.h; path = "UIView+WebCacheOperation.h"; sourceTree = "<group>"; };
		BAD2E88A1B2D92CC00AA6C45 /* UIView+WebCacheOperation.m */ = {isa = PBXFileReference; fileEncoding = 4; lastKnownFileType = sourcecode.c.objc; path = "UIView+WebCacheOperation.m"; sourceTree = "<group>"; };
		BAD2E8B11B2DAC9A00AA6C45 /* MJConst.h */ = {isa = PBXFileReference; fileEncoding = 4; lastKnownFileType = sourcecode.c.h; path = MJConst.h; sourceTree = "<group>"; };
		BAD2E8B21B2DAC9A00AA6C45 /* MJConst.m */ = {isa = PBXFileReference; fileEncoding = 4; lastKnownFileType = sourcecode.c.objc; path = MJConst.m; sourceTree = "<group>"; };
		BAD2E8B31B2DAC9A00AA6C45 /* MJExtension.h */ = {isa = PBXFileReference; fileEncoding = 4; lastKnownFileType = sourcecode.c.h; path = MJExtension.h; sourceTree = "<group>"; };
		BAD2E8B41B2DAC9A00AA6C45 /* MJFoundation.h */ = {isa = PBXFileReference; fileEncoding = 4; lastKnownFileType = sourcecode.c.h; path = MJFoundation.h; sourceTree = "<group>"; };
		BAD2E8B51B2DAC9A00AA6C45 /* MJFoundation.m */ = {isa = PBXFileReference; fileEncoding = 4; lastKnownFileType = sourcecode.c.objc; path = MJFoundation.m; sourceTree = "<group>"; };
		BAD2E8B61B2DAC9A00AA6C45 /* MJProperty.h */ = {isa = PBXFileReference; fileEncoding = 4; lastKnownFileType = sourcecode.c.h; path = MJProperty.h; sourceTree = "<group>"; };
		BAD2E8B71B2DAC9A00AA6C45 /* MJProperty.m */ = {isa = PBXFileReference; fileEncoding = 4; lastKnownFileType = sourcecode.c.objc; path = MJProperty.m; sourceTree = "<group>"; };
		BAD2E8B81B2DAC9A00AA6C45 /* MJType.h */ = {isa = PBXFileReference; fileEncoding = 4; lastKnownFileType = sourcecode.c.h; path = MJType.h; sourceTree = "<group>"; };
		BAD2E8B91B2DAC9A00AA6C45 /* MJType.m */ = {isa = PBXFileReference; fileEncoding = 4; lastKnownFileType = sourcecode.c.objc; path = MJType.m; sourceTree = "<group>"; };
		BAD2E8BA1B2DAC9A00AA6C45 /* NSObject+MJCoding.h */ = {isa = PBXFileReference; fileEncoding = 4; lastKnownFileType = sourcecode.c.h; path = "NSObject+MJCoding.h"; sourceTree = "<group>"; };
		BAD2E8BB1B2DAC9A00AA6C45 /* NSObject+MJCoding.m */ = {isa = PBXFileReference; fileEncoding = 4; lastKnownFileType = sourcecode.c.objc; path = "NSObject+MJCoding.m"; sourceTree = "<group>"; };
		BAD2E8BC1B2DAC9A00AA6C45 /* NSObject+MJKeyValue.h */ = {isa = PBXFileReference; fileEncoding = 4; lastKnownFileType = sourcecode.c.h; path = "NSObject+MJKeyValue.h"; sourceTree = "<group>"; };
		BAD2E8BD1B2DAC9A00AA6C45 /* NSObject+MJKeyValue.m */ = {isa = PBXFileReference; fileEncoding = 4; lastKnownFileType = sourcecode.c.objc; path = "NSObject+MJKeyValue.m"; sourceTree = "<group>"; };
		BAD2E8BE1B2DAC9A00AA6C45 /* NSObject+MJProperty.h */ = {isa = PBXFileReference; fileEncoding = 4; lastKnownFileType = sourcecode.c.h; path = "NSObject+MJProperty.h"; sourceTree = "<group>"; };
		BAD2E8BF1B2DAC9A00AA6C45 /* NSObject+MJProperty.m */ = {isa = PBXFileReference; fileEncoding = 4; lastKnownFileType = sourcecode.c.objc; path = "NSObject+MJProperty.m"; sourceTree = "<group>"; };
		BAD2E8C01B2DAC9A00AA6C45 /* NSString+MJExtension.h */ = {isa = PBXFileReference; fileEncoding = 4; lastKnownFileType = sourcecode.c.h; path = "NSString+MJExtension.h"; sourceTree = "<group>"; };
		BAD2E8C11B2DAC9A00AA6C45 /* NSString+MJExtension.m */ = {isa = PBXFileReference; fileEncoding = 4; lastKnownFileType = sourcecode.c.objc; path = "NSString+MJExtension.m"; sourceTree = "<group>"; };
		BAD2E8CB1B2DBC7400AA6C45 /* Foundation+Log.m */ = {isa = PBXFileReference; fileEncoding = 4; lastKnownFileType = sourcecode.c.objc; path = "Foundation+Log.m"; sourceTree = "<group>"; };
		BAD2E8CC1B2DBC7400AA6C45 /* UIBarButtonItem+ButtonImageExt.h */ = {isa = PBXFileReference; fileEncoding = 4; lastKnownFileType = sourcecode.c.h; path = "UIBarButtonItem+ButtonImageExt.h"; sourceTree = "<group>"; };
		BAD2E8CD1B2DBC7400AA6C45 /* UIBarButtonItem+ButtonImageExt.m */ = {isa = PBXFileReference; fileEncoding = 4; lastKnownFileType = sourcecode.c.objc; path = "UIBarButtonItem+ButtonImageExt.m"; sourceTree = "<group>"; };
		BAD2E8CE1B2DBC7400AA6C45 /* UIImage+ResizeExt.h */ = {isa = PBXFileReference; fileEncoding = 4; lastKnownFileType = sourcecode.c.h; path = "UIImage+ResizeExt.h"; sourceTree = "<group>"; };
		BAD2E8CF1B2DBC7400AA6C45 /* UIImage+ResizeExt.m */ = {isa = PBXFileReference; fileEncoding = 4; lastKnownFileType = sourcecode.c.objc; path = "UIImage+ResizeExt.m"; sourceTree = "<group>"; };
		BAD2E8D01B2DBC7400AA6C45 /* UIView+ViewFrameExt.h */ = {isa = PBXFileReference; fileEncoding = 4; lastKnownFileType = sourcecode.c.h; path = "UIView+ViewFrameExt.h"; sourceTree = "<group>"; };
		BAD2E8D11B2DBC7400AA6C45 /* UIView+ViewFrameExt.m */ = {isa = PBXFileReference; fileEncoding = 4; lastKnownFileType = sourcecode.c.objc; path = "UIView+ViewFrameExt.m"; sourceTree = "<group>"; };
		BAD2E8D61B2DC3E300AA6C45 /* BKCallTool.h */ = {isa = PBXFileReference; fileEncoding = 4; lastKnownFileType = sourcecode.c.h; path = BKCallTool.h; sourceTree = "<group>"; };
		BAD2E8D71B2DC3E300AA6C45 /* BKCallTool.m */ = {isa = PBXFileReference; fileEncoding = 4; lastKnownFileType = sourcecode.c.objc; path = BKCallTool.m; sourceTree = "<group>"; };
		BAFC54101B2ED14E00184B6B /* BKProfileCell.h */ = {isa = PBXFileReference; fileEncoding = 4; lastKnownFileType = sourcecode.c.h; path = BKProfileCell.h; sourceTree = "<group>"; };
		BAFC54111B2ED14E00184B6B /* BKProfileCell.m */ = {isa = PBXFileReference; fileEncoding = 4; lastKnownFileType = sourcecode.c.objc; path = BKProfileCell.m; sourceTree = "<group>"; };
		BAFC54131B2ED1C200184B6B /* BKProfileItem.h */ = {isa = PBXFileReference; fileEncoding = 4; lastKnownFileType = sourcecode.c.h; path = BKProfileItem.h; sourceTree = "<group>"; };
		BAFC54141B2ED1C200184B6B /* BKProfileItem.m */ = {isa = PBXFileReference; fileEncoding = 4; lastKnownFileType = sourcecode.c.objc; path = BKProfileItem.m; sourceTree = "<group>"; };
		BAFC54161B2ED49D00184B6B /* BKProfileGroup.h */ = {isa = PBXFileReference; fileEncoding = 4; lastKnownFileType = sourcecode.c.h; path = BKProfileGroup.h; sourceTree = "<group>"; };
		BAFC54171B2ED49D00184B6B /* BKProfileGroup.m */ = {isa = PBXFileReference; fileEncoding = 4; lastKnownFileType = sourcecode.c.objc; path = BKProfileGroup.m; sourceTree = "<group>"; };
		BAFC54191B2EDD1F00184B6B /* BKProfileTextItem.h */ = {isa = PBXFileReference; fileEncoding = 4; lastKnownFileType = sourcecode.c.h; path = BKProfileTextItem.h; sourceTree = "<group>"; };
		BAFC541A1B2EDD1F00184B6B /* BKProfileTextItem.m */ = {isa = PBXFileReference; fileEncoding = 4; lastKnownFileType = sourcecode.c.objc; path = BKProfileTextItem.m; sourceTree = "<group>"; };
		BAFC541C1B2EDD3F00184B6B /* BKProfileArrowItem.h */ = {isa = PBXFileReference; fileEncoding = 4; lastKnownFileType = sourcecode.c.h; path = BKProfileArrowItem.h; sourceTree = "<group>"; };
		BAFC541D1B2EDD3F00184B6B /* BKProfileArrowItem.m */ = {isa = PBXFileReference; fileEncoding = 4; lastKnownFileType = sourcecode.c.objc; path = BKProfileArrowItem.m; sourceTree = "<group>"; };
		BAFC54221B2EE2D400184B6B /* BKProfileAboutController.h */ = {isa = PBXFileReference; fileEncoding = 4; lastKnownFileType = sourcecode.c.h; path = BKProfileAboutController.h; sourceTree = "<group>"; };
		BAFC54231B2EE2D400184B6B /* BKProfileAboutController.m */ = {isa = PBXFileReference; fileEncoding = 4; lastKnownFileType = sourcecode.c.objc; path = BKProfileAboutController.m; sourceTree = "<group>"; };
		BAFC54251B2EEC1400184B6B /* BKProfileJoinController.h */ = {isa = PBXFileReference; fileEncoding = 4; lastKnownFileType = sourcecode.c.h; path = BKProfileJoinController.h; sourceTree = "<group>"; };
		BAFC54261B2EEC1400184B6B /* BKProfileJoinController.m */ = {isa = PBXFileReference; fileEncoding = 4; lastKnownFileType = sourcecode.c.objc; path = BKProfileJoinController.m; sourceTree = "<group>"; };
		BAFC54281B2EEC4700184B6B /* BKProfileSuggestionController.h */ = {isa = PBXFileReference; fileEncoding = 4; lastKnownFileType = sourcecode.c.h; path = BKProfileSuggestionController.h; sourceTree = "<group>"; };
		BAFC54291B2EEC4700184B6B /* BKProfileSuggestionController.m */ = {isa = PBXFileReference; fileEncoding = 4; lastKnownFileType = sourcecode.c.objc; path = BKProfileSuggestionController.m; sourceTree = "<group>"; };
/* End PBXFileReference section */

/* Begin PBXFrameworksBuildPhase section */
		BA9BF2DF1B2C14D30073F660 /* Frameworks */ = {
			isa = PBXFrameworksBuildPhase;
			buildActionMask = 2147483647;
			files = (
			);
			runOnlyForDeploymentPostprocessing = 0;
		};
		BA9BF2F81B2C14D40073F660 /* Frameworks */ = {
			isa = PBXFrameworksBuildPhase;
			buildActionMask = 2147483647;
			files = (
			);
			runOnlyForDeploymentPostprocessing = 0;
		};
/* End PBXFrameworksBuildPhase section */

/* Begin PBXGroup section */
		BA9BF2D91B2C14D30073F660 = {
			isa = PBXGroup;
			children = (
				BA9BF2E41B2C14D30073F660 /* BUKACH */,
				BA9BF2FE1B2C14D40073F660 /* BUKACHTests */,
				BA9BF2E31B2C14D30073F660 /* Products */,
			);
			sourceTree = "<group>";
		};
		BA9BF2E31B2C14D30073F660 /* Products */ = {
			isa = PBXGroup;
			children = (
				BA9BF2E21B2C14D30073F660 /* BUKACH.app */,
				BA9BF2FB1B2C14D40073F660 /* BUKACHTests.xctest */,
			);
			name = Products;
			sourceTree = "<group>";
		};
		BA9BF2E41B2C14D30073F660 /* BUKACH */ = {
			isa = PBXGroup;
			children = (
				BA9BF30B1B2C17400073F660 /* Classes */,
				BA9BF2E51B2C14D30073F660 /* Supporting Files */,
			);
			path = BUKACH;
			sourceTree = "<group>";
		};
		BA9BF2E51B2C14D30073F660 /* Supporting Files */ = {
			isa = PBXGroup;
			children = (
				BA9BF3391B2C1BBC0073F660 /* LaunchScreen.xib */,
				BA9BF3381B2C1B8A0073F660 /* bukachPrefix.pch */,
				BA9BF2E61B2C14D30073F660 /* Info.plist */,
				BA9BF2E71B2C14D30073F660 /* main.m */,
				BA9BF2F21B2C14D40073F660 /* Images.xcassets */,
			);
			name = "Supporting Files";
			sourceTree = "<group>";
		};
		BA9BF2FE1B2C14D40073F660 /* BUKACHTests */ = {
			isa = PBXGroup;
			children = (
				BA9BF3011B2C14D40073F660 /* BUKACHTests.m */,
				BA9BF2FF1B2C14D40073F660 /* Supporting Files */,
			);
			path = BUKACHTests;
			sourceTree = "<group>";
		};
		BA9BF2FF1B2C14D40073F660 /* Supporting Files */ = {
			isa = PBXGroup;
			children = (
				BA9BF3001B2C14D40073F660 /* Info.plist */,
			);
			name = "Supporting Files";
			sourceTree = "<group>";
		};
		BA9BF30B1B2C17400073F660 /* Classes */ = {
			isa = PBXGroup;
			children = (
				BA9BF3181B2C17410073F660 /* Main(主要) */,
				BA9BF3101B2C17400073F660 /* Home(首页) */,
				BA9BF30C1B2C17400073F660 /* Grace(风采) */,
				BA9BF3141B2C17410073F660 /* Hot(热门) */,
				BA9BF3211B2C17410073F660 /* Profile(我) */,
			);
			path = Classes;
			sourceTree = "<group>";
		};
		BA9BF30C1B2C17400073F660 /* Grace(风采) */ = {
			isa = PBXGroup;
			children = (
				BA9BF30D1B2C17400073F660 /* Controllers */,
				BA9BF30E1B2C17400073F660 /* Models */,
				BA9BF30F1B2C17400073F660 /* Views */,
			);
			path = "Grace(风采)";
			sourceTree = "<group>";
		};
		BA9BF30D1B2C17400073F660 /* Controllers */ = {
			isa = PBXGroup;
			children = (
				BA9BF32F1B2C1A010073F660 /* BKGraceController.h */,
				BA9BF3301B2C1A010073F660 /* BKGraceController.m */,
			);
			path = Controllers;
			sourceTree = "<group>";
		};
		BA9BF30E1B2C17400073F660 /* Models */ = {
			isa = PBXGroup;
			children = (
			);
			path = Models;
			sourceTree = "<group>";
		};
		BA9BF30F1B2C17400073F660 /* Views */ = {
			isa = PBXGroup;
			children = (
			);
			path = Views;
			sourceTree = "<group>";
		};
		BA9BF3101B2C17400073F660 /* Home(首页) */ = {
			isa = PBXGroup;
			children = (
				BA9BF3111B2C17400073F660 /* Controllers */,
				BA9BF3121B2C17400073F660 /* Models */,
				BA9BF3131B2C17410073F660 /* Views */,
			);
			path = "Home(首页)";
			sourceTree = "<group>";
		};
		BA9BF3111B2C17400073F660 /* Controllers */ = {
			isa = PBXGroup;
			children = (
				BA9BF32C1B2C199B0073F660 /* BKHomeController.h */,
				BA9BF32D1B2C199B0073F660 /* BKHomeController.m */,
			);
			path = Controllers;
			sourceTree = "<group>";
		};
		BA9BF3121B2C17400073F660 /* Models */ = {
			isa = PBXGroup;
			children = (
			);
			path = Models;
			sourceTree = "<group>";
		};
		BA9BF3131B2C17410073F660 /* Views */ = {
			isa = PBXGroup;
			children = (
			);
			path = Views;
			sourceTree = "<group>";
		};
		BA9BF3141B2C17410073F660 /* Hot(热门) */ = {
			isa = PBXGroup;
			children = (
				BA9BF3151B2C17410073F660 /* Controllers */,
				BA9BF3161B2C17410073F660 /* Models */,
				BA9BF3171B2C17410073F660 /* Views */,
			);
			path = "Hot(热门)";
			sourceTree = "<group>";
		};
		BA9BF3151B2C17410073F660 /* Controllers */ = {
			isa = PBXGroup;
			children = (
				BA9BF3321B2C1A320073F660 /* BKHotController.h */,
				BA9BF3331B2C1A320073F660 /* BKHotController.m */,
			);
			path = Controllers;
			sourceTree = "<group>";
		};
		BA9BF3161B2C17410073F660 /* Models */ = {
			isa = PBXGroup;
			children = (
			);
			path = Models;
			sourceTree = "<group>";
		};
		BA9BF3171B2C17410073F660 /* Views */ = {
			isa = PBXGroup;
			children = (
			);
			path = Views;
			sourceTree = "<group>";
		};
		BA9BF3181B2C17410073F660 /* Main(主要) */ = {
			isa = PBXGroup;
			children = (
				BA9BF31C1B2C17410073F660 /* Others(入口) */,
				BA9BF3191B2C17410073F660 /* Controllers */,
				BA9BF31B1B2C17410073F660 /* Models */,
				BA9BF3201B2C17410073F660 /* Views */,
				BA9BF31F1B2C17410073F660 /* Tools */,
				BAD2E8CA1B2DBC7400AA6C45 /* Categories */,
				BA9BF31A1B2C17410073F660 /* Libs */,
			);
			path = "Main(主要)";
			sourceTree = "<group>";
		};
		BA9BF3191B2C17410073F660 /* Controllers */ = {
			isa = PBXGroup;
			children = (
				BA9BF3261B2C182B0073F660 /* BKTabBarController.h */,
				BA9BF3271B2C182B0073F660 /* BKTabBarController.m */,
				BA9BF3291B2C18430073F660 /* BKNavigationController.h */,
				BA9BF32A1B2C18430073F660 /* BKNavigationController.m */,
			);
			path = Controllers;
			sourceTree = "<group>";
		};
		BA9BF31A1B2C17410073F660 /* Libs */ = {
			isa = PBXGroup;
			children = (
				BAD2E8B01B2DAC9A00AA6C45 /* MJExtension */,
				BAD2E83B1B2D92CC00AA6C45 /* AFNetworking */,
				BAD2E84F1B2D92CC00AA6C45 /* MBProgressHUD */,
				BAD2E8691B2D92CC00AA6C45 /* SDWebImage */,
			);
			path = Libs;
			sourceTree = "<group>";
		};
		BA9BF31B1B2C17410073F660 /* Models */ = {
			isa = PBXGroup;
			children = (
			);
			path = Models;
			sourceTree = "<group>";
		};
		BA9BF31C1B2C17410073F660 /* Others(入口) */ = {
			isa = PBXGroup;
			children = (
				BA9BF31D1B2C17410073F660 /* BKAppDelegate.h */,
				BA9BF31E1B2C17410073F660 /* BKAppDelegate.m */,
			);
			path = "Others(入口)";
			sourceTree = "<group>";
		};
		BA9BF31F1B2C17410073F660 /* Tools */ = {
			isa = PBXGroup;
			children = (
				BAD2E8381B2D926900AA6C45 /* BKHttpTool.h */,
				BAD2E8391B2D926900AA6C45 /* BKHttpTool.m */,
				BAD2E8D61B2DC3E300AA6C45 /* BKCallTool.h */,
				BAD2E8D71B2DC3E300AA6C45 /* BKCallTool.m */,
			);
			path = Tools;
			sourceTree = "<group>";
		};
		BA9BF3201B2C17410073F660 /* Views */ = {
			isa = PBXGroup;
			children = (
			);
			path = Views;
			sourceTree = "<group>";
		};
		BA9BF3211B2C17410073F660 /* Profile(我) */ = {
			isa = PBXGroup;
			children = (
				BA9BF3221B2C17410073F660 /* Controllers */,
				BA9BF3231B2C17410073F660 /* Models */,
				BA9BF3241B2C17410073F660 /* Views */,
			);
			path = "Profile(我)";
			sourceTree = "<group>";
		};
		BA9BF3221B2C17410073F660 /* Controllers */ = {
			isa = PBXGroup;
			children = (
				BA9BF3351B2C1A450073F660 /* BKProfileController.h */,
				BA9BF3361B2C1A450073F660 /* BKProfileController.m */,
				BAFC54281B2EEC4700184B6B /* BKProfileSuggestionController.h */,
				BAFC54291B2EEC4700184B6B /* BKProfileSuggestionController.m */,
				BAFC54221B2EE2D400184B6B /* BKProfileAboutController.h */,
				BAFC54231B2EE2D400184B6B /* BKProfileAboutController.m */,
				BAFC54251B2EEC1400184B6B /* BKProfileJoinController.h */,
				BAFC54261B2EEC1400184B6B /* BKProfileJoinController.m */,
			);
			path = Controllers;
			sourceTree = "<group>";
		};
		BA9BF3231B2C17410073F660 /* Models */ = {
			isa = PBXGroup;
			children = (
				BAFC54131B2ED1C200184B6B /* BKProfileItem.h */,
				BAFC54141B2ED1C200184B6B /* BKProfileItem.m */,
				BAFC541C1B2EDD3F00184B6B /* BKProfileArrowItem.h */,
				BAFC541D1B2EDD3F00184B6B /* BKProfileArrowItem.m */,
				BAFC54191B2EDD1F00184B6B /* BKProfileTextItem.h */,
				BAFC541A1B2EDD1F00184B6B /* BKProfileTextItem.m */,
				BAFC54161B2ED49D00184B6B /* BKProfileGroup.h */,
				BAFC54171B2ED49D00184B6B /* BKProfileGroup.m */,
			);
			path = Models;
			sourceTree = "<group>";
		};
		BA9BF3241B2C17410073F660 /* Views */ = {
			isa = PBXGroup;
			children = (
				BAFC54101B2ED14E00184B6B /* BKProfileCell.h */,
				BAFC54111B2ED14E00184B6B /* BKProfileCell.m */,
			);
			path = Views;
			sourceTree = "<group>";
		};
		BAD2E83B1B2D92CC00AA6C45 /* AFNetworking */ = {
			isa = PBXGroup;
			children = (
				BAD2E83C1B2D92CC00AA6C45 /* AFHTTPRequestOperation.h */,
				BAD2E83D1B2D92CC00AA6C45 /* AFHTTPRequestOperation.m */,
				BAD2E83E1B2D92CC00AA6C45 /* AFHTTPRequestOperationManager.h */,
				BAD2E83F1B2D92CC00AA6C45 /* AFHTTPRequestOperationManager.m */,
				BAD2E8401B2D92CC00AA6C45 /* AFHTTPSessionManager.h */,
				BAD2E8411B2D92CC00AA6C45 /* AFHTTPSessionManager.m */,
				BAD2E8421B2D92CC00AA6C45 /* AFNetworking.h */,
				BAD2E8431B2D92CC00AA6C45 /* AFNetworkReachabilityManager.h */,
				BAD2E8441B2D92CC00AA6C45 /* AFNetworkReachabilityManager.m */,
				BAD2E8451B2D92CC00AA6C45 /* AFSecurityPolicy.h */,
				BAD2E8461B2D92CC00AA6C45 /* AFSecurityPolicy.m */,
				BAD2E8471B2D92CC00AA6C45 /* AFURLConnectionOperation.h */,
				BAD2E8481B2D92CC00AA6C45 /* AFURLConnectionOperation.m */,
				BAD2E8491B2D92CC00AA6C45 /* AFURLRequestSerialization.h */,
				BAD2E84A1B2D92CC00AA6C45 /* AFURLRequestSerialization.m */,
				BAD2E84B1B2D92CC00AA6C45 /* AFURLResponseSerialization.h */,
				BAD2E84C1B2D92CC00AA6C45 /* AFURLResponseSerialization.m */,
				BAD2E84D1B2D92CC00AA6C45 /* AFURLSessionManager.h */,
				BAD2E84E1B2D92CC00AA6C45 /* AFURLSessionManager.m */,
			);
			path = AFNetworking;
			sourceTree = "<group>";
		};
		BAD2E84F1B2D92CC00AA6C45 /* MBProgressHUD */ = {
			isa = PBXGroup;
			children = (
				BAD2E8501B2D92CC00AA6C45 /* MBProgressHUD+LY.h */,
				BAD2E8511B2D92CC00AA6C45 /* MBProgressHUD+LY.m */,
				BAD2E8521B2D92CC00AA6C45 /* MBProgressHUD.bundle */,
				BAD2E8531B2D92CC00AA6C45 /* MBProgressHUD.h */,
				BAD2E8541B2D92CC00AA6C45 /* MBProgressHUD.m */,
			);
			path = MBProgressHUD;
			sourceTree = "<group>";
		};
		BAD2E8691B2D92CC00AA6C45 /* SDWebImage */ = {
			isa = PBXGroup;
			children = (
				BAD2E86A1B2D92CC00AA6C45 /* MKAnnotationView+WebCache.h */,
				BAD2E86B1B2D92CC00AA6C45 /* MKAnnotationView+WebCache.m */,
				BAD2E86C1B2D92CC00AA6C45 /* NSData+ImageContentType.h */,
				BAD2E86D1B2D92CC00AA6C45 /* NSData+ImageContentType.m */,
				BAD2E86E1B2D92CC00AA6C45 /* SDImageCache.h */,
				BAD2E86F1B2D92CC00AA6C45 /* SDImageCache.m */,
				BAD2E8701B2D92CC00AA6C45 /* SDWebImageCompat.h */,
				BAD2E8711B2D92CC00AA6C45 /* SDWebImageCompat.m */,
				BAD2E8721B2D92CC00AA6C45 /* SDWebImageDecoder.h */,
				BAD2E8731B2D92CC00AA6C45 /* SDWebImageDecoder.m */,
				BAD2E8741B2D92CC00AA6C45 /* SDWebImageDownloader.h */,
				BAD2E8751B2D92CC00AA6C45 /* SDWebImageDownloader.m */,
				BAD2E8761B2D92CC00AA6C45 /* SDWebImageDownloaderOperation.h */,
				BAD2E8771B2D92CC00AA6C45 /* SDWebImageDownloaderOperation.m */,
				BAD2E8781B2D92CC00AA6C45 /* SDWebImageManager.h */,
				BAD2E8791B2D92CC00AA6C45 /* SDWebImageManager.m */,
				BAD2E87A1B2D92CC00AA6C45 /* SDWebImageOperation.h */,
				BAD2E87B1B2D92CC00AA6C45 /* SDWebImagePrefetcher.h */,
				BAD2E87C1B2D92CC00AA6C45 /* SDWebImagePrefetcher.m */,
				BAD2E87D1B2D92CC00AA6C45 /* UIButton+WebCache.h */,
				BAD2E87E1B2D92CC00AA6C45 /* UIButton+WebCache.m */,
				BAD2E87F1B2D92CC00AA6C45 /* UIImage+GIF.h */,
				BAD2E8801B2D92CC00AA6C45 /* UIImage+GIF.m */,
				BAD2E8811B2D92CC00AA6C45 /* UIImage+MultiFormat.h */,
				BAD2E8821B2D92CC00AA6C45 /* UIImage+MultiFormat.m */,
				BAD2E8831B2D92CC00AA6C45 /* UIImage+WebP.h */,
				BAD2E8841B2D92CC00AA6C45 /* UIImage+WebP.m */,
				BAD2E8851B2D92CC00AA6C45 /* UIImageView+HighlightedWebCache.h */,
				BAD2E8861B2D92CC00AA6C45 /* UIImageView+HighlightedWebCache.m */,
				BAD2E8871B2D92CC00AA6C45 /* UIImageView+WebCache.h */,
				BAD2E8881B2D92CC00AA6C45 /* UIImageView+WebCache.m */,
				BAD2E8891B2D92CC00AA6C45 /* UIView+WebCacheOperation.h */,
				BAD2E88A1B2D92CC00AA6C45 /* UIView+WebCacheOperation.m */,
			);
			path = SDWebImage;
			sourceTree = "<group>";
		};
		BAD2E8B01B2DAC9A00AA6C45 /* MJExtension */ = {
			isa = PBXGroup;
			children = (
				BAD2E8B11B2DAC9A00AA6C45 /* MJConst.h */,
				BAD2E8B21B2DAC9A00AA6C45 /* MJConst.m */,
				BAD2E8B31B2DAC9A00AA6C45 /* MJExtension.h */,
				BAD2E8B41B2DAC9A00AA6C45 /* MJFoundation.h */,
				BAD2E8B51B2DAC9A00AA6C45 /* MJFoundation.m */,
				BAD2E8B61B2DAC9A00AA6C45 /* MJProperty.h */,
				BAD2E8B71B2DAC9A00AA6C45 /* MJProperty.m */,
				BAD2E8B81B2DAC9A00AA6C45 /* MJType.h */,
				BAD2E8B91B2DAC9A00AA6C45 /* MJType.m */,
				BAD2E8BA1B2DAC9A00AA6C45 /* NSObject+MJCoding.h */,
				BAD2E8BB1B2DAC9A00AA6C45 /* NSObject+MJCoding.m */,
				BAD2E8BC1B2DAC9A00AA6C45 /* NSObject+MJKeyValue.h */,
				BAD2E8BD1B2DAC9A00AA6C45 /* NSObject+MJKeyValue.m */,
				BAD2E8BE1B2DAC9A00AA6C45 /* NSObject+MJProperty.h */,
				BAD2E8BF1B2DAC9A00AA6C45 /* NSObject+MJProperty.m */,
				BAD2E8C01B2DAC9A00AA6C45 /* NSString+MJExtension.h */,
				BAD2E8C11B2DAC9A00AA6C45 /* NSString+MJExtension.m */,
			);
			path = MJExtension;
			sourceTree = "<group>";
		};
		BAD2E8CA1B2DBC7400AA6C45 /* Categories */ = {
			isa = PBXGroup;
			children = (
				BAD2E8CB1B2DBC7400AA6C45 /* Foundation+Log.m */,
				BAD2E8CC1B2DBC7400AA6C45 /* UIBarButtonItem+ButtonImageExt.h */,
				BAD2E8CD1B2DBC7400AA6C45 /* UIBarButtonItem+ButtonImageExt.m */,
				BAD2E8CE1B2DBC7400AA6C45 /* UIImage+ResizeExt.h */,
				BAD2E8CF1B2DBC7400AA6C45 /* UIImage+ResizeExt.m */,
				BAD2E8D01B2DBC7400AA6C45 /* UIView+ViewFrameExt.h */,
				BAD2E8D11B2DBC7400AA6C45 /* UIView+ViewFrameExt.m */,
			);
			path = Categories;
			sourceTree = "<group>";
		};
/* End PBXGroup section */

/* Begin PBXNativeTarget section */
		BA9BF2E11B2C14D30073F660 /* BUKACH */ = {
			isa = PBXNativeTarget;
			buildConfigurationList = BA9BF3051B2C14D40073F660 /* Build configuration list for PBXNativeTarget "BUKACH" */;
			buildPhases = (
				BA9BF2DE1B2C14D30073F660 /* Sources */,
				BA9BF2DF1B2C14D30073F660 /* Frameworks */,
				BA9BF2E01B2C14D30073F660 /* Resources */,
			);
			buildRules = (
			);
			dependencies = (
			);
			name = BUKACH;
			productName = BUKACH;
			productReference = BA9BF2E21B2C14D30073F660 /* BUKACH.app */;
			productType = "com.apple.product-type.application";
		};
		BA9BF2FA1B2C14D40073F660 /* BUKACHTests */ = {
			isa = PBXNativeTarget;
			buildConfigurationList = BA9BF3081B2C14D40073F660 /* Build configuration list for PBXNativeTarget "BUKACHTests" */;
			buildPhases = (
				BA9BF2F71B2C14D40073F660 /* Sources */,
				BA9BF2F81B2C14D40073F660 /* Frameworks */,
				BA9BF2F91B2C14D40073F660 /* Resources */,
			);
			buildRules = (
			);
			dependencies = (
				BA9BF2FD1B2C14D40073F660 /* PBXTargetDependency */,
			);
			name = BUKACHTests;
			productName = BUKACHTests;
			productReference = BA9BF2FB1B2C14D40073F660 /* BUKACHTests.xctest */;
			productType = "com.apple.product-type.bundle.unit-test";
		};
/* End PBXNativeTarget section */

/* Begin PBXProject section */
		BA9BF2DA1B2C14D30073F660 /* Project object */ = {
			isa = PBXProject;
			attributes = {
				CLASSPREFIX = BK;
				LastUpgradeCheck = 0630;
				ORGANIZATIONNAME = Lynn;
				TargetAttributes = {
					BA9BF2E11B2C14D30073F660 = {
						CreatedOnToolsVersion = 6.3.1;
					};
					BA9BF2FA1B2C14D40073F660 = {
						CreatedOnToolsVersion = 6.3.1;
						TestTargetID = BA9BF2E11B2C14D30073F660;
					};
				};
			};
			buildConfigurationList = BA9BF2DD1B2C14D30073F660 /* Build configuration list for PBXProject "BUKACH" */;
			compatibilityVersion = "Xcode 3.2";
			developmentRegion = English;
			hasScannedForEncodings = 0;
			knownRegions = (
				en,
				Base,
			);
			mainGroup = BA9BF2D91B2C14D30073F660;
			productRefGroup = BA9BF2E31B2C14D30073F660 /* Products */;
			projectDirPath = "";
			projectRoot = "";
			targets = (
				BA9BF2E11B2C14D30073F660 /* BUKACH */,
				BA9BF2FA1B2C14D40073F660 /* BUKACHTests */,
			);
		};
/* End PBXProject section */

/* Begin PBXResourcesBuildPhase section */
		BA9BF2E01B2C14D30073F660 /* Resources */ = {
			isa = PBXResourcesBuildPhase;
			buildActionMask = 2147483647;
			files = (
				BA9BF33A1B2C1BBC0073F660 /* LaunchScreen.xib in Resources */,
				BA9BF2F31B2C14D40073F660 /* Images.xcassets in Resources */,
				BAD2E8951B2D92CC00AA6C45 /* MBProgressHUD.bundle in Resources */,
			);
			runOnlyForDeploymentPostprocessing = 0;
		};
		BA9BF2F91B2C14D40073F660 /* Resources */ = {
			isa = PBXResourcesBuildPhase;
			buildActionMask = 2147483647;
			files = (
			);
			runOnlyForDeploymentPostprocessing = 0;
		};
/* End PBXResourcesBuildPhase section */

/* Begin PBXSourcesBuildPhase section */
		BA9BF2DE1B2C14D30073F660 /* Sources */ = {
			isa = PBXSourcesBuildPhase;
			buildActionMask = 2147483647;
			files = (
				BAD2E88F1B2D92CC00AA6C45 /* AFSecurityPolicy.m in Sources */,
				BAD2E8A71B2D92CC00AA6C45 /* SDWebImageManager.m in Sources */,
				BAD2E8A81B2D92CD00AA6C45 /* SDWebImagePrefetcher.m in Sources */,
				BA9BF32B1B2C18430073F660 /* BKNavigationController.m in Sources */,
				BAD2E8C41B2DAC9A00AA6C45 /* MJProperty.m in Sources */,
				BAD2E88E1B2D92CC00AA6C45 /* AFNetworkReachabilityManager.m in Sources */,
				BAD2E8AF1B2D92CD00AA6C45 /* UIView+WebCacheOperation.m in Sources */,
				BA9BF3251B2C17410073F660 /* BKAppDelegate.m in Sources */,
				BAD2E8A61B2D92CC00AA6C45 /* SDWebImageDownloaderOperation.m in Sources */,
				BAD2E8901B2D92CC00AA6C45 /* AFURLConnectionOperation.m in Sources */,
				BAD2E8C71B2DAC9A00AA6C45 /* NSObject+MJKeyValue.m in Sources */,
				BAD2E88B1B2D92CC00AA6C45 /* AFHTTPRequestOperation.m in Sources */,
				BAD2E8C91B2DAC9A00AA6C45 /* NSString+MJExtension.m in Sources */,
				BAD2E8C61B2DAC9A00AA6C45 /* NSObject+MJCoding.m in Sources */,
				BAFC542A1B2EEC4700184B6B /* BKProfileSuggestionController.m in Sources */,
				BAFC54271B2EEC1400184B6B /* BKProfileJoinController.m in Sources */,
				BAD2E88D1B2D92CC00AA6C45 /* AFHTTPSessionManager.m in Sources */,
				BAD2E8961B2D92CC00AA6C45 /* MBProgressHUD.m in Sources */,
				BAD2E8911B2D92CC00AA6C45 /* AFURLRequestSerialization.m in Sources */,
				BA9BF3371B2C1A450073F660 /* BKProfileController.m in Sources */,
				BAD2E8931B2D92CC00AA6C45 /* AFURLSessionManager.m in Sources */,
				BAD2E8AA1B2D92CD00AA6C45 /* UIImage+GIF.m in Sources */,
				BA9BF3281B2C182B0073F660 /* BKTabBarController.m in Sources */,
				BAD2E8AE1B2D92CD00AA6C45 /* UIImageView+WebCache.m in Sources */,
				BAD2E8D81B2DC3E300AA6C45 /* BKCallTool.m in Sources */,
				BAD2E8A91B2D92CD00AA6C45 /* UIButton+WebCache.m in Sources */,
				BAD2E8C31B2DAC9A00AA6C45 /* MJFoundation.m in Sources */,
				BAD2E8D41B2DBC7400AA6C45 /* UIImage+ResizeExt.m in Sources */,
				BAD2E8A51B2D92CC00AA6C45 /* SDWebImageDownloader.m in Sources */,
				BAD2E8AC1B2D92CD00AA6C45 /* UIImage+WebP.m in Sources */,
				BAD2E8D51B2DBC7400AA6C45 /* UIView+ViewFrameExt.m in Sources */,
				BAD2E8D31B2DBC7400AA6C45 /* UIBarButtonItem+ButtonImageExt.m in Sources */,
				BAD2E8AB1B2D92CD00AA6C45 /* UIImage+MultiFormat.m in Sources */,
				BAD2E88C1B2D92CC00AA6C45 /* AFHTTPRequestOperationManager.m in Sources */,
				BA9BF3311B2C1A010073F660 /* BKGraceController.m in Sources */,
				BAFC54151B2ED1C200184B6B /* BKProfileItem.m in Sources */,
				BAD2E8941B2D92CC00AA6C45 /* MBProgressHUD+LY.m in Sources */,
				BAD2E8A31B2D92CC00AA6C45 /* SDWebImageCompat.m in Sources */,
				BAD2E8C81B2DAC9A00AA6C45 /* NSObject+MJProperty.m in Sources */,
				BAD2E8921B2D92CC00AA6C45 /* AFURLResponseSerialization.m in Sources */,
				BAD2E8A41B2D92CC00AA6C45 /* SDWebImageDecoder.m in Sources */,
				BAFC541E1B2EDD3F00184B6B /* BKProfileArrowItem.m in Sources */,
				BAFC54121B2ED14E00184B6B /* BKProfileCell.m in Sources */,
				BAD2E8A21B2D92CC00AA6C45 /* SDImageCache.m in Sources */,
				BAD2E8A01B2D92CC00AA6C45 /* MKAnnotationView+WebCache.m in Sources */,
				BAFC541B1B2EDD1F00184B6B /* BKProfileTextItem.m in Sources */,
				BA9BF32E1B2C199B0073F660 /* BKHomeController.m in Sources */,
				BA9BF2E81B2C14D30073F660 /* main.m in Sources */,
				BAD2E8C21B2DAC9A00AA6C45 /* MJConst.m in Sources */,
				BAFC54241B2EE2D400184B6B /* BKProfileAboutController.m in Sources */,
				BAD2E8A11B2D92CC00AA6C45 /* NSData+ImageContentType.m in Sources */,
				BAD2E8C51B2DAC9A00AA6C45 /* MJType.m in Sources */,
				BAD2E8D21B2DBC7400AA6C45 /* Foundation+Log.m in Sources */,
				BAD2E8AD1B2D92CD00AA6C45 /* UIImageView+HighlightedWebCache.m in Sources */,
				BAD2E83A1B2D926900AA6C45 /* BKHttpTool.m in Sources */,
				BAFC54181B2ED49D00184B6B /* BKProfileGroup.m in Sources */,
				BA9BF3341B2C1A320073F660 /* BKHotController.m in Sources */,
			);
			runOnlyForDeploymentPostprocessing = 0;
		};
		BA9BF2F71B2C14D40073F660 /* Sources */ = {
			isa = PBXSourcesBuildPhase;
			buildActionMask = 2147483647;
			files = (
				BA9BF3021B2C14D40073F660 /* BUKACHTests.m in Sources */,
			);
			runOnlyForDeploymentPostprocessing = 0;
		};
/* End PBXSourcesBuildPhase section */

/* Begin PBXTargetDependency section */
		BA9BF2FD1B2C14D40073F660 /* PBXTargetDependency */ = {
			isa = PBXTargetDependency;
			target = BA9BF2E11B2C14D30073F660 /* BUKACH */;
			targetProxy = BA9BF2FC1B2C14D40073F660 /* PBXContainerItemProxy */;
		};
/* End PBXTargetDependency section */

/* Begin XCBuildConfiguration section */
		BA9BF3031B2C14D40073F660 /* Debug */ = {
			isa = XCBuildConfiguration;
			buildSettings = {
				ALWAYS_SEARCH_USER_PATHS = NO;
				CLANG_CXX_LANGUAGE_STANDARD = "gnu++0x";
				CLANG_CXX_LIBRARY = "libc++";
				CLANG_ENABLE_MODULES = YES;
				CLANG_ENABLE_OBJC_ARC = YES;
				CLANG_WARN_BOOL_CONVERSION = YES;
				CLANG_WARN_CONSTANT_CONVERSION = YES;
				CLANG_WARN_DIRECT_OBJC_ISA_USAGE = YES_ERROR;
				CLANG_WARN_EMPTY_BODY = YES;
				CLANG_WARN_ENUM_CONVERSION = YES;
				CLANG_WARN_INT_CONVERSION = YES;
				CLANG_WARN_OBJC_ROOT_CLASS = YES_ERROR;
				CLANG_WARN_UNREACHABLE_CODE = YES;
				CLANG_WARN__DUPLICATE_METHOD_MATCH = YES;
				"CODE_SIGN_IDENTITY[sdk=iphoneos*]" = "iPhone Developer";
				COPY_PHASE_STRIP = NO;
				DEBUG_INFORMATION_FORMAT = "dwarf-with-dsym";
				ENABLE_STRICT_OBJC_MSGSEND = YES;
				GCC_C_LANGUAGE_STANDARD = gnu99;
				GCC_DYNAMIC_NO_PIC = NO;
				GCC_NO_COMMON_BLOCKS = YES;
				GCC_OPTIMIZATION_LEVEL = 0;
				GCC_PREFIX_HEADER = "$(SRCROOT)/BUKACH/bukachPrefix.pch";
				GCC_PREPROCESSOR_DEFINITIONS = (
					"DEBUG=1",
					"$(inherited)",
				);
				GCC_SYMBOLS_PRIVATE_EXTERN = NO;
				GCC_WARN_64_TO_32_BIT_CONVERSION = YES;
				GCC_WARN_ABOUT_RETURN_TYPE = YES_ERROR;
				GCC_WARN_UNDECLARED_SELECTOR = YES;
				GCC_WARN_UNINITIALIZED_AUTOS = YES_AGGRESSIVE;
				GCC_WARN_UNUSED_FUNCTION = YES;
				GCC_WARN_UNUSED_VARIABLE = YES;
				IPHONEOS_DEPLOYMENT_TARGET = 8.3;
				MTL_ENABLE_DEBUG_INFO = YES;
				ONLY_ACTIVE_ARCH = YES;
				SDKROOT = iphoneos;
				TARGETED_DEVICE_FAMILY = "1,2";
			};
			name = Debug;
		};
		BA9BF3041B2C14D40073F660 /* Release */ = {
			isa = XCBuildConfiguration;
			buildSettings = {
				ALWAYS_SEARCH_USER_PATHS = NO;
				CLANG_CXX_LANGUAGE_STANDARD = "gnu++0x";
				CLANG_CXX_LIBRARY = "libc++";
				CLANG_ENABLE_MODULES = YES;
				CLANG_ENABLE_OBJC_ARC = YES;
				CLANG_WARN_BOOL_CONVERSION = YES;
				CLANG_WARN_CONSTANT_CONVERSION = YES;
				CLANG_WARN_DIRECT_OBJC_ISA_USAGE = YES_ERROR;
				CLANG_WARN_EMPTY_BODY = YES;
				CLANG_WARN_ENUM_CONVERSION = YES;
				CLANG_WARN_INT_CONVERSION = YES;
				CLANG_WARN_OBJC_ROOT_CLASS = YES_ERROR;
				CLANG_WARN_UNREACHABLE_CODE = YES;
				CLANG_WARN__DUPLICATE_METHOD_MATCH = YES;
				"CODE_SIGN_IDENTITY[sdk=iphoneos*]" = "iPhone Developer";
				COPY_PHASE_STRIP = NO;
				DEBUG_INFORMATION_FORMAT = "dwarf-with-dsym";
				ENABLE_NS_ASSERTIONS = NO;
				ENABLE_STRICT_OBJC_MSGSEND = YES;
				GCC_C_LANGUAGE_STANDARD = gnu99;
				GCC_NO_COMMON_BLOCKS = YES;
				GCC_PREFIX_HEADER = "$(SRCROOT)/BUKACH/bukachPrefix.pch";
				GCC_WARN_64_TO_32_BIT_CONVERSION = YES;
				GCC_WARN_ABOUT_RETURN_TYPE = YES_ERROR;
				GCC_WARN_UNDECLARED_SELECTOR = YES;
				GCC_WARN_UNINITIALIZED_AUTOS = YES_AGGRESSIVE;
				GCC_WARN_UNUSED_FUNCTION = YES;
				GCC_WARN_UNUSED_VARIABLE = YES;
				IPHONEOS_DEPLOYMENT_TARGET = 8.3;
				MTL_ENABLE_DEBUG_INFO = NO;
				SDKROOT = iphoneos;
				TARGETED_DEVICE_FAMILY = "1,2";
				VALIDATE_PRODUCT = YES;
			};
			name = Release;
		};
		BA9BF3061B2C14D40073F660 /* Debug */ = {
			isa = XCBuildConfiguration;
			buildSettings = {
				ASSETCATALOG_COMPILER_APPICON_NAME = AppIcon;
				INFOPLIST_FILE = BUKACH/Info.plist;
				LD_RUNPATH_SEARCH_PATHS = "$(inherited) @executable_path/Frameworks";
				PRODUCT_NAME = "$(TARGET_NAME)";
			};
			name = Debug;
		};
		BA9BF3071B2C14D40073F660 /* Release */ = {
			isa = XCBuildConfiguration;
			buildSettings = {
				ASSETCATALOG_COMPILER_APPICON_NAME = AppIcon;
				INFOPLIST_FILE = BUKACH/Info.plist;
				LD_RUNPATH_SEARCH_PATHS = "$(inherited) @executable_path/Frameworks";
				PRODUCT_NAME = "$(TARGET_NAME)";
			};
			name = Release;
		};
		BA9BF3091B2C14D40073F660 /* Debug */ = {
			isa = XCBuildConfiguration;
			buildSettings = {
				BUNDLE_LOADER = "$(TEST_HOST)";
				FRAMEWORK_SEARCH_PATHS = (
					"$(SDKROOT)/Developer/Library/Frameworks",
					"$(inherited)",
				);
				GCC_PREPROCESSOR_DEFINITIONS = (
					"DEBUG=1",
					"$(inherited)",
				);
				INFOPLIST_FILE = BUKACHTests/Info.plist;
				LD_RUNPATH_SEARCH_PATHS = "$(inherited) @executable_path/Frameworks @loader_path/Frameworks";
				PRODUCT_NAME = "$(TARGET_NAME)";
				TEST_HOST = "$(BUILT_PRODUCTS_DIR)/BUKACH.app/BUKACH";
			};
			name = Debug;
		};
		BA9BF30A1B2C14D40073F660 /* Release */ = {
			isa = XCBuildConfiguration;
			buildSettings = {
				BUNDLE_LOADER = "$(TEST_HOST)";
				FRAMEWORK_SEARCH_PATHS = (
					"$(SDKROOT)/Developer/Library/Frameworks",
					"$(inherited)",
				);
				INFOPLIST_FILE = BUKACHTests/Info.plist;
				LD_RUNPATH_SEARCH_PATHS = "$(inherited) @executable_path/Frameworks @loader_path/Frameworks";
				PRODUCT_NAME = "$(TARGET_NAME)";
				TEST_HOST = "$(BUILT_PRODUCTS_DIR)/BUKACH.app/BUKACH";
			};
			name = Release;
		};
/* End XCBuildConfiguration section */

/* Begin XCConfigurationList section */
		BA9BF2DD1B2C14D30073F660 /* Build configuration list for PBXProject "BUKACH" */ = {
			isa = XCConfigurationList;
			buildConfigurations = (
				BA9BF3031B2C14D40073F660 /* Debug */,
				BA9BF3041B2C14D40073F660 /* Release */,
			);
			defaultConfigurationIsVisible = 0;
			defaultConfigurationName = Release;
		};
		BA9BF3051B2C14D40073F660 /* Build configuration list for PBXNativeTarget "BUKACH" */ = {
			isa = XCConfigurationList;
			buildConfigurations = (
				BA9BF3061B2C14D40073F660 /* Debug */,
				BA9BF3071B2C14D40073F660 /* Release */,
			);
			defaultConfigurationIsVisible = 0;
			defaultConfigurationName = Release;
		};
		BA9BF3081B2C14D40073F660 /* Build configuration list for PBXNativeTarget "BUKACHTests" */ = {
			isa = XCConfigurationList;
			buildConfigurations = (
				BA9BF3091B2C14D40073F660 /* Debug */,
				BA9BF30A1B2C14D40073F660 /* Release */,
			);
			defaultConfigurationIsVisible = 0;
			defaultConfigurationName = Release;
		};
/* End XCConfigurationList section */
	};
	rootObject = BA9BF2DA1B2C14D30073F660 /* Project object */;
}
